// !$*UTF8*$!
{
	archiveVersion = 1;
	classes = {
	};
	objectVersion = 56;
	objects = {

/* Begin PBXBuildFile section */
		093AF9482BE81C71009FF44D /* AppDelegate.swift in Sources */ = {isa = PBXBuildFile; fileRef = 093AF8B92BE81C71009FF44D /* AppDelegate.swift */; };
		093AF9492BE81C71009FF44D /* SceneDelegate.swift in Sources */ = {isa = PBXBuildFile; fileRef = 093AF8BA2BE81C71009FF44D /* SceneDelegate.swift */; };
		093AF94A2BE81C71009FF44D /* ActivityIndicator.swift in Sources */ = {isa = PBXBuildFile; fileRef = 093AF8BC2BE81C71009FF44D /* ActivityIndicator.swift */; };
		093AF94B2BE81C71009FF44D /* Alert.swift in Sources */ = {isa = PBXBuildFile; fileRef = 093AF8BD2BE81C71009FF44D /* Alert.swift */; };
		093AF94C2BE81C71009FF44D /* AlertActionSheet.swift in Sources */ = {isa = PBXBuildFile; fileRef = 093AF8BE2BE81C71009FF44D /* AlertActionSheet.swift */; };
		093AF94D2BE81C71009FF44D /* APIKeyStorage.swift in Sources */ = {isa = PBXBuildFile; fileRef = 093AF8BF2BE81C71009FF44D /* APIKeyStorage.swift */; };
		093AF94E2BE81C71009FF44D /* Array.swift in Sources */ = {isa = PBXBuildFile; fileRef = 093AF8C02BE81C71009FF44D /* Array.swift */; };
		093AF94F2BE81C71009FF44D /* AuthTextField.swift in Sources */ = {isa = PBXBuildFile; fileRef = 093AF8C12BE81C71009FF44D /* AuthTextField.swift */; };
		093AF9502BE81C71009FF44D /* CustomNavBar.swift in Sources */ = {isa = PBXBuildFile; fileRef = 093AF8C22BE81C71009FF44D /* CustomNavBar.swift */; };
		093AF9512BE81C71009FF44D /* Font.swift in Sources */ = {isa = PBXBuildFile; fileRef = 093AF8C32BE81C71009FF44D /* Font.swift */; };
		093AF9522BE81C71009FF44D /* ImagePicker.swift in Sources */ = {isa = PBXBuildFile; fileRef = 093AF8C42BE81C71009FF44D /* ImagePicker.swift */; };
		093AF9532BE81C71009FF44D /* LayoutConstans.swift in Sources */ = {isa = PBXBuildFile; fileRef = 093AF8C52BE81C71009FF44D /* LayoutConstans.swift */; };
		093AF9542BE81C71009FF44D /* Localized.swift in Sources */ = {isa = PBXBuildFile; fileRef = 093AF8C62BE81C71009FF44D /* Localized.swift */; };
		093AF9552BE81C71009FF44D /* ProfileTextField.swift in Sources */ = {isa = PBXBuildFile; fileRef = 093AF8C72BE81C71009FF44D /* ProfileTextField.swift */; };
		093AF9562BE81C71009FF44D /* Reusable.swift in Sources */ = {isa = PBXBuildFile; fileRef = 093AF8C82BE81C71009FF44D /* Reusable.swift */; };
		093AF9572BE81C71009FF44D /* RoundedBottomView.swift in Sources */ = {isa = PBXBuildFile; fileRef = 093AF8C92BE81C71009FF44D /* RoundedBottomView.swift */; };
		093AF9582BE81C71009FF44D /* TabBarController ++.swift in Sources */ = {isa = PBXBuildFile; fileRef = 093AF8CA2BE81C71009FF44D /* TabBarController ++.swift */; };
		093AF9592BE81C71009FF44D /* UIColor Dark.swift in Sources */ = {isa = PBXBuildFile; fileRef = 093AF8CB2BE81C71009FF44D /* UIColor Dark.swift */; };
		093AF95A2BE81C71009FF44D /* UIResponder.swift in Sources */ = {isa = PBXBuildFile; fileRef = 093AF8CC2BE81C71009FF44D /* UIResponder.swift */; };
		093AF95B2BE81C71009FF44D /* UIView ++.swift in Sources */ = {isa = PBXBuildFile; fileRef = 093AF8CD2BE81C71009FF44D /* UIView ++.swift */; };
		093AF95C2BE81C71009FF44D /* AppCoordinator.swift in Sources */ = {isa = PBXBuildFile; fileRef = 093AF8CF2BE81C71009FF44D /* AppCoordinator.swift */; };
		093AF95D2BE81C71009FF44D /* AuthorizationCoordinator.swift in Sources */ = {isa = PBXBuildFile; fileRef = 093AF8D02BE81C71009FF44D /* AuthorizationCoordinator.swift */; };
		093AF95E2BE81C71009FF44D /* InfoFilterCoordinator.swift in Sources */ = {isa = PBXBuildFile; fileRef = 093AF8D12BE81C71009FF44D /* InfoFilterCoordinator.swift */; };
		093AF95F2BE81C71009FF44D /* InfoLocationCoordinator.swift in Sources */ = {isa = PBXBuildFile; fileRef = 093AF8D22BE81C71009FF44D /* InfoLocationCoordinator.swift */; };
		093AF9602BE81C71009FF44D /* MainScreenCoordinator.swift in Sources */ = {isa = PBXBuildFile; fileRef = 093AF8D32BE81C71009FF44D /* MainScreenCoordinator.swift */; };
		093AF9612BE81C71009FF44D /* MapCoordinator.swift in Sources */ = {isa = PBXBuildFile; fileRef = 093AF8D42BE81C71009FF44D /* MapCoordinator.swift */; };
		093AF9622BE81C71009FF44D /* OnboardingCoordinator.swift in Sources */ = {isa = PBXBuildFile; fileRef = 093AF8D52BE81C71009FF44D /* OnboardingCoordinator.swift */; };
		093AF9632BE81C71009FF44D /* ProfileCoordinator.swift in Sources */ = {isa = PBXBuildFile; fileRef = 093AF8D62BE81C71009FF44D /* ProfileCoordinator.swift */; };
		093AF9642BE81C71009FF44D /* ProtocolCoordinator.swift in Sources */ = {isa = PBXBuildFile; fileRef = 093AF8D72BE81C71009FF44D /* ProtocolCoordinator.swift */; };
		093AF9652BE81C71009FF44D /* TabBarCoordinator.swift in Sources */ = {isa = PBXBuildFile; fileRef = 093AF8D82BE81C71009FF44D /* TabBarCoordinator.swift */; };
		093AF9682BE81C71009FF44D /* LocationModel.swift in Sources */ = {isa = PBXBuildFile; fileRef = 093AF8DD2BE81C71009FF44D /* LocationModel.swift */; };
		093AF9692BE81C71009FF44D /* ProfileModel.swift in Sources */ = {isa = PBXBuildFile; fileRef = 093AF8DE2BE81C71009FF44D /* ProfileModel.swift */; };
		093AF96A2BE81C71009FF44D /* CoreNetworkManager.swift in Sources */ = {isa = PBXBuildFile; fileRef = 093AF8E02BE81C71009FF44D /* CoreNetworkManager.swift */; };
		093AF96B2BE81C71009FF44D /* EnterPoint.swift in Sources */ = {isa = PBXBuildFile; fileRef = 093AF8E12BE81C71009FF44D /* EnterPoint.swift */; };
		093AF96C2BE81C71009FF44D /* ImageDownloader.swift in Sources */ = {isa = PBXBuildFile; fileRef = 093AF8E22BE81C71009FF44D /* ImageDownloader.swift */; };
		093AF96D2BE81C71009FF44D /* Mapper.swift in Sources */ = {isa = PBXBuildFile; fileRef = 093AF8E32BE81C71009FF44D /* Mapper.swift */; };
		093AF96E2BE81C71009FF44D /* NetworkError.swift in Sources */ = {isa = PBXBuildFile; fileRef = 093AF8E42BE81C71009FF44D /* NetworkError.swift */; };
		093AF96F2BE81C71009FF44D /* NetworkManager.swift in Sources */ = {isa = PBXBuildFile; fileRef = 093AF8E52BE81C71009FF44D /* NetworkManager.swift */; };
		093AF9702BE81C71009FF44D /* AuthorizationView.swift in Sources */ = {isa = PBXBuildFile; fileRef = 093AF8E72BE81C71009FF44D /* AuthorizationView.swift */; };
		093AF9712BE81C71009FF44D /* AuthorizationViewController.swift in Sources */ = {isa = PBXBuildFile; fileRef = 093AF8E82BE81C71009FF44D /* AuthorizationViewController.swift */; };
		093AF9722BE81C71009FF44D /* AuthorizationViewModel.swift in Sources */ = {isa = PBXBuildFile; fileRef = 093AF8E92BE81C71009FF44D /* AuthorizationViewModel.swift */; };
		093AF9732BE81C71009FF44D /* User.swift in Sources */ = {isa = PBXBuildFile; fileRef = 093AF8EA2BE81C71009FF44D /* User.swift */; };
		093AF9742BE81C71009FF44D /* InfoFilterView.swift in Sources */ = {isa = PBXBuildFile; fileRef = 093AF8EC2BE81C71009FF44D /* InfoFilterView.swift */; };
		093AF9752BE81C71009FF44D /* InfoViewCell.swift in Sources */ = {isa = PBXBuildFile; fileRef = 093AF8ED2BE81C71009FF44D /* InfoViewCell.swift */; };
		093AF9762BE81C71009FF44D /* InfoViewCellFilter.swift in Sources */ = {isa = PBXBuildFile; fileRef = 093AF8EE2BE81C71009FF44D /* InfoViewCellFilter.swift */; };
		093AF9772BE81C71009FF44D /* InfoViewHeader.swift in Sources */ = {isa = PBXBuildFile; fileRef = 093AF8EF2BE81C71009FF44D /* InfoViewHeader.swift */; };
		093AF9782BE81C71009FF44D /* InfoFilterController.swift in Sources */ = {isa = PBXBuildFile; fileRef = 093AF8F12BE81C71009FF44D /* InfoFilterController.swift */; };
		093AF9792BE81C71009FF44D /* InfoFilterModel.swift in Sources */ = {isa = PBXBuildFile; fileRef = 093AF8F22BE81C71009FF44D /* InfoFilterModel.swift */; };
		093AF97A2BE81C71009FF44D /* InfoLocationController.swift in Sources */ = {isa = PBXBuildFile; fileRef = 093AF8F42BE81C71009FF44D /* InfoLocationController.swift */; };
		093AF97B2BE81C71009FF44D /* InfoLocationModel.swift in Sources */ = {isa = PBXBuildFile; fileRef = 093AF8F52BE81C71009FF44D /* InfoLocationModel.swift */; };
		093AF97C2BE81C71009FF44D /* LocationUIModel.swift in Sources */ = {isa = PBXBuildFile; fileRef = 093AF8F72BE81C71009FF44D /* LocationUIModel.swift */; };
		093AF97D2BE81C71009FF44D /* LocationApiService.swift in Sources */ = {isa = PBXBuildFile; fileRef = 093AF8F92BE81C71009FF44D /* LocationApiService.swift */; };
		093AF97E2BE81C71009FF44D /* MainScreenCollectionViewCell.swift in Sources */ = {isa = PBXBuildFile; fileRef = 093AF8FB2BE81C71009FF44D /* MainScreenCollectionViewCell.swift */; };
		093AF97F2BE81C71009FF44D /* MainScreenMenu.swift in Sources */ = {isa = PBXBuildFile; fileRef = 093AF8FC2BE81C71009FF44D /* MainScreenMenu.swift */; };
		093AF9802BE81C71009FF44D /* MainScreenView.swift in Sources */ = {isa = PBXBuildFile; fileRef = 093AF8FD2BE81C71009FF44D /* MainScreenView.swift */; };
		093AF9812BE81C71009FF44D /* MainScreenViewController.swift in Sources */ = {isa = PBXBuildFile; fileRef = 093AF8FE2BE81C71009FF44D /* MainScreenViewController.swift */; };
		093AF9822BE81C71009FF44D /* MainScreenViewModel.swift in Sources */ = {isa = PBXBuildFile; fileRef = 093AF8FF2BE81C71009FF44D /* MainScreenViewModel.swift */; };
		093AF9832BE81C71009FF44D /* PopupCollectionViewCell.swift in Sources */ = {isa = PBXBuildFile; fileRef = 093AF9012BE81C71009FF44D /* PopupCollectionViewCell.swift */; };
		093AF9842BE81C71009FF44D /* PopupMenu.swift in Sources */ = {isa = PBXBuildFile; fileRef = 093AF9022BE81C71009FF44D /* PopupMenu.swift */; };
		093AF9852BE81C71009FF44D /* PopupView.swift in Sources */ = {isa = PBXBuildFile; fileRef = 093AF9032BE81C71009FF44D /* PopupView.swift */; };
		093AF9862BE81C71009FF44D /* PopupViewController.swift in Sources */ = {isa = PBXBuildFile; fileRef = 093AF9042BE81C71009FF44D /* PopupViewController.swift */; };
		093AF9872BE81C71009FF44D /* FilterCategory.swift in Sources */ = {isa = PBXBuildFile; fileRef = 093AF9062BE81C71009FF44D /* FilterCategory.swift */; };
		093AF9882BE81C71009FF44D /* Filters.swift in Sources */ = {isa = PBXBuildFile; fileRef = 093AF9072BE81C71009FF44D /* Filters.swift */; };
		093AF9892BE81C71009FF44D /* FilterSettingsView.swift in Sources */ = {isa = PBXBuildFile; fileRef = 093AF9082BE81C71009FF44D /* FilterSettingsView.swift */; };
		093AF98A2BE81C71009FF44D /* FilterSettingsViewController.swift in Sources */ = {isa = PBXBuildFile; fileRef = 093AF9092BE81C71009FF44D /* FilterSettingsViewController.swift */; };
		093AF98B2BE81C71009FF44D /* FilterSettingsViewModel.swift in Sources */ = {isa = PBXBuildFile; fileRef = 093AF90A2BE81C71009FF44D /* FilterSettingsViewModel.swift */; };
		093AF98C2BE81C71009FF44D /* FiltersTableViewCell.swift in Sources */ = {isa = PBXBuildFile; fileRef = 093AF90B2BE81C71009FF44D /* FiltersTableViewCell.swift */; };
		093AF98D2BE81C71009FF44D /* SettingsTableViewCell.swift in Sources */ = {isa = PBXBuildFile; fileRef = 093AF90C2BE81C71009FF44D /* SettingsTableViewCell.swift */; };
		093AF98E2BE81C71009FF44D /* Coordinates.swift in Sources */ = {isa = PBXBuildFile; fileRef = 093AF90E2BE81C71009FF44D /* Coordinates.swift */; };
		093AF98F2BE81C71009FF44D /* MapCameraListener.swift in Sources */ = {isa = PBXBuildFile; fileRef = 093AF90F2BE81C71009FF44D /* MapCameraListener.swift */; };
		093AF9902BE81C71009FF44D /* MapObjectTapListener.swift in Sources */ = {isa = PBXBuildFile; fileRef = 093AF9102BE81C71009FF44D /* MapObjectTapListener.swift */; };
		093AF9912BE81C71009FF44D /* MapUIState.swift in Sources */ = {isa = PBXBuildFile; fileRef = 093AF9112BE81C71009FF44D /* MapUIState.swift */; };
		093AF9922BE81C71009FF44D /* MapView.swift in Sources */ = {isa = PBXBuildFile; fileRef = 093AF9122BE81C71009FF44D /* MapView.swift */; };
		093AF9932BE81C71009FF44D /* MapViewController.swift in Sources */ = {isa = PBXBuildFile; fileRef = 093AF9132BE81C71009FF44D /* MapViewController.swift */; };
		093AF9942BE81C71009FF44D /* MapViewModel.swift in Sources */ = {isa = PBXBuildFile; fileRef = 093AF9142BE81C71009FF44D /* MapViewModel.swift */; };
		093AF9952BE81C71009FF44D /* SuggestItem.swift in Sources */ = {isa = PBXBuildFile; fileRef = 093AF9152BE81C71009FF44D /* SuggestItem.swift */; };
		093AF9962BE81C71009FF44D /* OnboardingSlide.swift in Sources */ = {isa = PBXBuildFile; fileRef = 093AF9172BE81C71009FF44D /* OnboardingSlide.swift */; };
		093AF9972BE81C71009FF44D /* OnboardingViewController.swift in Sources */ = {isa = PBXBuildFile; fileRef = 093AF9182BE81C71009FF44D /* OnboardingViewController.swift */; };
		093AF9982BE81C71009FF44D /* OnboardingViewModel.swift in Sources */ = {isa = PBXBuildFile; fileRef = 093AF9192BE81C71009FF44D /* OnboardingViewModel.swift */; };
		093AF9992BE81C71009FF44D /* Slide.swift in Sources */ = {isa = PBXBuildFile; fileRef = 093AF91A2BE81C71009FF44D /* Slide.swift */; };
		093AF99A2BE81C71009FF44D /* AboutAppViewController.swift in Sources */ = {isa = PBXBuildFile; fileRef = 093AF91C2BE81C71009FF44D /* AboutAppViewController.swift */; };
		093AF99B2BE81C71009FF44D /* ContractOfferViewController.swift in Sources */ = {isa = PBXBuildFile; fileRef = 093AF91E2BE81C71009FF44D /* ContractOfferViewController.swift */; };
		093AF99C2BE81C71009FF44D /* ProfileEditScreenViewController.swift in Sources */ = {isa = PBXBuildFile; fileRef = 093AF9202BE81C71009FF44D /* ProfileEditScreenViewController.swift */; };
		093AF99D2BE81C71009FF44D /* ProfileUIModel.swift in Sources */ = {isa = PBXBuildFile; fileRef = 093AF9222BE81C71009FF44D /* ProfileUIModel.swift */; };
		093AF99E2BE81C71009FF44D /* ProfileAPIService.swift in Sources */ = {isa = PBXBuildFile; fileRef = 093AF9242BE81C71009FF44D /* ProfileAPIService.swift */; };
		093AF99F2BE81C71009FF44D /* NotificationViewController.swift in Sources */ = {isa = PBXBuildFile; fileRef = 093AF9262BE81C71009FF44D /* NotificationViewController.swift */; };
		093AF9A02BE81C71009FF44D /* BannerProfileCell.swift in Sources */ = {isa = PBXBuildFile; fileRef = 093AF9282BE81C71009FF44D /* BannerProfileCell.swift */; };
		093AF9A12BE81C71009FF44D /* ButtonsProfileCell.swift in Sources */ = {isa = PBXBuildFile; fileRef = 093AF9292BE81C71009FF44D /* ButtonsProfileCell.swift */; };
		093AF9A22BE81C71009FF44D /* ProfileHeaderView.swift in Sources */ = {isa = PBXBuildFile; fileRef = 093AF92A2BE81C71009FF44D /* ProfileHeaderView.swift */; };
		093AF9A32BE81C71009FF44D /* ProfileViewController.swift in Sources */ = {isa = PBXBuildFile; fileRef = 093AF92C2BE81C71009FF44D /* ProfileViewController.swift */; };
		093AF9A42BE81C71009FF44D /* ProfileViewModel.swift in Sources */ = {isa = PBXBuildFile; fileRef = 093AF92D2BE81C71009FF44D /* ProfileViewModel.swift */; };
		093AF9A52BE81C71009FF44D /* SupportViewController.swift in Sources */ = {isa = PBXBuildFile; fileRef = 093AF92F2BE81C71009FF44D /* SupportViewController.swift */; };
		093AF9A62BE81C71009FF44D /* AuthorizationError.swift in Sources */ = {isa = PBXBuildFile; fileRef = 093AF9332BE81C71009FF44D /* AuthorizationError.swift */; };
		093AF9A72BE81C71009FF44D /* AuthorizationService.swift in Sources */ = {isa = PBXBuildFile; fileRef = 093AF9342BE81C71009FF44D /* AuthorizationService.swift */; };
		093AF9A82BE81C71009FF44D /* CoreDataService.swift in Sources */ = {isa = PBXBuildFile; fileRef = 093AF9352BE81C71009FF44D /* CoreDataService.swift */; };
		093AF9A92BE81C71009FF44D /* KeychainService.swift in Sources */ = {isa = PBXBuildFile; fileRef = 093AF9362BE81C71009FF44D /* KeychainService.swift */; };
		093AF9AA2BE81C71009FF44D /* LocationService.swift in Sources */ = {isa = PBXBuildFile; fileRef = 093AF9372BE81C71009FF44D /* LocationService.swift */; };
		093AF9AB2BE81C71009FF44D /* LocationServiceError.swift in Sources */ = {isa = PBXBuildFile; fileRef = 093AF9382BE81C71009FF44D /* LocationServiceError.swift */; };
		093AF9AC2BE81C71009FF44D /* Assets.xcassets in Resources */ = {isa = PBXBuildFile; fileRef = 093AF93A2BE81C71009FF44D /* Assets.xcassets */; };
		093AF9AE2BE81C71009FF44D /* LaunchScreen.storyboard in Resources */ = {isa = PBXBuildFile; fileRef = 093AF93C2BE81C71009FF44D /* LaunchScreen.storyboard */; };
		093AF9B32BE81C71009FF44D /* UserModel.xcdatamodeld in Sources */ = {isa = PBXBuildFile; fileRef = 093AF9452BE81C71009FF44D /* UserModel.xcdatamodeld */; };
		093AF9B72BE81E46009FF44D /* Configurable.swift in Sources */ = {isa = PBXBuildFile; fileRef = 093AF9B62BE81E46009FF44D /* Configurable.swift */; };
		093AF9B92BE81EDF009FF44D /* Checkbox.swift in Sources */ = {isa = PBXBuildFile; fileRef = 093AF9B82BE81EDF009FF44D /* Checkbox.swift */; };
		093AF9BE2BE82097009FF44D /* Localizable.strings in Resources */ = {isa = PBXBuildFile; fileRef = 093AF9BC2BE82097009FF44D /* Localizable.strings */; };
		093AF9C22BE8210E009FF44D /* Localizable.stringsdict in Resources */ = {isa = PBXBuildFile; fileRef = 093AF9C02BE8210E009FF44D /* Localizable.stringsdict */; };
		09638DA82B3584B7005DF42D /* KeychainAccess in Frameworks */ = {isa = PBXBuildFile; productRef = 09638DA72B3584B7005DF42D /* KeychainAccess */; };
		C18983EA8E1D054C56264BBB /* Pods_Go_Mapping.framework in Frameworks */ = {isa = PBXBuildFile; fileRef = 64EE299811B0FFA265C55066 /* Pods_Go_Mapping.framework */; };
		CBF5AC992BA8831B0070602A /* SnapKit in Frameworks */ = {isa = PBXBuildFile; productRef = CBF5AC982BA8831B0070602A /* SnapKit */; };
/* End PBXBuildFile section */

/* Begin PBXFileReference section */
		093AF8B92BE81C71009FF44D /* AppDelegate.swift */ = {isa = PBXFileReference; fileEncoding = 4; lastKnownFileType = sourcecode.swift; path = AppDelegate.swift; sourceTree = "<group>"; };
		093AF8BA2BE81C71009FF44D /* SceneDelegate.swift */ = {isa = PBXFileReference; fileEncoding = 4; lastKnownFileType = sourcecode.swift; path = SceneDelegate.swift; sourceTree = "<group>"; };
		093AF8BC2BE81C71009FF44D /* ActivityIndicator.swift */ = {isa = PBXFileReference; fileEncoding = 4; lastKnownFileType = sourcecode.swift; path = ActivityIndicator.swift; sourceTree = "<group>"; };
		093AF8BD2BE81C71009FF44D /* Alert.swift */ = {isa = PBXFileReference; fileEncoding = 4; lastKnownFileType = sourcecode.swift; path = Alert.swift; sourceTree = "<group>"; };
		093AF8BE2BE81C71009FF44D /* AlertActionSheet.swift */ = {isa = PBXFileReference; fileEncoding = 4; lastKnownFileType = sourcecode.swift; path = AlertActionSheet.swift; sourceTree = "<group>"; };
		093AF8BF2BE81C71009FF44D /* APIKeyStorage.swift */ = {isa = PBXFileReference; fileEncoding = 4; lastKnownFileType = sourcecode.swift; path = APIKeyStorage.swift; sourceTree = "<group>"; };
		093AF8C02BE81C71009FF44D /* Array.swift */ = {isa = PBXFileReference; fileEncoding = 4; lastKnownFileType = sourcecode.swift; path = Array.swift; sourceTree = "<group>"; };
		093AF8C12BE81C71009FF44D /* AuthTextField.swift */ = {isa = PBXFileReference; fileEncoding = 4; lastKnownFileType = sourcecode.swift; path = AuthTextField.swift; sourceTree = "<group>"; };
		093AF8C22BE81C71009FF44D /* CustomNavBar.swift */ = {isa = PBXFileReference; fileEncoding = 4; lastKnownFileType = sourcecode.swift; path = CustomNavBar.swift; sourceTree = "<group>"; };
		093AF8C32BE81C71009FF44D /* Font.swift */ = {isa = PBXFileReference; fileEncoding = 4; lastKnownFileType = sourcecode.swift; path = Font.swift; sourceTree = "<group>"; };
		093AF8C42BE81C71009FF44D /* ImagePicker.swift */ = {isa = PBXFileReference; fileEncoding = 4; lastKnownFileType = sourcecode.swift; path = ImagePicker.swift; sourceTree = "<group>"; };
		093AF8C52BE81C71009FF44D /* LayoutConstans.swift */ = {isa = PBXFileReference; fileEncoding = 4; lastKnownFileType = sourcecode.swift; path = LayoutConstans.swift; sourceTree = "<group>"; };
		093AF8C62BE81C71009FF44D /* Localized.swift */ = {isa = PBXFileReference; fileEncoding = 4; lastKnownFileType = sourcecode.swift; path = Localized.swift; sourceTree = "<group>"; };
		093AF8C72BE81C71009FF44D /* ProfileTextField.swift */ = {isa = PBXFileReference; fileEncoding = 4; lastKnownFileType = sourcecode.swift; path = ProfileTextField.swift; sourceTree = "<group>"; };
		093AF8C82BE81C71009FF44D /* Reusable.swift */ = {isa = PBXFileReference; fileEncoding = 4; lastKnownFileType = sourcecode.swift; path = Reusable.swift; sourceTree = "<group>"; };
		093AF8C92BE81C71009FF44D /* RoundedBottomView.swift */ = {isa = PBXFileReference; fileEncoding = 4; lastKnownFileType = sourcecode.swift; path = RoundedBottomView.swift; sourceTree = "<group>"; };
		093AF8CA2BE81C71009FF44D /* TabBarController ++.swift */ = {isa = PBXFileReference; fileEncoding = 4; lastKnownFileType = sourcecode.swift; path = "TabBarController ++.swift"; sourceTree = "<group>"; };
		093AF8CB2BE81C71009FF44D /* UIColor Dark.swift */ = {isa = PBXFileReference; fileEncoding = 4; lastKnownFileType = sourcecode.swift; path = "UIColor Dark.swift"; sourceTree = "<group>"; };
		093AF8CC2BE81C71009FF44D /* UIResponder.swift */ = {isa = PBXFileReference; fileEncoding = 4; lastKnownFileType = sourcecode.swift; path = UIResponder.swift; sourceTree = "<group>"; };
		093AF8CD2BE81C71009FF44D /* UIView ++.swift */ = {isa = PBXFileReference; fileEncoding = 4; lastKnownFileType = sourcecode.swift; path = "UIView ++.swift"; sourceTree = "<group>"; };
		093AF8CF2BE81C71009FF44D /* AppCoordinator.swift */ = {isa = PBXFileReference; fileEncoding = 4; lastKnownFileType = sourcecode.swift; path = AppCoordinator.swift; sourceTree = "<group>"; };
		093AF8D02BE81C71009FF44D /* AuthorizationCoordinator.swift */ = {isa = PBXFileReference; fileEncoding = 4; lastKnownFileType = sourcecode.swift; path = AuthorizationCoordinator.swift; sourceTree = "<group>"; };
		093AF8D12BE81C71009FF44D /* InfoFilterCoordinator.swift */ = {isa = PBXFileReference; fileEncoding = 4; lastKnownFileType = sourcecode.swift; path = InfoFilterCoordinator.swift; sourceTree = "<group>"; };
		093AF8D22BE81C71009FF44D /* InfoLocationCoordinator.swift */ = {isa = PBXFileReference; fileEncoding = 4; lastKnownFileType = sourcecode.swift; path = InfoLocationCoordinator.swift; sourceTree = "<group>"; };
		093AF8D32BE81C71009FF44D /* MainScreenCoordinator.swift */ = {isa = PBXFileReference; fileEncoding = 4; lastKnownFileType = sourcecode.swift; path = MainScreenCoordinator.swift; sourceTree = "<group>"; };
		093AF8D42BE81C71009FF44D /* MapCoordinator.swift */ = {isa = PBXFileReference; fileEncoding = 4; lastKnownFileType = sourcecode.swift; path = MapCoordinator.swift; sourceTree = "<group>"; };
		093AF8D52BE81C71009FF44D /* OnboardingCoordinator.swift */ = {isa = PBXFileReference; fileEncoding = 4; lastKnownFileType = sourcecode.swift; path = OnboardingCoordinator.swift; sourceTree = "<group>"; };
		093AF8D62BE81C71009FF44D /* ProfileCoordinator.swift */ = {isa = PBXFileReference; fileEncoding = 4; lastKnownFileType = sourcecode.swift; path = ProfileCoordinator.swift; sourceTree = "<group>"; };
		093AF8D72BE81C71009FF44D /* ProtocolCoordinator.swift */ = {isa = PBXFileReference; fileEncoding = 4; lastKnownFileType = sourcecode.swift; path = ProtocolCoordinator.swift; sourceTree = "<group>"; };
		093AF8D82BE81C71009FF44D /* TabBarCoordinator.swift */ = {isa = PBXFileReference; fileEncoding = 4; lastKnownFileType = sourcecode.swift; path = TabBarCoordinator.swift; sourceTree = "<group>"; };
		093AF8DD2BE81C71009FF44D /* LocationModel.swift */ = {isa = PBXFileReference; fileEncoding = 4; lastKnownFileType = sourcecode.swift; path = LocationModel.swift; sourceTree = "<group>"; };
		093AF8DE2BE81C71009FF44D /* ProfileModel.swift */ = {isa = PBXFileReference; fileEncoding = 4; lastKnownFileType = sourcecode.swift; path = ProfileModel.swift; sourceTree = "<group>"; };
		093AF8E02BE81C71009FF44D /* CoreNetworkManager.swift */ = {isa = PBXFileReference; fileEncoding = 4; lastKnownFileType = sourcecode.swift; path = CoreNetworkManager.swift; sourceTree = "<group>"; };
		093AF8E12BE81C71009FF44D /* EnterPoint.swift */ = {isa = PBXFileReference; fileEncoding = 4; lastKnownFileType = sourcecode.swift; path = EnterPoint.swift; sourceTree = "<group>"; };
		093AF8E22BE81C71009FF44D /* ImageDownloader.swift */ = {isa = PBXFileReference; fileEncoding = 4; lastKnownFileType = sourcecode.swift; path = ImageDownloader.swift; sourceTree = "<group>"; };
		093AF8E32BE81C71009FF44D /* Mapper.swift */ = {isa = PBXFileReference; fileEncoding = 4; lastKnownFileType = sourcecode.swift; path = Mapper.swift; sourceTree = "<group>"; };
		093AF8E42BE81C71009FF44D /* NetworkError.swift */ = {isa = PBXFileReference; fileEncoding = 4; lastKnownFileType = sourcecode.swift; path = NetworkError.swift; sourceTree = "<group>"; };
		093AF8E52BE81C71009FF44D /* NetworkManager.swift */ = {isa = PBXFileReference; fileEncoding = 4; lastKnownFileType = sourcecode.swift; path = NetworkManager.swift; sourceTree = "<group>"; };
		093AF8E72BE81C71009FF44D /* AuthorizationView.swift */ = {isa = PBXFileReference; fileEncoding = 4; lastKnownFileType = sourcecode.swift; path = AuthorizationView.swift; sourceTree = "<group>"; };
		093AF8E82BE81C71009FF44D /* AuthorizationViewController.swift */ = {isa = PBXFileReference; fileEncoding = 4; lastKnownFileType = sourcecode.swift; path = AuthorizationViewController.swift; sourceTree = "<group>"; };
		093AF8E92BE81C71009FF44D /* AuthorizationViewModel.swift */ = {isa = PBXFileReference; fileEncoding = 4; lastKnownFileType = sourcecode.swift; path = AuthorizationViewModel.swift; sourceTree = "<group>"; };
		093AF8EA2BE81C71009FF44D /* User.swift */ = {isa = PBXFileReference; fileEncoding = 4; lastKnownFileType = sourcecode.swift; path = User.swift; sourceTree = "<group>"; };
		093AF8EC2BE81C71009FF44D /* InfoFilterView.swift */ = {isa = PBXFileReference; fileEncoding = 4; lastKnownFileType = sourcecode.swift; path = InfoFilterView.swift; sourceTree = "<group>"; };
		093AF8ED2BE81C71009FF44D /* InfoViewCell.swift */ = {isa = PBXFileReference; fileEncoding = 4; lastKnownFileType = sourcecode.swift; path = InfoViewCell.swift; sourceTree = "<group>"; };
		093AF8EE2BE81C71009FF44D /* InfoViewCellFilter.swift */ = {isa = PBXFileReference; fileEncoding = 4; lastKnownFileType = sourcecode.swift; path = InfoViewCellFilter.swift; sourceTree = "<group>"; };
		093AF8EF2BE81C71009FF44D /* InfoViewHeader.swift */ = {isa = PBXFileReference; fileEncoding = 4; lastKnownFileType = sourcecode.swift; path = InfoViewHeader.swift; sourceTree = "<group>"; };
		093AF8F12BE81C71009FF44D /* InfoFilterController.swift */ = {isa = PBXFileReference; fileEncoding = 4; lastKnownFileType = sourcecode.swift; path = InfoFilterController.swift; sourceTree = "<group>"; };
		093AF8F22BE81C71009FF44D /* InfoFilterModel.swift */ = {isa = PBXFileReference; fileEncoding = 4; lastKnownFileType = sourcecode.swift; path = InfoFilterModel.swift; sourceTree = "<group>"; };
		093AF8F42BE81C71009FF44D /* InfoLocationController.swift */ = {isa = PBXFileReference; fileEncoding = 4; lastKnownFileType = sourcecode.swift; path = InfoLocationController.swift; sourceTree = "<group>"; };
		093AF8F52BE81C71009FF44D /* InfoLocationModel.swift */ = {isa = PBXFileReference; fileEncoding = 4; lastKnownFileType = sourcecode.swift; path = InfoLocationModel.swift; sourceTree = "<group>"; };
		093AF8F72BE81C71009FF44D /* LocationUIModel.swift */ = {isa = PBXFileReference; fileEncoding = 4; lastKnownFileType = sourcecode.swift; path = LocationUIModel.swift; sourceTree = "<group>"; };
		093AF8F92BE81C71009FF44D /* LocationApiService.swift */ = {isa = PBXFileReference; fileEncoding = 4; lastKnownFileType = sourcecode.swift; path = LocationApiService.swift; sourceTree = "<group>"; };
		093AF8FB2BE81C71009FF44D /* MainScreenCollectionViewCell.swift */ = {isa = PBXFileReference; fileEncoding = 4; lastKnownFileType = sourcecode.swift; path = MainScreenCollectionViewCell.swift; sourceTree = "<group>"; };
		093AF8FC2BE81C71009FF44D /* MainScreenMenu.swift */ = {isa = PBXFileReference; fileEncoding = 4; lastKnownFileType = sourcecode.swift; path = MainScreenMenu.swift; sourceTree = "<group>"; };
		093AF8FD2BE81C71009FF44D /* MainScreenView.swift */ = {isa = PBXFileReference; fileEncoding = 4; lastKnownFileType = sourcecode.swift; path = MainScreenView.swift; sourceTree = "<group>"; };
		093AF8FE2BE81C71009FF44D /* MainScreenViewController.swift */ = {isa = PBXFileReference; fileEncoding = 4; lastKnownFileType = sourcecode.swift; path = MainScreenViewController.swift; sourceTree = "<group>"; };
		093AF8FF2BE81C71009FF44D /* MainScreenViewModel.swift */ = {isa = PBXFileReference; fileEncoding = 4; lastKnownFileType = sourcecode.swift; path = MainScreenViewModel.swift; sourceTree = "<group>"; };
		093AF9012BE81C71009FF44D /* PopupCollectionViewCell.swift */ = {isa = PBXFileReference; fileEncoding = 4; lastKnownFileType = sourcecode.swift; path = PopupCollectionViewCell.swift; sourceTree = "<group>"; };
		093AF9022BE81C71009FF44D /* PopupMenu.swift */ = {isa = PBXFileReference; fileEncoding = 4; lastKnownFileType = sourcecode.swift; path = PopupMenu.swift; sourceTree = "<group>"; };
		093AF9032BE81C71009FF44D /* PopupView.swift */ = {isa = PBXFileReference; fileEncoding = 4; lastKnownFileType = sourcecode.swift; path = PopupView.swift; sourceTree = "<group>"; };
		093AF9042BE81C71009FF44D /* PopupViewController.swift */ = {isa = PBXFileReference; fileEncoding = 4; lastKnownFileType = sourcecode.swift; path = PopupViewController.swift; sourceTree = "<group>"; };
		093AF9062BE81C71009FF44D /* FilterCategory.swift */ = {isa = PBXFileReference; fileEncoding = 4; lastKnownFileType = sourcecode.swift; path = FilterCategory.swift; sourceTree = "<group>"; };
		093AF9072BE81C71009FF44D /* Filters.swift */ = {isa = PBXFileReference; fileEncoding = 4; lastKnownFileType = sourcecode.swift; path = Filters.swift; sourceTree = "<group>"; };
		093AF9082BE81C71009FF44D /* FilterSettingsView.swift */ = {isa = PBXFileReference; fileEncoding = 4; lastKnownFileType = sourcecode.swift; path = FilterSettingsView.swift; sourceTree = "<group>"; };
		093AF9092BE81C71009FF44D /* FilterSettingsViewController.swift */ = {isa = PBXFileReference; fileEncoding = 4; lastKnownFileType = sourcecode.swift; path = FilterSettingsViewController.swift; sourceTree = "<group>"; };
		093AF90A2BE81C71009FF44D /* FilterSettingsViewModel.swift */ = {isa = PBXFileReference; fileEncoding = 4; lastKnownFileType = sourcecode.swift; path = FilterSettingsViewModel.swift; sourceTree = "<group>"; };
		093AF90B2BE81C71009FF44D /* FiltersTableViewCell.swift */ = {isa = PBXFileReference; fileEncoding = 4; lastKnownFileType = sourcecode.swift; path = FiltersTableViewCell.swift; sourceTree = "<group>"; };
		093AF90C2BE81C71009FF44D /* SettingsTableViewCell.swift */ = {isa = PBXFileReference; fileEncoding = 4; lastKnownFileType = sourcecode.swift; path = SettingsTableViewCell.swift; sourceTree = "<group>"; };
		093AF90E2BE81C71009FF44D /* Coordinates.swift */ = {isa = PBXFileReference; fileEncoding = 4; lastKnownFileType = sourcecode.swift; path = Coordinates.swift; sourceTree = "<group>"; };
		093AF90F2BE81C71009FF44D /* MapCameraListener.swift */ = {isa = PBXFileReference; fileEncoding = 4; lastKnownFileType = sourcecode.swift; path = MapCameraListener.swift; sourceTree = "<group>"; };
		093AF9102BE81C71009FF44D /* MapObjectTapListener.swift */ = {isa = PBXFileReference; fileEncoding = 4; lastKnownFileType = sourcecode.swift; path = MapObjectTapListener.swift; sourceTree = "<group>"; };
		093AF9112BE81C71009FF44D /* MapUIState.swift */ = {isa = PBXFileReference; fileEncoding = 4; lastKnownFileType = sourcecode.swift; path = MapUIState.swift; sourceTree = "<group>"; };
		093AF9122BE81C71009FF44D /* MapView.swift */ = {isa = PBXFileReference; fileEncoding = 4; lastKnownFileType = sourcecode.swift; path = MapView.swift; sourceTree = "<group>"; };
		093AF9132BE81C71009FF44D /* MapViewController.swift */ = {isa = PBXFileReference; fileEncoding = 4; lastKnownFileType = sourcecode.swift; path = MapViewController.swift; sourceTree = "<group>"; };
		093AF9142BE81C71009FF44D /* MapViewModel.swift */ = {isa = PBXFileReference; fileEncoding = 4; lastKnownFileType = sourcecode.swift; path = MapViewModel.swift; sourceTree = "<group>"; };
		093AF9152BE81C71009FF44D /* SuggestItem.swift */ = {isa = PBXFileReference; fileEncoding = 4; lastKnownFileType = sourcecode.swift; path = SuggestItem.swift; sourceTree = "<group>"; };
		093AF9172BE81C71009FF44D /* OnboardingSlide.swift */ = {isa = PBXFileReference; fileEncoding = 4; lastKnownFileType = sourcecode.swift; path = OnboardingSlide.swift; sourceTree = "<group>"; };
		093AF9182BE81C71009FF44D /* OnboardingViewController.swift */ = {isa = PBXFileReference; fileEncoding = 4; lastKnownFileType = sourcecode.swift; path = OnboardingViewController.swift; sourceTree = "<group>"; };
		093AF9192BE81C71009FF44D /* OnboardingViewModel.swift */ = {isa = PBXFileReference; fileEncoding = 4; lastKnownFileType = sourcecode.swift; path = OnboardingViewModel.swift; sourceTree = "<group>"; };
		093AF91A2BE81C71009FF44D /* Slide.swift */ = {isa = PBXFileReference; fileEncoding = 4; lastKnownFileType = sourcecode.swift; path = Slide.swift; sourceTree = "<group>"; };
		093AF91C2BE81C71009FF44D /* AboutAppViewController.swift */ = {isa = PBXFileReference; fileEncoding = 4; lastKnownFileType = sourcecode.swift; path = AboutAppViewController.swift; sourceTree = "<group>"; };
		093AF91E2BE81C71009FF44D /* ContractOfferViewController.swift */ = {isa = PBXFileReference; fileEncoding = 4; lastKnownFileType = sourcecode.swift; path = ContractOfferViewController.swift; sourceTree = "<group>"; };
		093AF9202BE81C71009FF44D /* ProfileEditScreenViewController.swift */ = {isa = PBXFileReference; fileEncoding = 4; lastKnownFileType = sourcecode.swift; path = ProfileEditScreenViewController.swift; sourceTree = "<group>"; };
		093AF9222BE81C71009FF44D /* ProfileUIModel.swift */ = {isa = PBXFileReference; fileEncoding = 4; lastKnownFileType = sourcecode.swift; path = ProfileUIModel.swift; sourceTree = "<group>"; };
		093AF9242BE81C71009FF44D /* ProfileAPIService.swift */ = {isa = PBXFileReference; fileEncoding = 4; lastKnownFileType = sourcecode.swift; path = ProfileAPIService.swift; sourceTree = "<group>"; };
		093AF9262BE81C71009FF44D /* NotificationViewController.swift */ = {isa = PBXFileReference; fileEncoding = 4; lastKnownFileType = sourcecode.swift; path = NotificationViewController.swift; sourceTree = "<group>"; };
		093AF9282BE81C71009FF44D /* BannerProfileCell.swift */ = {isa = PBXFileReference; fileEncoding = 4; lastKnownFileType = sourcecode.swift; path = BannerProfileCell.swift; sourceTree = "<group>"; };
		093AF9292BE81C71009FF44D /* ButtonsProfileCell.swift */ = {isa = PBXFileReference; fileEncoding = 4; lastKnownFileType = sourcecode.swift; path = ButtonsProfileCell.swift; sourceTree = "<group>"; };
		093AF92A2BE81C71009FF44D /* ProfileHeaderView.swift */ = {isa = PBXFileReference; fileEncoding = 4; lastKnownFileType = sourcecode.swift; path = ProfileHeaderView.swift; sourceTree = "<group>"; };
		093AF92C2BE81C71009FF44D /* ProfileViewController.swift */ = {isa = PBXFileReference; fileEncoding = 4; lastKnownFileType = sourcecode.swift; path = ProfileViewController.swift; sourceTree = "<group>"; };
		093AF92D2BE81C71009FF44D /* ProfileViewModel.swift */ = {isa = PBXFileReference; fileEncoding = 4; lastKnownFileType = sourcecode.swift; path = ProfileViewModel.swift; sourceTree = "<group>"; };
		093AF92F2BE81C71009FF44D /* SupportViewController.swift */ = {isa = PBXFileReference; fileEncoding = 4; lastKnownFileType = sourcecode.swift; path = SupportViewController.swift; sourceTree = "<group>"; };
		093AF9332BE81C71009FF44D /* AuthorizationError.swift */ = {isa = PBXFileReference; fileEncoding = 4; lastKnownFileType = sourcecode.swift; path = AuthorizationError.swift; sourceTree = "<group>"; };
		093AF9342BE81C71009FF44D /* AuthorizationService.swift */ = {isa = PBXFileReference; fileEncoding = 4; lastKnownFileType = sourcecode.swift; path = AuthorizationService.swift; sourceTree = "<group>"; };
		093AF9352BE81C71009FF44D /* CoreDataService.swift */ = {isa = PBXFileReference; fileEncoding = 4; lastKnownFileType = sourcecode.swift; path = CoreDataService.swift; sourceTree = "<group>"; };
		093AF9362BE81C71009FF44D /* KeychainService.swift */ = {isa = PBXFileReference; fileEncoding = 4; lastKnownFileType = sourcecode.swift; path = KeychainService.swift; sourceTree = "<group>"; };
		093AF9372BE81C71009FF44D /* LocationService.swift */ = {isa = PBXFileReference; fileEncoding = 4; lastKnownFileType = sourcecode.swift; path = LocationService.swift; sourceTree = "<group>"; };
		093AF9382BE81C71009FF44D /* LocationServiceError.swift */ = {isa = PBXFileReference; fileEncoding = 4; lastKnownFileType = sourcecode.swift; path = LocationServiceError.swift; sourceTree = "<group>"; };
		093AF93A2BE81C71009FF44D /* Assets.xcassets */ = {isa = PBXFileReference; lastKnownFileType = folder.assetcatalog; path = Assets.xcassets; sourceTree = "<group>"; };
		093AF93C2BE81C71009FF44D /* LaunchScreen.storyboard */ = {isa = PBXFileReference; fileEncoding = 4; lastKnownFileType = file.storyboard; path = LaunchScreen.storyboard; sourceTree = "<group>"; };
		093AF9472BE81C71009FF44D /* UserModel.xcdatamodel */ = {isa = PBXFileReference; lastKnownFileType = wrapper.xcdatamodel; path = UserModel.xcdatamodel; sourceTree = "<group>"; };
		093AF9B62BE81E46009FF44D /* Configurable.swift */ = {isa = PBXFileReference; lastKnownFileType = sourcecode.swift; path = Configurable.swift; sourceTree = "<group>"; };
		093AF9B82BE81EDF009FF44D /* Checkbox.swift */ = {isa = PBXFileReference; lastKnownFileType = sourcecode.swift; path = Checkbox.swift; sourceTree = "<group>"; };
		093AF9BD2BE82097009FF44D /* ru */ = {isa = PBXFileReference; lastKnownFileType = text.plist.strings; name = ru; path = ru.lproj/Localizable.strings; sourceTree = "<group>"; };
		093AF9BF2BE8209C009FF44D /* en */ = {isa = PBXFileReference; lastKnownFileType = text.plist.strings; name = en; path = en.lproj/Localizable.strings; sourceTree = "<group>"; };
		093AF9C12BE8210E009FF44D /* ru */ = {isa = PBXFileReference; lastKnownFileType = text.plist.stringsdict; name = ru; path = ru.lproj/Localizable.stringsdict; sourceTree = "<group>"; };
		093AF9C32BE82111009FF44D /* en */ = {isa = PBXFileReference; lastKnownFileType = text.plist.stringsdict; name = en; path = en.lproj/Localizable.stringsdict; sourceTree = "<group>"; };
		2E76A5AC7BA50D54A56A0578 /* Pods-Go Mapping.release.xcconfig */ = {isa = PBXFileReference; includeInIndex = 1; lastKnownFileType = text.xcconfig; name = "Pods-Go Mapping.release.xcconfig"; path = "Target Support Files/Pods-Go Mapping/Pods-Go Mapping.release.xcconfig"; sourceTree = "<group>"; };
		5ADDBD382B0FA23F00CFA9C3 /* Go Mapping.app */ = {isa = PBXFileReference; explicitFileType = wrapper.application; includeInIndex = 0; path = "Go Mapping.app"; sourceTree = BUILT_PRODUCTS_DIR; };
		64EE299811B0FFA265C55066 /* Pods_Go_Mapping.framework */ = {isa = PBXFileReference; explicitFileType = wrapper.framework; includeInIndex = 0; path = Pods_Go_Mapping.framework; sourceTree = BUILT_PRODUCTS_DIR; };
		6D5DBF145ECA2A819F25A4F7 /* Pods-mams.paps.debug.xcconfig */ = {isa = PBXFileReference; includeInIndex = 1; lastKnownFileType = text.xcconfig; name = "Pods-mams.paps.debug.xcconfig"; path = "Target Support Files/Pods-mams.paps/Pods-mams.paps.debug.xcconfig"; sourceTree = "<group>"; };
		C8CAD95D0CD61C58352A33C1 /* Pods-Go Mapping.debug.xcconfig */ = {isa = PBXFileReference; includeInIndex = 1; lastKnownFileType = text.xcconfig; name = "Pods-Go Mapping.debug.xcconfig"; path = "Target Support Files/Pods-Go Mapping/Pods-Go Mapping.debug.xcconfig"; sourceTree = "<group>"; };
		FB1647DA1C743054DEC78F29 /* Pods-mams.paps.release.xcconfig */ = {isa = PBXFileReference; includeInIndex = 1; lastKnownFileType = text.xcconfig; name = "Pods-mams.paps.release.xcconfig"; path = "Target Support Files/Pods-mams.paps/Pods-mams.paps.release.xcconfig"; sourceTree = "<group>"; };
/* End PBXFileReference section */

/* Begin PBXFrameworksBuildPhase section */
		5ADDBD352B0FA23F00CFA9C3 /* Frameworks */ = {
			isa = PBXFrameworksBuildPhase;
			buildActionMask = 2147483647;
			files = (
				CBF5AC992BA8831B0070602A /* SnapKit in Frameworks */,
				09638DA82B3584B7005DF42D /* KeychainAccess in Frameworks */,
				C18983EA8E1D054C56264BBB /* Pods_Go_Mapping.framework in Frameworks */,
			);
			runOnlyForDeploymentPostprocessing = 0;
		};
/* End PBXFrameworksBuildPhase section */

/* Begin PBXGroup section */
		093AF8BB2BE81C71009FF44D /* App */ = {
			isa = PBXGroup;
			children = (
				093AF8B92BE81C71009FF44D /* AppDelegate.swift */,
				093AF8BA2BE81C71009FF44D /* SceneDelegate.swift */,
			);
			path = App;
			sourceTree = "<group>";
		};
		093AF8CE2BE81C71009FF44D /* Common */ = {
			isa = PBXGroup;
			children = (
				093AF8BC2BE81C71009FF44D /* ActivityIndicator.swift */,
				093AF8BD2BE81C71009FF44D /* Alert.swift */,
				093AF8BE2BE81C71009FF44D /* AlertActionSheet.swift */,
				093AF8BF2BE81C71009FF44D /* APIKeyStorage.swift */,
				093AF8C02BE81C71009FF44D /* Array.swift */,
				093AF8C12BE81C71009FF44D /* AuthTextField.swift */,
				093AF8C22BE81C71009FF44D /* CustomNavBar.swift */,
				093AF8C32BE81C71009FF44D /* Font.swift */,
				093AF8C42BE81C71009FF44D /* ImagePicker.swift */,
				093AF8C52BE81C71009FF44D /* LayoutConstans.swift */,
				093AF8C62BE81C71009FF44D /* Localized.swift */,
				093AF8C72BE81C71009FF44D /* ProfileTextField.swift */,
				093AF8C82BE81C71009FF44D /* Reusable.swift */,
				093AF8C92BE81C71009FF44D /* RoundedBottomView.swift */,
				093AF8CA2BE81C71009FF44D /* TabBarController ++.swift */,
				093AF8CB2BE81C71009FF44D /* UIColor Dark.swift */,
				093AF8CC2BE81C71009FF44D /* UIResponder.swift */,
				093AF8CD2BE81C71009FF44D /* UIView ++.swift */,
				093AF9B62BE81E46009FF44D /* Configurable.swift */,
				093AF9B82BE81EDF009FF44D /* Checkbox.swift */,
			);
			path = Common;
			sourceTree = "<group>";
		};
		093AF8D92BE81C71009FF44D /* Coordinators */ = {
			isa = PBXGroup;
			children = (
				093AF8CF2BE81C71009FF44D /* AppCoordinator.swift */,
				093AF8D02BE81C71009FF44D /* AuthorizationCoordinator.swift */,
				093AF8D12BE81C71009FF44D /* InfoFilterCoordinator.swift */,
				093AF8D22BE81C71009FF44D /* InfoLocationCoordinator.swift */,
				093AF8D32BE81C71009FF44D /* MainScreenCoordinator.swift */,
				093AF8D42BE81C71009FF44D /* MapCoordinator.swift */,
				093AF8D52BE81C71009FF44D /* OnboardingCoordinator.swift */,
				093AF8D62BE81C71009FF44D /* ProfileCoordinator.swift */,
				093AF8D72BE81C71009FF44D /* ProtocolCoordinator.swift */,
				093AF8D82BE81C71009FF44D /* TabBarCoordinator.swift */,
			);
			path = Coordinators;
			sourceTree = "<group>";
		};
		093AF8DF2BE81C71009FF44D /* Models */ = {
			isa = PBXGroup;
			children = (
				093AF8DD2BE81C71009FF44D /* LocationModel.swift */,
				093AF8DE2BE81C71009FF44D /* ProfileModel.swift */,
			);
			path = Models;
			sourceTree = "<group>";
		};
		093AF8E62BE81C71009FF44D /* NetworkManager */ = {
			isa = PBXGroup;
			children = (
				093AF8DF2BE81C71009FF44D /* Models */,
				093AF8E02BE81C71009FF44D /* CoreNetworkManager.swift */,
				093AF8E12BE81C71009FF44D /* EnterPoint.swift */,
				093AF8E22BE81C71009FF44D /* ImageDownloader.swift */,
				093AF8E32BE81C71009FF44D /* Mapper.swift */,
				093AF8E42BE81C71009FF44D /* NetworkError.swift */,
				093AF8E52BE81C71009FF44D /* NetworkManager.swift */,
			);
			path = NetworkManager;
			sourceTree = "<group>";
		};
		093AF8EB2BE81C71009FF44D /* AuthorizationScreen */ = {
			isa = PBXGroup;
			children = (
				093AF8E72BE81C71009FF44D /* AuthorizationView.swift */,
				093AF8E82BE81C71009FF44D /* AuthorizationViewController.swift */,
				093AF8E92BE81C71009FF44D /* AuthorizationViewModel.swift */,
				093AF8EA2BE81C71009FF44D /* User.swift */,
			);
			path = AuthorizationScreen;
			sourceTree = "<group>";
		};
		093AF8F02BE81C71009FF44D /* Cells */ = {
			isa = PBXGroup;
			children = (
				093AF8EC2BE81C71009FF44D /* InfoFilterView.swift */,
				093AF8ED2BE81C71009FF44D /* InfoViewCell.swift */,
				093AF8EE2BE81C71009FF44D /* InfoViewCellFilter.swift */,
				093AF8EF2BE81C71009FF44D /* InfoViewHeader.swift */,
			);
			path = Cells;
			sourceTree = "<group>";
		};
		093AF8F32BE81C71009FF44D /* Filters */ = {
			isa = PBXGroup;
			children = (
				093AF8F12BE81C71009FF44D /* InfoFilterController.swift */,
				093AF8F22BE81C71009FF44D /* InfoFilterModel.swift */,
			);
			path = Filters;
			sourceTree = "<group>";
		};
		093AF8F62BE81C71009FF44D /* LocationsScreen */ = {
			isa = PBXGroup;
			children = (
				093AF8F32BE81C71009FF44D /* Filters */,
				093AF8F42BE81C71009FF44D /* InfoLocationController.swift */,
				093AF8F52BE81C71009FF44D /* InfoLocationModel.swift */,
			);
			path = LocationsScreen;
			sourceTree = "<group>";
		};
		093AF8F82BE81C71009FF44D /* Models */ = {
			isa = PBXGroup;
			children = (
				093AF8F72BE81C71009FF44D /* LocationUIModel.swift */,
			);
			path = Models;
			sourceTree = "<group>";
		};
		093AF8FA2BE81C71009FF44D /* InfoLocationFlow */ = {
			isa = PBXGroup;
			children = (
				093AF8F02BE81C71009FF44D /* Cells */,
				093AF8F62BE81C71009FF44D /* LocationsScreen */,
				093AF8F82BE81C71009FF44D /* Models */,
				093AF8F92BE81C71009FF44D /* LocationApiService.swift */,
			);
			path = InfoLocationFlow;
			sourceTree = "<group>";
		};
		093AF9002BE81C71009FF44D /* MainScreen */ = {
			isa = PBXGroup;
			children = (
				093AF8FB2BE81C71009FF44D /* MainScreenCollectionViewCell.swift */,
				093AF8FC2BE81C71009FF44D /* MainScreenMenu.swift */,
				093AF8FD2BE81C71009FF44D /* MainScreenView.swift */,
				093AF8FE2BE81C71009FF44D /* MainScreenViewController.swift */,
				093AF8FF2BE81C71009FF44D /* MainScreenViewModel.swift */,
			);
			path = MainScreen;
			sourceTree = "<group>";
		};
		093AF9052BE81C71009FF44D /* Filters */ = {
			isa = PBXGroup;
			children = (
				093AF9012BE81C71009FF44D /* PopupCollectionViewCell.swift */,
				093AF9022BE81C71009FF44D /* PopupMenu.swift */,
				093AF9032BE81C71009FF44D /* PopupView.swift */,
				093AF9042BE81C71009FF44D /* PopupViewController.swift */,
			);
			path = Filters;
			sourceTree = "<group>";
		};
		093AF90D2BE81C71009FF44D /* FiltersSettings */ = {
			isa = PBXGroup;
			children = (
				093AF9062BE81C71009FF44D /* FilterCategory.swift */,
				093AF9072BE81C71009FF44D /* Filters.swift */,
				093AF9082BE81C71009FF44D /* FilterSettingsView.swift */,
				093AF9092BE81C71009FF44D /* FilterSettingsViewController.swift */,
				093AF90A2BE81C71009FF44D /* FilterSettingsViewModel.swift */,
				093AF90B2BE81C71009FF44D /* FiltersTableViewCell.swift */,
				093AF90C2BE81C71009FF44D /* SettingsTableViewCell.swift */,
			);
			path = FiltersSettings;
			sourceTree = "<group>";
		};
		093AF9162BE81C71009FF44D /* MapScreen */ = {
			isa = PBXGroup;
			children = (
				093AF9052BE81C71009FF44D /* Filters */,
				093AF90D2BE81C71009FF44D /* FiltersSettings */,
				093AF90E2BE81C71009FF44D /* Coordinates.swift */,
				093AF90F2BE81C71009FF44D /* MapCameraListener.swift */,
				093AF9102BE81C71009FF44D /* MapObjectTapListener.swift */,
				093AF9112BE81C71009FF44D /* MapUIState.swift */,
				093AF9122BE81C71009FF44D /* MapView.swift */,
				093AF9132BE81C71009FF44D /* MapViewController.swift */,
				093AF9142BE81C71009FF44D /* MapViewModel.swift */,
				093AF9152BE81C71009FF44D /* SuggestItem.swift */,
			);
			path = MapScreen;
			sourceTree = "<group>";
		};
		093AF91B2BE81C71009FF44D /* Onboarding */ = {
			isa = PBXGroup;
			children = (
				093AF9172BE81C71009FF44D /* OnboardingSlide.swift */,
				093AF9182BE81C71009FF44D /* OnboardingViewController.swift */,
				093AF9192BE81C71009FF44D /* OnboardingViewModel.swift */,
				093AF91A2BE81C71009FF44D /* Slide.swift */,
			);
			path = Onboarding;
			sourceTree = "<group>";
		};
		093AF91D2BE81C71009FF44D /* AboutApp */ = {
			isa = PBXGroup;
			children = (
				093AF91C2BE81C71009FF44D /* AboutAppViewController.swift */,
			);
			path = AboutApp;
			sourceTree = "<group>";
		};
		093AF91F2BE81C71009FF44D /* ContractScreen */ = {
			isa = PBXGroup;
			children = (
				093AF91E2BE81C71009FF44D /* ContractOfferViewController.swift */,
			);
			path = ContractScreen;
			sourceTree = "<group>";
		};
		093AF9212BE81C71009FF44D /* EditProfileScreen */ = {
			isa = PBXGroup;
			children = (
				093AF9202BE81C71009FF44D /* ProfileEditScreenViewController.swift */,
			);
			path = EditProfileScreen;
			sourceTree = "<group>";
		};
		093AF9232BE81C71009FF44D /* Models */ = {
			isa = PBXGroup;
			children = (
				093AF9222BE81C71009FF44D /* ProfileUIModel.swift */,
			);
			path = Models;
			sourceTree = "<group>";
		};
		093AF9252BE81C71009FF44D /* Network */ = {
			isa = PBXGroup;
			children = (
				093AF9242BE81C71009FF44D /* ProfileAPIService.swift */,
			);
			path = Network;
			sourceTree = "<group>";
		};
		093AF9272BE81C71009FF44D /* NotificationFlow */ = {
			isa = PBXGroup;
			children = (
				093AF9262BE81C71009FF44D /* NotificationViewController.swift */,
			);
			path = NotificationFlow;
			sourceTree = "<group>";
		};
		093AF92B2BE81C71009FF44D /* Cells */ = {
			isa = PBXGroup;
			children = (
				093AF9282BE81C71009FF44D /* BannerProfileCell.swift */,
				093AF9292BE81C71009FF44D /* ButtonsProfileCell.swift */,
				093AF92A2BE81C71009FF44D /* ProfileHeaderView.swift */,
			);
			path = Cells;
			sourceTree = "<group>";
		};
		093AF92E2BE81C71009FF44D /* ProfileScreen */ = {
			isa = PBXGroup;
			children = (
				093AF92B2BE81C71009FF44D /* Cells */,
				093AF92C2BE81C71009FF44D /* ProfileViewController.swift */,
				093AF92D2BE81C71009FF44D /* ProfileViewModel.swift */,
			);
			path = ProfileScreen;
			sourceTree = "<group>";
		};
		093AF9302BE81C71009FF44D /* SupportFlow */ = {
			isa = PBXGroup;
			children = (
				093AF92F2BE81C71009FF44D /* SupportViewController.swift */,
			);
			path = SupportFlow;
			sourceTree = "<group>";
		};
		093AF9312BE81C71009FF44D /* ProfileFlow */ = {
			isa = PBXGroup;
			children = (
				093AF91D2BE81C71009FF44D /* AboutApp */,
				093AF91F2BE81C71009FF44D /* ContractScreen */,
				093AF9212BE81C71009FF44D /* EditProfileScreen */,
				093AF9232BE81C71009FF44D /* Models */,
				093AF9252BE81C71009FF44D /* Network */,
				093AF9272BE81C71009FF44D /* NotificationFlow */,
				093AF92E2BE81C71009FF44D /* ProfileScreen */,
				093AF9302BE81C71009FF44D /* SupportFlow */,
			);
			path = ProfileFlow;
			sourceTree = "<group>";
		};
		093AF9322BE81C71009FF44D /* Screens */ = {
			isa = PBXGroup;
			children = (
				093AF8EB2BE81C71009FF44D /* AuthorizationScreen */,
				093AF8FA2BE81C71009FF44D /* InfoLocationFlow */,
				093AF9002BE81C71009FF44D /* MainScreen */,
				093AF9162BE81C71009FF44D /* MapScreen */,
				093AF91B2BE81C71009FF44D /* Onboarding */,
				093AF9312BE81C71009FF44D /* ProfileFlow */,
			);
			path = Screens;
			sourceTree = "<group>";
		};
		093AF9392BE81C71009FF44D /* Services */ = {
			isa = PBXGroup;
			children = (
				093AF9332BE81C71009FF44D /* AuthorizationError.swift */,
				093AF9342BE81C71009FF44D /* AuthorizationService.swift */,
				093AF9352BE81C71009FF44D /* CoreDataService.swift */,
				093AF9362BE81C71009FF44D /* KeychainService.swift */,
				093AF9372BE81C71009FF44D /* LocationService.swift */,
				093AF9382BE81C71009FF44D /* LocationServiceError.swift */,
			);
			path = Services;
			sourceTree = "<group>";
		};
		093AF9462BE81C71009FF44D /* Go Mapping */ = {
			isa = PBXGroup;
			children = (
				093AF8BB2BE81C71009FF44D /* App */,
				093AF8CE2BE81C71009FF44D /* Common */,
				093AF8D92BE81C71009FF44D /* Coordinators */,
				093AF8E62BE81C71009FF44D /* NetworkManager */,
				093AF9322BE81C71009FF44D /* Screens */,
				093AF9392BE81C71009FF44D /* Services */,
				093AF93A2BE81C71009FF44D /* Assets.xcassets */,
				093AF93C2BE81C71009FF44D /* LaunchScreen.storyboard */,
				093AF9452BE81C71009FF44D /* UserModel.xcdatamodeld */,
				093AF9BC2BE82097009FF44D /* Localizable.strings */,
				093AF9C02BE8210E009FF44D /* Localizable.stringsdict */,
			);
			path = "Go Mapping";
			sourceTree = "<group>";
		};
		3A75278FF3BAD3E4C4757FDD /* Pods */ = {
			isa = PBXGroup;
			children = (
				6D5DBF145ECA2A819F25A4F7 /* Pods-mams.paps.debug.xcconfig */,
				FB1647DA1C743054DEC78F29 /* Pods-mams.paps.release.xcconfig */,
				C8CAD95D0CD61C58352A33C1 /* Pods-Go Mapping.debug.xcconfig */,
				2E76A5AC7BA50D54A56A0578 /* Pods-Go Mapping.release.xcconfig */,
			);
			path = Pods;
			sourceTree = "<group>";
		};
		5ADDBD2F2B0FA23E00CFA9C3 = {
			isa = PBXGroup;
			children = (
				093AF9462BE81C71009FF44D /* Go Mapping */,
				5ADDBD392B0FA23F00CFA9C3 /* Products */,
				3A75278FF3BAD3E4C4757FDD /* Pods */,
				9E730660B972E7574BFC95B9 /* Frameworks */,
			);
			sourceTree = "<group>";
		};
		5ADDBD392B0FA23F00CFA9C3 /* Products */ = {
			isa = PBXGroup;
			children = (
				5ADDBD382B0FA23F00CFA9C3 /* Go Mapping.app */,
			);
			name = Products;
			sourceTree = "<group>";
		};
		9E730660B972E7574BFC95B9 /* Frameworks */ = {
			isa = PBXGroup;
			children = (
				64EE299811B0FFA265C55066 /* Pods_Go_Mapping.framework */,
			);
			name = Frameworks;
			sourceTree = "<group>";
		};
/* End PBXGroup section */

/* Begin PBXNativeTarget section */
		5ADDBD372B0FA23F00CFA9C3 /* Go Mapping */ = {
			isa = PBXNativeTarget;
			buildConfigurationList = 5ADDBD4C2B0FA24100CFA9C3 /* Build configuration list for PBXNativeTarget "Go Mapping" */;
			buildPhases = (
				E4A27C130950B27486B98D0A /* [CP] Check Pods Manifest.lock */,
				5ADDBD342B0FA23F00CFA9C3 /* Sources */,
				5ADDBD352B0FA23F00CFA9C3 /* Frameworks */,
				5ADDBD362B0FA23F00CFA9C3 /* Resources */,
				D7F3F9EBF02E94D844563A38 /* [CP] Copy Pods Resources */,
			);
			buildRules = (
			);
			dependencies = (
			);
			name = "Go Mapping";
			packageProductDependencies = (
				09638DA72B3584B7005DF42D /* KeychainAccess */,
				CBF5AC982BA8831B0070602A /* SnapKit */,
			);
			productName = mams.paps;
			productReference = 5ADDBD382B0FA23F00CFA9C3 /* Go Mapping.app */;
			productType = "com.apple.product-type.application";
		};
/* End PBXNativeTarget section */

/* Begin PBXProject section */
		5ADDBD302B0FA23E00CFA9C3 /* Project object */ = {
			isa = PBXProject;
			attributes = {
				BuildIndependentTargetsInParallel = 1;
				LastSwiftUpdateCheck = 1500;
				LastUpgradeCheck = 1500;
				TargetAttributes = {
					5ADDBD372B0FA23F00CFA9C3 = {
						CreatedOnToolsVersion = 15.0;
					};
				};
			};
			buildConfigurationList = 5ADDBD332B0FA23E00CFA9C3 /* Build configuration list for PBXProject "Go Mapping" */;
			compatibilityVersion = "Xcode 14.0";
			developmentRegion = ru;
			hasScannedForEncodings = 0;
			knownRegions = (
				en,
				Base,
				ru,
			);
			mainGroup = 5ADDBD2F2B0FA23E00CFA9C3;
			packageReferences = (
				09638DA62B3584B7005DF42D /* XCRemoteSwiftPackageReference "KeychainAccess" */,
				CBF5AC972BA8831B0070602A /* XCRemoteSwiftPackageReference "SnapKit" */,
			);
			productRefGroup = 5ADDBD392B0FA23F00CFA9C3 /* Products */;
			projectDirPath = "";
			projectRoot = "";
			targets = (
				5ADDBD372B0FA23F00CFA9C3 /* Go Mapping */,
			);
		};
/* End PBXProject section */

/* Begin PBXResourcesBuildPhase section */
		5ADDBD362B0FA23F00CFA9C3 /* Resources */ = {
			isa = PBXResourcesBuildPhase;
			buildActionMask = 2147483647;
			files = (
				093AF9AE2BE81C71009FF44D /* LaunchScreen.storyboard in Resources */,
				093AF9C22BE8210E009FF44D /* Localizable.stringsdict in Resources */,
				093AF9BE2BE82097009FF44D /* Localizable.strings in Resources */,
				093AF9AC2BE81C71009FF44D /* Assets.xcassets in Resources */,
			);
			runOnlyForDeploymentPostprocessing = 0;
		};
/* End PBXResourcesBuildPhase section */

/* Begin PBXShellScriptBuildPhase section */
		D7F3F9EBF02E94D844563A38 /* [CP] Copy Pods Resources */ = {
			isa = PBXShellScriptBuildPhase;
			buildActionMask = 2147483647;
			files = (
			);
			inputFileListPaths = (
				"${PODS_ROOT}/Target Support Files/Pods-Go Mapping/Pods-Go Mapping-resources-${CONFIGURATION}-input-files.xcfilelist",
			);
			name = "[CP] Copy Pods Resources";
			outputFileListPaths = (
				"${PODS_ROOT}/Target Support Files/Pods-Go Mapping/Pods-Go Mapping-resources-${CONFIGURATION}-output-files.xcfilelist",
			);
			runOnlyForDeploymentPostprocessing = 0;
			shellPath = /bin/sh;
			shellScript = "\"${PODS_ROOT}/Target Support Files/Pods-Go Mapping/Pods-Go Mapping-resources.sh\"\n";
			showEnvVarsInLog = 0;
		};
		E4A27C130950B27486B98D0A /* [CP] Check Pods Manifest.lock */ = {
			isa = PBXShellScriptBuildPhase;
			buildActionMask = 2147483647;
			files = (
			);
			inputFileListPaths = (
			);
			inputPaths = (
				"${PODS_PODFILE_DIR_PATH}/Podfile.lock",
				"${PODS_ROOT}/Manifest.lock",
			);
			name = "[CP] Check Pods Manifest.lock";
			outputFileListPaths = (
			);
			outputPaths = (
				"$(DERIVED_FILE_DIR)/Pods-Go Mapping-checkManifestLockResult.txt",
			);
			runOnlyForDeploymentPostprocessing = 0;
			shellPath = /bin/sh;
			shellScript = "diff \"${PODS_PODFILE_DIR_PATH}/Podfile.lock\" \"${PODS_ROOT}/Manifest.lock\" > /dev/null\nif [ $? != 0 ] ; then\n    # print error to STDERR\n    echo \"error: The sandbox is not in sync with the Podfile.lock. Run 'pod install' or update your CocoaPods installation.\" >&2\n    exit 1\nfi\n# This output is used by Xcode 'outputs' to avoid re-running this script phase.\necho \"SUCCESS\" > \"${SCRIPT_OUTPUT_FILE_0}\"\n";
			showEnvVarsInLog = 0;
		};
/* End PBXShellScriptBuildPhase section */

/* Begin PBXSourcesBuildPhase section */
		5ADDBD342B0FA23F00CFA9C3 /* Sources */ = {
			isa = PBXSourcesBuildPhase;
			buildActionMask = 2147483647;
			files = (
				093AF97B2BE81C71009FF44D /* InfoLocationModel.swift in Sources */,
				093AF9962BE81C71009FF44D /* OnboardingSlide.swift in Sources */,
				093AF98A2BE81C71009FF44D /* FilterSettingsViewController.swift in Sources */,
				093AF9712BE81C71009FF44D /* AuthorizationViewController.swift in Sources */,
				093AF9982BE81C71009FF44D /* OnboardingViewModel.swift in Sources */,
				093AF9952BE81C71009FF44D /* SuggestItem.swift in Sources */,
				093AF9A82BE81C71009FF44D /* CoreDataService.swift in Sources */,
				093AF9482BE81C71009FF44D /* AppDelegate.swift in Sources */,
				093AF94F2BE81C71009FF44D /* AuthTextField.swift in Sources */,
				093AF9532BE81C71009FF44D /* LayoutConstans.swift in Sources */,
				093AF9B72BE81E46009FF44D /* Configurable.swift in Sources */,
				093AF9572BE81C71009FF44D /* RoundedBottomView.swift in Sources */,
				093AF9A92BE81C71009FF44D /* KeychainService.swift in Sources */,
				093AF9932BE81C71009FF44D /* MapViewController.swift in Sources */,
				093AF9A42BE81C71009FF44D /* ProfileViewModel.swift in Sources */,
				093AF9622BE81C71009FF44D /* OnboardingCoordinator.swift in Sources */,
				093AF9512BE81C71009FF44D /* Font.swift in Sources */,
				093AF9892BE81C71009FF44D /* FilterSettingsView.swift in Sources */,
				093AF96B2BE81C71009FF44D /* EnterPoint.swift in Sources */,
				093AF94A2BE81C71009FF44D /* ActivityIndicator.swift in Sources */,
				093AF95C2BE81C71009FF44D /* AppCoordinator.swift in Sources */,
				093AF9692BE81C71009FF44D /* ProfileModel.swift in Sources */,
				093AF9902BE81C71009FF44D /* MapObjectTapListener.swift in Sources */,
				093AF9652BE81C71009FF44D /* TabBarCoordinator.swift in Sources */,
				093AF96F2BE81C71009FF44D /* NetworkManager.swift in Sources */,
				093AF97C2BE81C71009FF44D /* LocationUIModel.swift in Sources */,
				093AF98D2BE81C71009FF44D /* SettingsTableViewCell.swift in Sources */,
				093AF9642BE81C71009FF44D /* ProtocolCoordinator.swift in Sources */,
				093AF9A62BE81C71009FF44D /* AuthorizationError.swift in Sources */,
				093AF9AB2BE81C71009FF44D /* LocationServiceError.swift in Sources */,
				093AF9632BE81C71009FF44D /* ProfileCoordinator.swift in Sources */,
				093AF9502BE81C71009FF44D /* CustomNavBar.swift in Sources */,
				093AF9872BE81C71009FF44D /* FilterCategory.swift in Sources */,
				093AF9972BE81C71009FF44D /* OnboardingViewController.swift in Sources */,
				093AF97D2BE81C71009FF44D /* LocationApiService.swift in Sources */,
				093AF99E2BE81C71009FF44D /* ProfileAPIService.swift in Sources */,
				093AF94E2BE81C71009FF44D /* Array.swift in Sources */,
				093AF9A22BE81C71009FF44D /* ProfileHeaderView.swift in Sources */,
				093AF9992BE81C71009FF44D /* Slide.swift in Sources */,
				093AF9812BE81C71009FF44D /* MainScreenViewController.swift in Sources */,
				093AF99F2BE81C71009FF44D /* NotificationViewController.swift in Sources */,
				093AF9612BE81C71009FF44D /* MapCoordinator.swift in Sources */,
				093AF95F2BE81C71009FF44D /* InfoLocationCoordinator.swift in Sources */,
				093AF9B32BE81C71009FF44D /* UserModel.xcdatamodeld in Sources */,
				093AF9A32BE81C71009FF44D /* ProfileViewController.swift in Sources */,
				093AF9752BE81C71009FF44D /* InfoViewCell.swift in Sources */,
				093AF9912BE81C71009FF44D /* MapUIState.swift in Sources */,
				093AF9842BE81C71009FF44D /* PopupMenu.swift in Sources */,
				093AF9762BE81C71009FF44D /* InfoViewCellFilter.swift in Sources */,
				093AF9852BE81C71009FF44D /* PopupView.swift in Sources */,
				093AF98E2BE81C71009FF44D /* Coordinates.swift in Sources */,
				093AF9822BE81C71009FF44D /* MainScreenViewModel.swift in Sources */,
				093AF97F2BE81C71009FF44D /* MainScreenMenu.swift in Sources */,
				093AF9A52BE81C71009FF44D /* SupportViewController.swift in Sources */,
				093AF9922BE81C71009FF44D /* MapView.swift in Sources */,
				093AF9942BE81C71009FF44D /* MapViewModel.swift in Sources */,
				093AF9882BE81C71009FF44D /* Filters.swift in Sources */,
				093AF96D2BE81C71009FF44D /* Mapper.swift in Sources */,
				093AF96A2BE81C71009FF44D /* CoreNetworkManager.swift in Sources */,
				093AF99C2BE81C71009FF44D /* ProfileEditScreenViewController.swift in Sources */,
				093AF9682BE81C71009FF44D /* LocationModel.swift in Sources */,
				093AF98F2BE81C71009FF44D /* MapCameraListener.swift in Sources */,
				093AF9A12BE81C71009FF44D /* ButtonsProfileCell.swift in Sources */,
				093AF9AA2BE81C71009FF44D /* LocationService.swift in Sources */,
				093AF9592BE81C71009FF44D /* UIColor Dark.swift in Sources */,
				093AF95D2BE81C71009FF44D /* AuthorizationCoordinator.swift in Sources */,
				093AF9702BE81C71009FF44D /* AuthorizationView.swift in Sources */,
				093AF9B92BE81EDF009FF44D /* Checkbox.swift in Sources */,
				093AF95A2BE81C71009FF44D /* UIResponder.swift in Sources */,
				093AF99D2BE81C71009FF44D /* ProfileUIModel.swift in Sources */,
				093AF9722BE81C71009FF44D /* AuthorizationViewModel.swift in Sources */,
				093AF94D2BE81C71009FF44D /* APIKeyStorage.swift in Sources */,
				093AF9A02BE81C71009FF44D /* BannerProfileCell.swift in Sources */,
				093AF9772BE81C71009FF44D /* InfoViewHeader.swift in Sources */,
				093AF9522BE81C71009FF44D /* ImagePicker.swift in Sources */,
				093AF98C2BE81C71009FF44D /* FiltersTableViewCell.swift in Sources */,
				093AF9862BE81C71009FF44D /* PopupViewController.swift in Sources */,
				093AF9832BE81C71009FF44D /* PopupCollectionViewCell.swift in Sources */,
				093AF9562BE81C71009FF44D /* Reusable.swift in Sources */,
				093AF99A2BE81C71009FF44D /* AboutAppViewController.swift in Sources */,
				093AF9602BE81C71009FF44D /* MainScreenCoordinator.swift in Sources */,
				093AF9732BE81C71009FF44D /* User.swift in Sources */,
				093AF9802BE81C71009FF44D /* MainScreenView.swift in Sources */,
				093AF95B2BE81C71009FF44D /* UIView ++.swift in Sources */,
				093AF94B2BE81C71009FF44D /* Alert.swift in Sources */,
				093AF9792BE81C71009FF44D /* InfoFilterModel.swift in Sources */,
				093AF94C2BE81C71009FF44D /* AlertActionSheet.swift in Sources */,
				093AF9782BE81C71009FF44D /* InfoFilterController.swift in Sources */,
				093AF97E2BE81C71009FF44D /* MainScreenCollectionViewCell.swift in Sources */,
				093AF99B2BE81C71009FF44D /* ContractOfferViewController.swift in Sources */,
				093AF96C2BE81C71009FF44D /* ImageDownloader.swift in Sources */,
				093AF98B2BE81C71009FF44D /* FilterSettingsViewModel.swift in Sources */,
				093AF9A72BE81C71009FF44D /* AuthorizationService.swift in Sources */,
				093AF9742BE81C71009FF44D /* InfoFilterView.swift in Sources */,
				093AF9582BE81C71009FF44D /* TabBarController ++.swift in Sources */,
				093AF95E2BE81C71009FF44D /* InfoFilterCoordinator.swift in Sources */,
				093AF9542BE81C71009FF44D /* Localized.swift in Sources */,
				093AF96E2BE81C71009FF44D /* NetworkError.swift in Sources */,
				093AF97A2BE81C71009FF44D /* InfoLocationController.swift in Sources */,
				093AF9492BE81C71009FF44D /* SceneDelegate.swift in Sources */,
				093AF9552BE81C71009FF44D /* ProfileTextField.swift in Sources */,
			);
			runOnlyForDeploymentPostprocessing = 0;
		};
/* End PBXSourcesBuildPhase section */

/* Begin PBXVariantGroup section */
		093AF9BC2BE82097009FF44D /* Localizable.strings */ = {
			isa = PBXVariantGroup;
			children = (
				093AF9BD2BE82097009FF44D /* ru */,
				093AF9BF2BE8209C009FF44D /* en */,
			);
			name = Localizable.strings;
			sourceTree = "<group>";
		};
		093AF9C02BE8210E009FF44D /* Localizable.stringsdict */ = {
			isa = PBXVariantGroup;
			children = (
				093AF9C12BE8210E009FF44D /* ru */,
				093AF9C32BE82111009FF44D /* en */,
			);
			name = Localizable.stringsdict;
			sourceTree = "<group>";
		};
/* End PBXVariantGroup section */

/* Begin XCBuildConfiguration section */
		5ADDBD4A2B0FA24100CFA9C3 /* Debug */ = {
			isa = XCBuildConfiguration;
			buildSettings = {
				ALWAYS_SEARCH_USER_PATHS = NO;
				ASSETCATALOG_COMPILER_GENERATE_SWIFT_ASSET_SYMBOL_EXTENSIONS = YES;
				CLANG_ANALYZER_LOCALIZABILITY_NONLOCALIZED = YES;
				CLANG_ANALYZER_NONNULL = YES;
				CLANG_ANALYZER_NUMBER_OBJECT_CONVERSION = YES_AGGRESSIVE;
				CLANG_CXX_LANGUAGE_STANDARD = "gnu++20";
				CLANG_ENABLE_MODULES = YES;
				CLANG_ENABLE_OBJC_ARC = YES;
				CLANG_ENABLE_OBJC_WEAK = YES;
				CLANG_WARN_BLOCK_CAPTURE_AUTORELEASING = YES;
				CLANG_WARN_BOOL_CONVERSION = YES;
				CLANG_WARN_COMMA = YES;
				CLANG_WARN_CONSTANT_CONVERSION = YES;
				CLANG_WARN_DEPRECATED_OBJC_IMPLEMENTATIONS = YES;
				CLANG_WARN_DIRECT_OBJC_ISA_USAGE = YES_ERROR;
				CLANG_WARN_DOCUMENTATION_COMMENTS = YES;
				CLANG_WARN_EMPTY_BODY = YES;
				CLANG_WARN_ENUM_CONVERSION = YES;
				CLANG_WARN_INFINITE_RECURSION = YES;
				CLANG_WARN_INT_CONVERSION = YES;
				CLANG_WARN_NON_LITERAL_NULL_CONVERSION = YES;
				CLANG_WARN_OBJC_IMPLICIT_RETAIN_SELF = YES;
				CLANG_WARN_OBJC_LITERAL_CONVERSION = YES;
				CLANG_WARN_OBJC_ROOT_CLASS = YES_ERROR;
				CLANG_WARN_QUOTED_INCLUDE_IN_FRAMEWORK_HEADER = YES;
				CLANG_WARN_RANGE_LOOP_ANALYSIS = YES;
				CLANG_WARN_STRICT_PROTOTYPES = YES;
				CLANG_WARN_SUSPICIOUS_MOVE = YES;
				CLANG_WARN_UNGUARDED_AVAILABILITY = YES_AGGRESSIVE;
				CLANG_WARN_UNREACHABLE_CODE = YES;
				CLANG_WARN__DUPLICATE_METHOD_MATCH = YES;
				COPY_PHASE_STRIP = NO;
				DEBUG_INFORMATION_FORMAT = dwarf;
				ENABLE_STRICT_OBJC_MSGSEND = YES;
				ENABLE_TESTABILITY = YES;
				ENABLE_USER_SCRIPT_SANDBOXING = NO;
				GCC_C_LANGUAGE_STANDARD = gnu17;
				GCC_DYNAMIC_NO_PIC = NO;
				GCC_NO_COMMON_BLOCKS = YES;
				GCC_OPTIMIZATION_LEVEL = 0;
				GCC_PREPROCESSOR_DEFINITIONS = (
					"DEBUG=1",
					"$(inherited)",
				);
				GCC_WARN_64_TO_32_BIT_CONVERSION = YES;
				GCC_WARN_ABOUT_RETURN_TYPE = YES_ERROR;
				GCC_WARN_UNDECLARED_SELECTOR = YES;
				GCC_WARN_UNINITIALIZED_AUTOS = YES_AGGRESSIVE;
				GCC_WARN_UNUSED_FUNCTION = YES;
				GCC_WARN_UNUSED_VARIABLE = YES;
				IPHONEOS_DEPLOYMENT_TARGET = 17.0;
				LOCALIZATION_PREFERS_STRING_CATALOGS = YES;
				MTL_ENABLE_DEBUG_INFO = INCLUDE_SOURCE;
				MTL_FAST_MATH = YES;
				ONLY_ACTIVE_ARCH = YES;
				SDKROOT = iphoneos;
				SWIFT_ACTIVE_COMPILATION_CONDITIONS = "DEBUG $(inherited)";
				SWIFT_OPTIMIZATION_LEVEL = "-Onone";
			};
			name = Debug;
		};
		5ADDBD4B2B0FA24100CFA9C3 /* Release */ = {
			isa = XCBuildConfiguration;
			buildSettings = {
				ALWAYS_SEARCH_USER_PATHS = NO;
				ASSETCATALOG_COMPILER_GENERATE_SWIFT_ASSET_SYMBOL_EXTENSIONS = YES;
				CLANG_ANALYZER_LOCALIZABILITY_NONLOCALIZED = YES;
				CLANG_ANALYZER_NONNULL = YES;
				CLANG_ANALYZER_NUMBER_OBJECT_CONVERSION = YES_AGGRESSIVE;
				CLANG_CXX_LANGUAGE_STANDARD = "gnu++20";
				CLANG_ENABLE_MODULES = YES;
				CLANG_ENABLE_OBJC_ARC = YES;
				CLANG_ENABLE_OBJC_WEAK = YES;
				CLANG_WARN_BLOCK_CAPTURE_AUTORELEASING = YES;
				CLANG_WARN_BOOL_CONVERSION = YES;
				CLANG_WARN_COMMA = YES;
				CLANG_WARN_CONSTANT_CONVERSION = YES;
				CLANG_WARN_DEPRECATED_OBJC_IMPLEMENTATIONS = YES;
				CLANG_WARN_DIRECT_OBJC_ISA_USAGE = YES_ERROR;
				CLANG_WARN_DOCUMENTATION_COMMENTS = YES;
				CLANG_WARN_EMPTY_BODY = YES;
				CLANG_WARN_ENUM_CONVERSION = YES;
				CLANG_WARN_INFINITE_RECURSION = YES;
				CLANG_WARN_INT_CONVERSION = YES;
				CLANG_WARN_NON_LITERAL_NULL_CONVERSION = YES;
				CLANG_WARN_OBJC_IMPLICIT_RETAIN_SELF = YES;
				CLANG_WARN_OBJC_LITERAL_CONVERSION = YES;
				CLANG_WARN_OBJC_ROOT_CLASS = YES_ERROR;
				CLANG_WARN_QUOTED_INCLUDE_IN_FRAMEWORK_HEADER = YES;
				CLANG_WARN_RANGE_LOOP_ANALYSIS = YES;
				CLANG_WARN_STRICT_PROTOTYPES = YES;
				CLANG_WARN_SUSPICIOUS_MOVE = YES;
				CLANG_WARN_UNGUARDED_AVAILABILITY = YES_AGGRESSIVE;
				CLANG_WARN_UNREACHABLE_CODE = YES;
				CLANG_WARN__DUPLICATE_METHOD_MATCH = YES;
				COPY_PHASE_STRIP = NO;
				DEBUG_INFORMATION_FORMAT = "dwarf-with-dsym";
				ENABLE_NS_ASSERTIONS = NO;
				ENABLE_STRICT_OBJC_MSGSEND = YES;
				ENABLE_USER_SCRIPT_SANDBOXING = NO;
				GCC_C_LANGUAGE_STANDARD = gnu17;
				GCC_NO_COMMON_BLOCKS = YES;
				GCC_WARN_64_TO_32_BIT_CONVERSION = YES;
				GCC_WARN_ABOUT_RETURN_TYPE = YES_ERROR;
				GCC_WARN_UNDECLARED_SELECTOR = YES;
				GCC_WARN_UNINITIALIZED_AUTOS = YES_AGGRESSIVE;
				GCC_WARN_UNUSED_FUNCTION = YES;
				GCC_WARN_UNUSED_VARIABLE = YES;
				IPHONEOS_DEPLOYMENT_TARGET = 17.0;
				LOCALIZATION_PREFERS_STRING_CATALOGS = YES;
				MTL_ENABLE_DEBUG_INFO = NO;
				MTL_FAST_MATH = YES;
				SDKROOT = iphoneos;
				SWIFT_COMPILATION_MODE = wholemodule;
				VALIDATE_PRODUCT = YES;
			};
			name = Release;
		};
		5ADDBD4D2B0FA24100CFA9C3 /* Debug */ = {
			isa = XCBuildConfiguration;
			baseConfigurationReference = C8CAD95D0CD61C58352A33C1 /* Pods-Go Mapping.debug.xcconfig */;
			buildSettings = {
				ASSETCATALOG_COMPILER_APPICON_NAME = AppIcon;
				ASSETCATALOG_COMPILER_GLOBAL_ACCENT_COLOR_NAME = AccentColor;
				CODE_SIGN_STYLE = Automatic;
				CURRENT_PROJECT_VERSION = 1;
				DEVELOPMENT_TEAM = F72FD6J9GL;
				GENERATE_INFOPLIST_FILE = YES;
				INFOPLIST_FILE = "Go Mapping/Info.plist";
				INFOPLIST_KEY_NSLocationWhenInUseUsageDescription = "Please allow using location";
				INFOPLIST_KEY_UIApplicationSupportsIndirectInputEvents = YES;
				INFOPLIST_KEY_UILaunchStoryboardName = LaunchScreen;
				INFOPLIST_KEY_UISupportedInterfaceOrientations_iPad = "UIInterfaceOrientationPortrait UIInterfaceOrientationPortraitUpsideDown UIInterfaceOrientationLandscapeLeft UIInterfaceOrientationLandscapeRight";
				INFOPLIST_KEY_UISupportedInterfaceOrientations_iPhone = "UIInterfaceOrientationPortrait UIInterfaceOrientationLandscapeLeft UIInterfaceOrientationLandscapeRight";
				LD_RUNPATH_SEARCH_PATHS = (
					"$(inherited)",
					"@executable_path/Frameworks",
				);
				MARKETING_VERSION = 1.0;
				PRODUCT_BUNDLE_IDENTIFIER = "ruspersonal.mams-paps";
				PRODUCT_NAME = "$(TARGET_NAME)";
				SUPPORTED_PLATFORMS = "iphoneos iphonesimulator";
				SUPPORTS_MACCATALYST = NO;
				SUPPORTS_MAC_DESIGNED_FOR_IPHONE_IPAD = NO;
				SUPPORTS_XR_DESIGNED_FOR_IPHONE_IPAD = NO;
				SWIFT_EMIT_LOC_STRINGS = YES;
				SWIFT_VERSION = 5.0;
				TARGETED_DEVICE_FAMILY = "1,2";
			};
			name = Debug;
		};
		5ADDBD4E2B0FA24100CFA9C3 /* Release */ = {
			isa = XCBuildConfiguration;
			baseConfigurationReference = 2E76A5AC7BA50D54A56A0578 /* Pods-Go Mapping.release.xcconfig */;
			buildSettings = {
				ASSETCATALOG_COMPILER_APPICON_NAME = AppIcon;
				ASSETCATALOG_COMPILER_GLOBAL_ACCENT_COLOR_NAME = AccentColor;
				CODE_SIGN_STYLE = Automatic;
				CURRENT_PROJECT_VERSION = 1;
				DEVELOPMENT_TEAM = F72FD6J9GL;
				GENERATE_INFOPLIST_FILE = YES;
				INFOPLIST_FILE = "Go Mapping/Info.plist";
				INFOPLIST_KEY_NSLocationWhenInUseUsageDescription = "Please allow using location";
				INFOPLIST_KEY_UIApplicationSupportsIndirectInputEvents = YES;
				INFOPLIST_KEY_UILaunchStoryboardName = LaunchScreen;
				INFOPLIST_KEY_UISupportedInterfaceOrientations_iPad = "UIInterfaceOrientationPortrait UIInterfaceOrientationPortraitUpsideDown UIInterfaceOrientationLandscapeLeft UIInterfaceOrientationLandscapeRight";
				INFOPLIST_KEY_UISupportedInterfaceOrientations_iPhone = "UIInterfaceOrientationPortrait UIInterfaceOrientationLandscapeLeft UIInterfaceOrientationLandscapeRight";
				LD_RUNPATH_SEARCH_PATHS = (
					"$(inherited)",
					"@executable_path/Frameworks",
				);
				MARKETING_VERSION = 1.0;
				PRODUCT_BUNDLE_IDENTIFIER = "ruspersonal.mams-paps";
				PRODUCT_NAME = "$(TARGET_NAME)";
				SUPPORTED_PLATFORMS = "iphoneos iphonesimulator";
				SUPPORTS_MACCATALYST = NO;
				SUPPORTS_MAC_DESIGNED_FOR_IPHONE_IPAD = NO;
				SUPPORTS_XR_DESIGNED_FOR_IPHONE_IPAD = NO;
				SWIFT_EMIT_LOC_STRINGS = YES;
				SWIFT_VERSION = 5.0;
				TARGETED_DEVICE_FAMILY = "1,2";
			};
			name = Release;
		};
/* End XCBuildConfiguration section */

/* Begin XCConfigurationList section */
		5ADDBD332B0FA23E00CFA9C3 /* Build configuration list for PBXProject "Go Mapping" */ = {
			isa = XCConfigurationList;
			buildConfigurations = (
				5ADDBD4A2B0FA24100CFA9C3 /* Debug */,
				5ADDBD4B2B0FA24100CFA9C3 /* Release */,
			);
			defaultConfigurationIsVisible = 0;
			defaultConfigurationName = Release;
		};
		5ADDBD4C2B0FA24100CFA9C3 /* Build configuration list for PBXNativeTarget "Go Mapping" */ = {
			isa = XCConfigurationList;
			buildConfigurations = (
				5ADDBD4D2B0FA24100CFA9C3 /* Debug */,
				5ADDBD4E2B0FA24100CFA9C3 /* Release */,
			);
			defaultConfigurationIsVisible = 0;
			defaultConfigurationName = Release;
		};
/* End XCConfigurationList section */

/* Begin XCRemoteSwiftPackageReference section */
		09638DA62B3584B7005DF42D /* XCRemoteSwiftPackageReference "KeychainAccess" */ = {
			isa = XCRemoteSwiftPackageReference;
			repositoryURL = "https://github.com/kishikawakatsumi/KeychainAccess";
			requirement = {
				branch = master;
				kind = branch;
			};
		};
		CBF5AC972BA8831B0070602A /* XCRemoteSwiftPackageReference "SnapKit" */ = {
			isa = XCRemoteSwiftPackageReference;
			repositoryURL = "https://github.com/SnapKit/SnapKit.git";
			requirement = {
				kind = upToNextMajorVersion;
				minimumVersion = 5.7.1;
			};
		};
/* End XCRemoteSwiftPackageReference section */

/* Begin XCSwiftPackageProductDependency section */
		09638DA72B3584B7005DF42D /* KeychainAccess */ = {
			isa = XCSwiftPackageProductDependency;
			package = 09638DA62B3584B7005DF42D /* XCRemoteSwiftPackageReference "KeychainAccess" */;
			productName = KeychainAccess;
		};
		CBF5AC982BA8831B0070602A /* SnapKit */ = {
			isa = XCSwiftPackageProductDependency;
			package = CBF5AC972BA8831B0070602A /* XCRemoteSwiftPackageReference "SnapKit" */;
			productName = SnapKit;
		};
/* End XCSwiftPackageProductDependency section */

/* Begin XCVersionGroup section */
		093AF9452BE81C71009FF44D /* UserModel.xcdatamodeld */ = {
			isa = XCVersionGroup;
			children = (
				093AF9472BE81C71009FF44D /* UserModel.xcdatamodel */,
			);
			currentVersion = 093AF9472BE81C71009FF44D /* UserModel.xcdatamodel */;
			name = UserModel.xcdatamodeld;
			path = "/Users/konstantintarasov/Desktop/mams.paps.IOs/Go Mapping/UserModel.xcdatamodeld";
			sourceTree = "<group>";
			versionGroupType = wrapper.xcdatamodel;
		};
/* End XCVersionGroup section */
	};
	rootObject = 5ADDBD302B0FA23E00CFA9C3 /* Project object */;
}
