// !$*UTF8*$!
{
	archiveVersion = 1;
	classes = {
	};
	objectVersion = 56;
	objects = {

/* Begin PBXBuildFile section */
		091630E12B10FAF5007E193E /* Localized.swift in Sources */ = {isa = PBXBuildFile; fileRef = 091630E02B10FAF5007E193E /* Localized.swift */; };
		091630EA2B10FC2F007E193E /* Localizable.strings in Resources */ = {isa = PBXBuildFile; fileRef = 091630EC2B10FC2F007E193E /* Localizable.strings */; };
		092E66F62B1B166100FBB04E /* AuthTextField.swift in Sources */ = {isa = PBXBuildFile; fileRef = 092E66F52B1B166100FBB04E /* AuthTextField.swift */; };
		094977842B2C79700089DB13 /* MainMenu.swift in Sources */ = {isa = PBXBuildFile; fileRef = 0949777F2B2C79700089DB13 /* MainMenu.swift */; };
		094977852B2C79700089DB13 /* MainCollectionViewCell.swift in Sources */ = {isa = PBXBuildFile; fileRef = 094977802B2C79700089DB13 /* MainCollectionViewCell.swift */; };
		094977862B2C79700089DB13 /* MainViewController.swift in Sources */ = {isa = PBXBuildFile; fileRef = 094977812B2C79700089DB13 /* MainViewController.swift */; };
		094977872B2C79700089DB13 /* MainViewModel.swift in Sources */ = {isa = PBXBuildFile; fileRef = 094977822B2C79700089DB13 /* MainViewModel.swift */; };
		094977882B2C79700089DB13 /* MainView.swift in Sources */ = {isa = PBXBuildFile; fileRef = 094977832B2C79700089DB13 /* MainView.swift */; };
		0949778E2B2C79920089DB13 /* AuthorizationViewController.swift in Sources */ = {isa = PBXBuildFile; fileRef = 0949778A2B2C79910089DB13 /* AuthorizationViewController.swift */; };
		0949778F2B2C79920089DB13 /* User.swift in Sources */ = {isa = PBXBuildFile; fileRef = 0949778B2B2C79910089DB13 /* User.swift */; };
		094977902B2C79920089DB13 /* AuthorizationView.swift in Sources */ = {isa = PBXBuildFile; fileRef = 0949778C2B2C79910089DB13 /* AuthorizationView.swift */; };
		094977912B2C79920089DB13 /* AuthorizationViewModel.swift in Sources */ = {isa = PBXBuildFile; fileRef = 0949778D2B2C79910089DB13 /* AuthorizationViewModel.swift */; };
		094977972B2C799B0089DB13 /* Slide.swift in Sources */ = {isa = PBXBuildFile; fileRef = 094977932B2C799B0089DB13 /* Slide.swift */; };
		094977982B2C799B0089DB13 /* OnboardingViewController.swift in Sources */ = {isa = PBXBuildFile; fileRef = 094977942B2C799B0089DB13 /* OnboardingViewController.swift */; };
		094977992B2C799B0089DB13 /* OnboardingSlide.swift in Sources */ = {isa = PBXBuildFile; fileRef = 094977952B2C799B0089DB13 /* OnboardingSlide.swift */; };
		0949779A2B2C799B0089DB13 /* OnboardingViewModel.swift in Sources */ = {isa = PBXBuildFile; fileRef = 094977962B2C799B0089DB13 /* OnboardingViewModel.swift */; };
		095BE7D32B1E02CD00C6220E /* AuthorizationService.swift in Sources */ = {isa = PBXBuildFile; fileRef = 095BE7D22B1E02CD00C6220E /* AuthorizationService.swift */; };
		095BE7D52B1E058000C6220E /* Alert.swift in Sources */ = {isa = PBXBuildFile; fileRef = 095BE7D42B1E058000C6220E /* Alert.swift */; };
		095BE7E42B1F01C900C6220E /* RoundedBottomView.swift in Sources */ = {isa = PBXBuildFile; fileRef = 095BE7E32B1F01C900C6220E /* RoundedBottomView.swift */; };
		095BE7E82B1F07C200C6220E /* Reusable.swift in Sources */ = {isa = PBXBuildFile; fileRef = 095BE7E72B1F07C200C6220E /* Reusable.swift */; };
		095BE7EB2B203DCF00C6220E /* AuthorizationError.swift in Sources */ = {isa = PBXBuildFile; fileRef = 095BE7EA2B203DCF00C6220E /* AuthorizationError.swift */; };
		0965DA5C2B0FB50400A457CE /* Assets.xcassets in Resources */ = {isa = PBXBuildFile; fileRef = 0965DA552B0FB50400A457CE /* Assets.xcassets */; };
		0965DA5F2B0FB5D400A457CE /* LaunchScreen.storyboard in Resources */ = {isa = PBXBuildFile; fileRef = 0965DA5E2B0FB5D400A457CE /* LaunchScreen.storyboard */; };
		09DC064D2B2C8AFB00D71BEB /* OnboardingCoordinator.swift in Sources */ = {isa = PBXBuildFile; fileRef = 09DC06482B2C8AFB00D71BEB /* OnboardingCoordinator.swift */; };
		09DC064E2B2C8AFB00D71BEB /* AppCoordinator.swift in Sources */ = {isa = PBXBuildFile; fileRef = 09DC06492B2C8AFB00D71BEB /* AppCoordinator.swift */; };
		09DC064F2B2C8AFB00D71BEB /* CoordinatorProtocol.swift in Sources */ = {isa = PBXBuildFile; fileRef = 09DC064A2B2C8AFB00D71BEB /* CoordinatorProtocol.swift */; };
		09DC06502B2C8AFB00D71BEB /* MainScreenCoordinator.swift in Sources */ = {isa = PBXBuildFile; fileRef = 09DC064B2B2C8AFB00D71BEB /* MainScreenCoordinator.swift */; };
		09DC06512B2C8AFB00D71BEB /* AuthorizationCoordinator.swift in Sources */ = {isa = PBXBuildFile; fileRef = 09DC064C2B2C8AFB00D71BEB /* AuthorizationCoordinator.swift */; };
		1F29700E2B6128F0009866FD /* ProfileEditScreenController.swift in Sources */ = {isa = PBXBuildFile; fileRef = 1F29700D2B6128F0009866FD /* ProfileEditScreenController.swift */; };
		1F69E56A2B5A723D00722454 /* Array.swift in Sources */ = {isa = PBXBuildFile; fileRef = 1F69E5692B5A723D00722454 /* Array.swift */; };
		1F69E56C2B5A72AC00722454 /* LayoutConstans.swift in Sources */ = {isa = PBXBuildFile; fileRef = 1F69E56B2B5A72AC00722454 /* LayoutConstans.swift */; };
		1F69E5702B5A737700722454 /* LocationListViewModel.swift in Sources */ = {isa = PBXBuildFile; fileRef = 1F69E56F2B5A737700722454 /* LocationListViewModel.swift */; };
		1F69E5732B5A73BB00722454 /* LocationListViewController.swift in Sources */ = {isa = PBXBuildFile; fileRef = 1F69E5722B5A73BB00722454 /* LocationListViewController.swift */; };
		1F69E5772B5A73EF00722454 /* Location.swift in Sources */ = {isa = PBXBuildFile; fileRef = 1F69E5762B5A73EF00722454 /* Location.swift */; };
		1F69E5792B5A740D00722454 /* Category.swift in Sources */ = {isa = PBXBuildFile; fileRef = 1F69E5782B5A740D00722454 /* Category.swift */; };
		1F69E57B2B5A742A00722454 /* AgeCategory.swift in Sources */ = {isa = PBXBuildFile; fileRef = 1F69E57A2B5A742A00722454 /* AgeCategory.swift */; };
		1F69E57D2B5A744600722454 /* Equipment.swift in Sources */ = {isa = PBXBuildFile; fileRef = 1F69E57C2B5A744600722454 /* Equipment.swift */; };
		1F69E57F2B5A745800722454 /* Size.swift in Sources */ = {isa = PBXBuildFile; fileRef = 1F69E57E2B5A745800722454 /* Size.swift */; };
		1F69E5812B5A746C00722454 /* Coating.swift in Sources */ = {isa = PBXBuildFile; fileRef = 1F69E5802B5A746C00722454 /* Coating.swift */; };
		1F69E5832B5A749700722454 /* LocationCell.swift in Sources */ = {isa = PBXBuildFile; fileRef = 1F69E5822B5A749700722454 /* LocationCell.swift */; };
		1F69E5872B5A752C00722454 /* ProfileViewController.swift in Sources */ = {isa = PBXBuildFile; fileRef = 1F69E5862B5A752C00722454 /* ProfileViewController.swift */; };
		1F69E5892B5A755600722454 /* ProfileViewModel.swift in Sources */ = {isa = PBXBuildFile; fileRef = 1F69E5882B5A755600722454 /* ProfileViewModel.swift */; };
		1F69E58C2B5A757F00722454 /* ProfileModel.swift in Sources */ = {isa = PBXBuildFile; fileRef = 1F69E58B2B5A757F00722454 /* ProfileModel.swift */; };
		1F69E58E2B5A75BF00722454 /* ProfileHeaderView.swift in Sources */ = {isa = PBXBuildFile; fileRef = 1F69E58D2B5A75BF00722454 /* ProfileHeaderView.swift */; };
		1F69E5902B5A75F500722454 /* ProfileCollectionViewWithBanner.swift in Sources */ = {isa = PBXBuildFile; fileRef = 1F69E58F2B5A75F500722454 /* ProfileCollectionViewWithBanner.swift */; };
		1F69E5922B5A762E00722454 /* ProfileCollectionViewCell.swift in Sources */ = {isa = PBXBuildFile; fileRef = 1F69E5912B5A762E00722454 /* ProfileCollectionViewCell.swift */; };
		1F69E5942B5A774700722454 /* ProfileCoordinator.swift in Sources */ = {isa = PBXBuildFile; fileRef = 1F69E5932B5A774700722454 /* ProfileCoordinator.swift */; };
		1F69E5962B5D16D300722454 /* ProfileScreenViewModelProtocol.swift in Sources */ = {isa = PBXBuildFile; fileRef = 1F69E5952B5D16D300722454 /* ProfileScreenViewModelProtocol.swift */; };
		5ADDBD3C2B0FA24000CFA9C3 /* AppDelegate.swift in Sources */ = {isa = PBXBuildFile; fileRef = 5ADDBD3B2B0FA24000CFA9C3 /* AppDelegate.swift */; };
		5ADDBD3E2B0FA24000CFA9C3 /* SceneDelegate.swift in Sources */ = {isa = PBXBuildFile; fileRef = 5ADDBD3D2B0FA24000CFA9C3 /* SceneDelegate.swift */; };
/* End PBXBuildFile section */

/* Begin PBXFileReference section */
		091630E02B10FAF5007E193E /* Localized.swift */ = {isa = PBXFileReference; lastKnownFileType = sourcecode.swift; path = Localized.swift; sourceTree = "<group>"; };
		091630EB2B10FC2F007E193E /* en */ = {isa = PBXFileReference; lastKnownFileType = text.plist.strings; name = en; path = en.lproj/Localizable.strings; sourceTree = "<group>"; };
		092E66F52B1B166100FBB04E /* AuthTextField.swift */ = {isa = PBXFileReference; lastKnownFileType = sourcecode.swift; path = AuthTextField.swift; sourceTree = "<group>"; };
		0949777F2B2C79700089DB13 /* MainMenu.swift */ = {isa = PBXFileReference; fileEncoding = 4; lastKnownFileType = sourcecode.swift; path = MainMenu.swift; sourceTree = "<group>"; };
		094977802B2C79700089DB13 /* MainCollectionViewCell.swift */ = {isa = PBXFileReference; fileEncoding = 4; lastKnownFileType = sourcecode.swift; path = MainCollectionViewCell.swift; sourceTree = "<group>"; };
		094977812B2C79700089DB13 /* MainViewController.swift */ = {isa = PBXFileReference; fileEncoding = 4; lastKnownFileType = sourcecode.swift; path = MainViewController.swift; sourceTree = "<group>"; };
		094977822B2C79700089DB13 /* MainViewModel.swift */ = {isa = PBXFileReference; fileEncoding = 4; lastKnownFileType = sourcecode.swift; path = MainViewModel.swift; sourceTree = "<group>"; };
		094977832B2C79700089DB13 /* MainView.swift */ = {isa = PBXFileReference; fileEncoding = 4; lastKnownFileType = sourcecode.swift; path = MainView.swift; sourceTree = "<group>"; };
		0949778A2B2C79910089DB13 /* AuthorizationViewController.swift */ = {isa = PBXFileReference; fileEncoding = 4; lastKnownFileType = sourcecode.swift; path = AuthorizationViewController.swift; sourceTree = "<group>"; };
		0949778B2B2C79910089DB13 /* User.swift */ = {isa = PBXFileReference; fileEncoding = 4; lastKnownFileType = sourcecode.swift; path = User.swift; sourceTree = "<group>"; };
		0949778C2B2C79910089DB13 /* AuthorizationView.swift */ = {isa = PBXFileReference; fileEncoding = 4; lastKnownFileType = sourcecode.swift; path = AuthorizationView.swift; sourceTree = "<group>"; };
		0949778D2B2C79910089DB13 /* AuthorizationViewModel.swift */ = {isa = PBXFileReference; fileEncoding = 4; lastKnownFileType = sourcecode.swift; path = AuthorizationViewModel.swift; sourceTree = "<group>"; };
		094977932B2C799B0089DB13 /* Slide.swift */ = {isa = PBXFileReference; fileEncoding = 4; lastKnownFileType = sourcecode.swift; path = Slide.swift; sourceTree = "<group>"; };
		094977942B2C799B0089DB13 /* OnboardingViewController.swift */ = {isa = PBXFileReference; fileEncoding = 4; lastKnownFileType = sourcecode.swift; path = OnboardingViewController.swift; sourceTree = "<group>"; };
		094977952B2C799B0089DB13 /* OnboardingSlide.swift */ = {isa = PBXFileReference; fileEncoding = 4; lastKnownFileType = sourcecode.swift; path = OnboardingSlide.swift; sourceTree = "<group>"; };
		094977962B2C799B0089DB13 /* OnboardingViewModel.swift */ = {isa = PBXFileReference; fileEncoding = 4; lastKnownFileType = sourcecode.swift; path = OnboardingViewModel.swift; sourceTree = "<group>"; };
		095BE7D22B1E02CD00C6220E /* AuthorizationService.swift */ = {isa = PBXFileReference; lastKnownFileType = sourcecode.swift; path = AuthorizationService.swift; sourceTree = "<group>"; };
		095BE7D42B1E058000C6220E /* Alert.swift */ = {isa = PBXFileReference; lastKnownFileType = sourcecode.swift; path = Alert.swift; sourceTree = "<group>"; };
		095BE7E32B1F01C900C6220E /* RoundedBottomView.swift */ = {isa = PBXFileReference; fileEncoding = 4; lastKnownFileType = sourcecode.swift; path = RoundedBottomView.swift; sourceTree = "<group>"; };
		095BE7E72B1F07C200C6220E /* Reusable.swift */ = {isa = PBXFileReference; fileEncoding = 4; lastKnownFileType = sourcecode.swift; path = Reusable.swift; sourceTree = "<group>"; };
		095BE7EA2B203DCF00C6220E /* AuthorizationError.swift */ = {isa = PBXFileReference; lastKnownFileType = sourcecode.swift; path = AuthorizationError.swift; sourceTree = "<group>"; };
		0965DA552B0FB50400A457CE /* Assets.xcassets */ = {isa = PBXFileReference; lastKnownFileType = folder.assetcatalog; path = Assets.xcassets; sourceTree = "<group>"; };
		0965DA5E2B0FB5D400A457CE /* LaunchScreen.storyboard */ = {isa = PBXFileReference; lastKnownFileType = file.storyboard; path = LaunchScreen.storyboard; sourceTree = "<group>"; };
		09DC06482B2C8AFB00D71BEB /* OnboardingCoordinator.swift */ = {isa = PBXFileReference; fileEncoding = 4; lastKnownFileType = sourcecode.swift; path = OnboardingCoordinator.swift; sourceTree = "<group>"; };
		09DC06492B2C8AFB00D71BEB /* AppCoordinator.swift */ = {isa = PBXFileReference; fileEncoding = 4; lastKnownFileType = sourcecode.swift; path = AppCoordinator.swift; sourceTree = "<group>"; };
		09DC064A2B2C8AFB00D71BEB /* CoordinatorProtocol.swift */ = {isa = PBXFileReference; fileEncoding = 4; lastKnownFileType = sourcecode.swift; path = CoordinatorProtocol.swift; sourceTree = "<group>"; };
		09DC064B2B2C8AFB00D71BEB /* MainScreenCoordinator.swift */ = {isa = PBXFileReference; fileEncoding = 4; lastKnownFileType = sourcecode.swift; path = MainScreenCoordinator.swift; sourceTree = "<group>"; };
		09DC064C2B2C8AFB00D71BEB /* AuthorizationCoordinator.swift */ = {isa = PBXFileReference; fileEncoding = 4; lastKnownFileType = sourcecode.swift; path = AuthorizationCoordinator.swift; sourceTree = "<group>"; };
		1F29700D2B6128F0009866FD /* ProfileEditScreenController.swift */ = {isa = PBXFileReference; lastKnownFileType = sourcecode.swift; path = ProfileEditScreenController.swift; sourceTree = "<group>"; };
		1F69E5692B5A723D00722454 /* Array.swift */ = {isa = PBXFileReference; lastKnownFileType = sourcecode.swift; path = Array.swift; sourceTree = "<group>"; };
		1F69E56B2B5A72AC00722454 /* LayoutConstans.swift */ = {isa = PBXFileReference; lastKnownFileType = sourcecode.swift; path = LayoutConstans.swift; sourceTree = "<group>"; };
		1F69E56F2B5A737700722454 /* LocationListViewModel.swift */ = {isa = PBXFileReference; lastKnownFileType = sourcecode.swift; path = LocationListViewModel.swift; sourceTree = "<group>"; };
		1F69E5722B5A73BB00722454 /* LocationListViewController.swift */ = {isa = PBXFileReference; lastKnownFileType = sourcecode.swift; path = LocationListViewController.swift; sourceTree = "<group>"; };
		1F69E5762B5A73EF00722454 /* Location.swift */ = {isa = PBXFileReference; lastKnownFileType = sourcecode.swift; path = Location.swift; sourceTree = "<group>"; };
		1F69E5782B5A740D00722454 /* Category.swift */ = {isa = PBXFileReference; lastKnownFileType = sourcecode.swift; path = Category.swift; sourceTree = "<group>"; };
		1F69E57A2B5A742A00722454 /* AgeCategory.swift */ = {isa = PBXFileReference; lastKnownFileType = sourcecode.swift; path = AgeCategory.swift; sourceTree = "<group>"; };
		1F69E57C2B5A744600722454 /* Equipment.swift */ = {isa = PBXFileReference; lastKnownFileType = sourcecode.swift; path = Equipment.swift; sourceTree = "<group>"; };
		1F69E57E2B5A745800722454 /* Size.swift */ = {isa = PBXFileReference; lastKnownFileType = sourcecode.swift; path = Size.swift; sourceTree = "<group>"; };
		1F69E5802B5A746C00722454 /* Coating.swift */ = {isa = PBXFileReference; lastKnownFileType = sourcecode.swift; path = Coating.swift; sourceTree = "<group>"; };
		1F69E5822B5A749700722454 /* LocationCell.swift */ = {isa = PBXFileReference; lastKnownFileType = sourcecode.swift; path = LocationCell.swift; sourceTree = "<group>"; };
		1F69E5862B5A752C00722454 /* ProfileViewController.swift */ = {isa = PBXFileReference; lastKnownFileType = sourcecode.swift; path = ProfileViewController.swift; sourceTree = "<group>"; };
		1F69E5882B5A755600722454 /* ProfileViewModel.swift */ = {isa = PBXFileReference; lastKnownFileType = sourcecode.swift; path = ProfileViewModel.swift; sourceTree = "<group>"; };
		1F69E58B2B5A757F00722454 /* ProfileModel.swift */ = {isa = PBXFileReference; lastKnownFileType = sourcecode.swift; path = ProfileModel.swift; sourceTree = "<group>"; };
		1F69E58D2B5A75BF00722454 /* ProfileHeaderView.swift */ = {isa = PBXFileReference; lastKnownFileType = sourcecode.swift; path = ProfileHeaderView.swift; sourceTree = "<group>"; };
		1F69E58F2B5A75F500722454 /* ProfileCollectionViewWithBanner.swift */ = {isa = PBXFileReference; lastKnownFileType = sourcecode.swift; path = ProfileCollectionViewWithBanner.swift; sourceTree = "<group>"; };
		1F69E5912B5A762E00722454 /* ProfileCollectionViewCell.swift */ = {isa = PBXFileReference; lastKnownFileType = sourcecode.swift; path = ProfileCollectionViewCell.swift; sourceTree = "<group>"; };
		1F69E5932B5A774700722454 /* ProfileCoordinator.swift */ = {isa = PBXFileReference; lastKnownFileType = sourcecode.swift; path = ProfileCoordinator.swift; sourceTree = "<group>"; };
		1F69E5952B5D16D300722454 /* ProfileScreenViewModelProtocol.swift */ = {isa = PBXFileReference; lastKnownFileType = sourcecode.swift; path = ProfileScreenViewModelProtocol.swift; sourceTree = "<group>"; };
		5AA93B9F2B14DE8100E2908A /* ru */ = {isa = PBXFileReference; lastKnownFileType = text.plist.strings; name = ru; path = ru.lproj/Localizable.strings; sourceTree = "<group>"; };
		5ADDBD382B0FA23F00CFA9C3 /* mams.paps.app */ = {isa = PBXFileReference; explicitFileType = wrapper.application; includeInIndex = 0; path = mams.paps.app; sourceTree = BUILT_PRODUCTS_DIR; };
		5ADDBD3B2B0FA24000CFA9C3 /* AppDelegate.swift */ = {isa = PBXFileReference; lastKnownFileType = sourcecode.swift; path = AppDelegate.swift; sourceTree = "<group>"; };
		5ADDBD3D2B0FA24000CFA9C3 /* SceneDelegate.swift */ = {isa = PBXFileReference; lastKnownFileType = sourcecode.swift; path = SceneDelegate.swift; sourceTree = "<group>"; };
		5ADDBD492B0FA24100CFA9C3 /* Info.plist */ = {isa = PBXFileReference; lastKnownFileType = text.plist.xml; path = Info.plist; sourceTree = "<group>"; };
/* End PBXFileReference section */

/* Begin PBXFrameworksBuildPhase section */
		5ADDBD352B0FA23F00CFA9C3 /* Frameworks */ = {
			isa = PBXFrameworksBuildPhase;
			buildActionMask = 2147483647;
			files = (
			);
			runOnlyForDeploymentPostprocessing = 0;
		};
/* End PBXFrameworksBuildPhase section */

/* Begin PBXGroup section */
		091630DF2B10FAD8007E193E /* Common */ = {
			isa = PBXGroup;
			children = (
				095BE7D42B1E058000C6220E /* Alert.swift */,
				092E66F52B1B166100FBB04E /* AuthTextField.swift */,
				091630E02B10FAF5007E193E /* Localized.swift */,
				095BE7E72B1F07C200C6220E /* Reusable.swift */,
				095BE7E32B1F01C900C6220E /* RoundedBottomView.swift */,
				1F69E5692B5A723D00722454 /* Array.swift */,
				1F69E56B2B5A72AC00722454 /* LayoutConstans.swift */,
			);
			path = Common;
			sourceTree = "<group>";
		};
		0949777E2B2C79700089DB13 /* MainScreen */ = {
			isa = PBXGroup;
			children = (
				094977812B2C79700089DB13 /* MainViewController.swift */,
				094977832B2C79700089DB13 /* MainView.swift */,
				094977822B2C79700089DB13 /* MainViewModel.swift */,
				094977802B2C79700089DB13 /* MainCollectionViewCell.swift */,
				0949777F2B2C79700089DB13 /* MainMenu.swift */,
			);
			path = MainScreen;
			sourceTree = "<group>";
		};
		094977892B2C79910089DB13 /* AuthorizationScreen */ = {
			isa = PBXGroup;
			children = (
				0949778A2B2C79910089DB13 /* AuthorizationViewController.swift */,
				0949778C2B2C79910089DB13 /* AuthorizationView.swift */,
				0949778D2B2C79910089DB13 /* AuthorizationViewModel.swift */,
				0949778B2B2C79910089DB13 /* User.swift */,
			);
			path = AuthorizationScreen;
			sourceTree = "<group>";
		};
		094977922B2C799B0089DB13 /* Onboarding */ = {
			isa = PBXGroup;
			children = (
				094977942B2C799B0089DB13 /* OnboardingViewController.swift */,
				094977962B2C799B0089DB13 /* OnboardingViewModel.swift */,
				094977952B2C799B0089DB13 /* OnboardingSlide.swift */,
				094977932B2C799B0089DB13 /* Slide.swift */,
			);
			path = Onboarding;
			sourceTree = "<group>";
		};
		095BE7E92B20322300C6220E /* Services */ = {
			isa = PBXGroup;
			children = (
				095BE7D22B1E02CD00C6220E /* AuthorizationService.swift */,
				095BE7EA2B203DCF00C6220E /* AuthorizationError.swift */,
			);
			path = Services;
			sourceTree = "<group>";
		};
		09DC06472B2C8AFB00D71BEB /* Coordinators */ = {
			isa = PBXGroup;
			children = (
				09DC064A2B2C8AFB00D71BEB /* CoordinatorProtocol.swift */,
				09DC06492B2C8AFB00D71BEB /* AppCoordinator.swift */,
				09DC06482B2C8AFB00D71BEB /* OnboardingCoordinator.swift */,
				09DC064C2B2C8AFB00D71BEB /* AuthorizationCoordinator.swift */,
				09DC064B2B2C8AFB00D71BEB /* MainScreenCoordinator.swift */,
				1F69E5932B5A774700722454 /* ProfileCoordinator.swift */,
			);
			path = Coordinators;
			sourceTree = "<group>";
		};
		1F69E56D2B5A732D00722454 /* LocationListFlow */ = {
			isa = PBXGroup;
			children = (
				1F69E5742B5A73CD00722454 /* LocationModel */,
				1F69E5712B5A739800722454 /* LocationView */,
				1F69E56E2B5A734C00722454 /* LocationListViewModel */,
			);
			path = LocationListFlow;
			sourceTree = "<group>";
		};
		1F69E56E2B5A734C00722454 /* LocationListViewModel */ = {
			isa = PBXGroup;
			children = (
				1F69E56F2B5A737700722454 /* LocationListViewModel.swift */,
			);
			path = LocationListViewModel;
			sourceTree = "<group>";
		};
		1F69E5712B5A739800722454 /* LocationView */ = {
			isa = PBXGroup;
			children = (
				1F69E5722B5A73BB00722454 /* LocationListViewController.swift */,
			);
			path = LocationView;
			sourceTree = "<group>";
		};
		1F69E5742B5A73CD00722454 /* LocationModel */ = {
			isa = PBXGroup;
			children = (
				1F69E5752B5A73DF00722454 /* Models */,
				1F69E5822B5A749700722454 /* LocationCell.swift */,
			);
			path = LocationModel;
			sourceTree = "<group>";
		};
		1F69E5752B5A73DF00722454 /* Models */ = {
			isa = PBXGroup;
			children = (
				1F69E5762B5A73EF00722454 /* Location.swift */,
				1F69E5782B5A740D00722454 /* Category.swift */,
				1F69E57A2B5A742A00722454 /* AgeCategory.swift */,
				1F69E57C2B5A744600722454 /* Equipment.swift */,
				1F69E57E2B5A745800722454 /* Size.swift */,
				1F69E5802B5A746C00722454 /* Coating.swift */,
			);
			path = Models;
			sourceTree = "<group>";
		};
		1F69E5842B5A74E900722454 /* ProfileScreen */ = {
			isa = PBXGroup;
			children = (
				1F69E58A2B5A756600722454 /* ProfileModel */,
				1F69E5852B5A751200722454 /* ProfileView */,
			);
			path = ProfileScreen;
			sourceTree = "<group>";
		};
		1F69E5852B5A751200722454 /* ProfileView */ = {
			isa = PBXGroup;
			children = (
				1F69E5862B5A752C00722454 /* ProfileViewController.swift */,
				1F69E5882B5A755600722454 /* ProfileViewModel.swift */,
				1F69E5952B5D16D300722454 /* ProfileScreenViewModelProtocol.swift */,
				1F29700D2B6128F0009866FD /* ProfileEditScreenController.swift */,
			);
			path = ProfileView;
			sourceTree = "<group>";
		};
		1F69E58A2B5A756600722454 /* ProfileModel */ = {
			isa = PBXGroup;
			children = (
				1F69E58B2B5A757F00722454 /* ProfileModel.swift */,
				1F69E58D2B5A75BF00722454 /* ProfileHeaderView.swift */,
				1F69E58F2B5A75F500722454 /* ProfileCollectionViewWithBanner.swift */,
				1F69E5912B5A762E00722454 /* ProfileCollectionViewCell.swift */,
			);
			path = ProfileModel;
			sourceTree = "<group>";
		};
		5ADDBD2F2B0FA23E00CFA9C3 = {
			isa = PBXGroup;
			children = (
				5ADDBD3A2B0FA23F00CFA9C3 /* mams.paps */,
				5ADDBD392B0FA23F00CFA9C3 /* Products */,
			);
			sourceTree = "<group>";
		};
		5ADDBD392B0FA23F00CFA9C3 /* Products */ = {
			isa = PBXGroup;
			children = (
				5ADDBD382B0FA23F00CFA9C3 /* mams.paps.app */,
			);
			name = Products;
			sourceTree = "<group>";
		};
		5ADDBD3A2B0FA23F00CFA9C3 /* mams.paps */ = {
			isa = PBXGroup;
			children = (
				1F69E5842B5A74E900722454 /* ProfileScreen */,
				1F69E56D2B5A732D00722454 /* LocationListFlow */,
				095BE7E92B20322300C6220E /* Services */,
				5ADDBD4F2B0FA25400CFA9C3 /* App */,
				09DC06472B2C8AFB00D71BEB /* Coordinators */,
				094977922B2C799B0089DB13 /* Onboarding */,
				094977892B2C79910089DB13 /* AuthorizationScreen */,
				0949777E2B2C79700089DB13 /* MainScreen */,
				0965DA552B0FB50400A457CE /* Assets.xcassets */,
				0965DA5E2B0FB5D400A457CE /* LaunchScreen.storyboard */,
				091630DF2B10FAD8007E193E /* Common */,
				5ADDBD492B0FA24100CFA9C3 /* Info.plist */,
				091630EC2B10FC2F007E193E /* Localizable.strings */,
			);
			path = mams.paps;
			sourceTree = "<group>";
		};
		5ADDBD4F2B0FA25400CFA9C3 /* App */ = {
			isa = PBXGroup;
			children = (
				5ADDBD3B2B0FA24000CFA9C3 /* AppDelegate.swift */,
				5ADDBD3D2B0FA24000CFA9C3 /* SceneDelegate.swift */,
			);
			path = App;
			sourceTree = "<group>";
		};
/* End PBXGroup section */

/* Begin PBXNativeTarget section */
		5ADDBD372B0FA23F00CFA9C3 /* mams.paps */ = {
			isa = PBXNativeTarget;
			buildConfigurationList = 5ADDBD4C2B0FA24100CFA9C3 /* Build configuration list for PBXNativeTarget "mams.paps" */;
			buildPhases = (
				5ADDBD342B0FA23F00CFA9C3 /* Sources */,
				5ADDBD352B0FA23F00CFA9C3 /* Frameworks */,
				5ADDBD362B0FA23F00CFA9C3 /* Resources */,
			);
			buildRules = (
			);
			dependencies = (
			);
			name = mams.paps;
			productName = mams.paps;
			productReference = 5ADDBD382B0FA23F00CFA9C3 /* mams.paps.app */;
			productType = "com.apple.product-type.application";
		};
/* End PBXNativeTarget section */

/* Begin PBXProject section */
		5ADDBD302B0FA23E00CFA9C3 /* Project object */ = {
			isa = PBXProject;
			attributes = {
				BuildIndependentTargetsInParallel = 1;
				LastSwiftUpdateCheck = 1500;
				LastUpgradeCheck = 1500;
				TargetAttributes = {
					5ADDBD372B0FA23F00CFA9C3 = {
						CreatedOnToolsVersion = 15.0;
					};
				};
			};
			buildConfigurationList = 5ADDBD332B0FA23E00CFA9C3 /* Build configuration list for PBXProject "mams.paps" */;
			compatibilityVersion = "Xcode 14.0";
			developmentRegion = ru;
			hasScannedForEncodings = 0;
			knownRegions = (
				en,
				Base,
				ru,
			);
			mainGroup = 5ADDBD2F2B0FA23E00CFA9C3;
			productRefGroup = 5ADDBD392B0FA23F00CFA9C3 /* Products */;
			projectDirPath = "";
			projectRoot = "";
			targets = (
				5ADDBD372B0FA23F00CFA9C3 /* mams.paps */,
			);
		};
/* End PBXProject section */

/* Begin PBXResourcesBuildPhase section */
		5ADDBD362B0FA23F00CFA9C3 /* Resources */ = {
			isa = PBXResourcesBuildPhase;
			buildActionMask = 2147483647;
			files = (
				0965DA5F2B0FB5D400A457CE /* LaunchScreen.storyboard in Resources */,
				091630EA2B10FC2F007E193E /* Localizable.strings in Resources */,
				0965DA5C2B0FB50400A457CE /* Assets.xcassets in Resources */,
			);
			runOnlyForDeploymentPostprocessing = 0;
		};
/* End PBXResourcesBuildPhase section */

/* Begin PBXSourcesBuildPhase section */
		5ADDBD342B0FA23F00CFA9C3 /* Sources */ = {
			isa = PBXSourcesBuildPhase;
			buildActionMask = 2147483647;
			files = (
				5ADDBD3C2B0FA24000CFA9C3 /* AppDelegate.swift in Sources */,
				095BE7D52B1E058000C6220E /* Alert.swift in Sources */,
				1F69E5772B5A73EF00722454 /* Location.swift in Sources */,
				095BE7E82B1F07C200C6220E /* Reusable.swift in Sources */,
				1F69E57F2B5A745800722454 /* Size.swift in Sources */,
				1F69E58C2B5A757F00722454 /* ProfileModel.swift in Sources */,
				094977872B2C79700089DB13 /* MainViewModel.swift in Sources */,
				0949779A2B2C799B0089DB13 /* OnboardingViewModel.swift in Sources */,
				091630E12B10FAF5007E193E /* Localized.swift in Sources */,
				095BE7D32B1E02CD00C6220E /* AuthorizationService.swift in Sources */,
				1F29700E2B6128F0009866FD /* ProfileEditScreenController.swift in Sources */,
				09DC06512B2C8AFB00D71BEB /* AuthorizationCoordinator.swift in Sources */,
				1F69E57B2B5A742A00722454 /* AgeCategory.swift in Sources */,
				094977912B2C79920089DB13 /* AuthorizationViewModel.swift in Sources */,
				1F69E56A2B5A723D00722454 /* Array.swift in Sources */,
				1F69E5922B5A762E00722454 /* ProfileCollectionViewCell.swift in Sources */,
				094977992B2C799B0089DB13 /* OnboardingSlide.swift in Sources */,
				1F69E5892B5A755600722454 /* ProfileViewModel.swift in Sources */,
				095BE7E42B1F01C900C6220E /* RoundedBottomView.swift in Sources */,
				0949778E2B2C79920089DB13 /* AuthorizationViewController.swift in Sources */,
				09DC06502B2C8AFB00D71BEB /* MainScreenCoordinator.swift in Sources */,
				09DC064D2B2C8AFB00D71BEB /* OnboardingCoordinator.swift in Sources */,
				1F69E5732B5A73BB00722454 /* LocationListViewController.swift in Sources */,
				1F69E56C2B5A72AC00722454 /* LayoutConstans.swift in Sources */,
				1F69E57D2B5A744600722454 /* Equipment.swift in Sources */,
				09DC064E2B2C8AFB00D71BEB /* AppCoordinator.swift in Sources */,
				094977902B2C79920089DB13 /* AuthorizationView.swift in Sources */,
				1F69E58E2B5A75BF00722454 /* ProfileHeaderView.swift in Sources */,
				094977982B2C799B0089DB13 /* OnboardingViewController.swift in Sources */,
				094977842B2C79700089DB13 /* MainMenu.swift in Sources */,
				094977972B2C799B0089DB13 /* Slide.swift in Sources */,
				094977862B2C79700089DB13 /* MainViewController.swift in Sources */,
				09DC064F2B2C8AFB00D71BEB /* CoordinatorProtocol.swift in Sources */,
				1F69E5962B5D16D300722454 /* ProfileScreenViewModelProtocol.swift in Sources */,
				092E66F62B1B166100FBB04E /* AuthTextField.swift in Sources */,
				094977882B2C79700089DB13 /* MainView.swift in Sources */,
				094977852B2C79700089DB13 /* MainCollectionViewCell.swift in Sources */,
				1F69E5812B5A746C00722454 /* Coating.swift in Sources */,
				095BE7EB2B203DCF00C6220E /* AuthorizationError.swift in Sources */,
				5ADDBD3E2B0FA24000CFA9C3 /* SceneDelegate.swift in Sources */,
				1F69E5902B5A75F500722454 /* ProfileCollectionViewWithBanner.swift in Sources */,
				1F69E5832B5A749700722454 /* LocationCell.swift in Sources */,
				0949778F2B2C79920089DB13 /* User.swift in Sources */,
				1F69E5872B5A752C00722454 /* ProfileViewController.swift in Sources */,
				1F69E5702B5A737700722454 /* LocationListViewModel.swift in Sources */,
				1F69E5942B5A774700722454 /* ProfileCoordinator.swift in Sources */,
				1F69E5792B5A740D00722454 /* Category.swift in Sources */,
			);
			runOnlyForDeploymentPostprocessing = 0;
		};
/* End PBXSourcesBuildPhase section */

/* Begin PBXVariantGroup section */
		091630EC2B10FC2F007E193E /* Localizable.strings */ = {
			isa = PBXVariantGroup;
			children = (
				091630EB2B10FC2F007E193E /* en */,
				5AA93B9F2B14DE8100E2908A /* ru */,
			);
			name = Localizable.strings;
			sourceTree = "<group>";
		};
/* End PBXVariantGroup section */

/* Begin XCBuildConfiguration section */
		5ADDBD4A2B0FA24100CFA9C3 /* Debug */ = {
			isa = XCBuildConfiguration;
			buildSettings = {
				ALWAYS_SEARCH_USER_PATHS = NO;
				ASSETCATALOG_COMPILER_GENERATE_SWIFT_ASSET_SYMBOL_EXTENSIONS = YES;
				CLANG_ANALYZER_LOCALIZABILITY_NONLOCALIZED = YES;
				CLANG_ANALYZER_NONNULL = YES;
				CLANG_ANALYZER_NUMBER_OBJECT_CONVERSION = YES_AGGRESSIVE;
				CLANG_CXX_LANGUAGE_STANDARD = "gnu++20";
				CLANG_ENABLE_MODULES = YES;
				CLANG_ENABLE_OBJC_ARC = YES;
				CLANG_ENABLE_OBJC_WEAK = YES;
				CLANG_WARN_BLOCK_CAPTURE_AUTORELEASING = YES;
				CLANG_WARN_BOOL_CONVERSION = YES;
				CLANG_WARN_COMMA = YES;
				CLANG_WARN_CONSTANT_CONVERSION = YES;
				CLANG_WARN_DEPRECATED_OBJC_IMPLEMENTATIONS = YES;
				CLANG_WARN_DIRECT_OBJC_ISA_USAGE = YES_ERROR;
				CLANG_WARN_DOCUMENTATION_COMMENTS = YES;
				CLANG_WARN_EMPTY_BODY = YES;
				CLANG_WARN_ENUM_CONVERSION = YES;
				CLANG_WARN_INFINITE_RECURSION = YES;
				CLANG_WARN_INT_CONVERSION = YES;
				CLANG_WARN_NON_LITERAL_NULL_CONVERSION = YES;
				CLANG_WARN_OBJC_IMPLICIT_RETAIN_SELF = YES;
				CLANG_WARN_OBJC_LITERAL_CONVERSION = YES;
				CLANG_WARN_OBJC_ROOT_CLASS = YES_ERROR;
				CLANG_WARN_QUOTED_INCLUDE_IN_FRAMEWORK_HEADER = YES;
				CLANG_WARN_RANGE_LOOP_ANALYSIS = YES;
				CLANG_WARN_STRICT_PROTOTYPES = YES;
				CLANG_WARN_SUSPICIOUS_MOVE = YES;
				CLANG_WARN_UNGUARDED_AVAILABILITY = YES_AGGRESSIVE;
				CLANG_WARN_UNREACHABLE_CODE = YES;
				CLANG_WARN__DUPLICATE_METHOD_MATCH = YES;
				COPY_PHASE_STRIP = NO;
				DEBUG_INFORMATION_FORMAT = dwarf;
				ENABLE_STRICT_OBJC_MSGSEND = YES;
				ENABLE_TESTABILITY = YES;
				ENABLE_USER_SCRIPT_SANDBOXING = YES;
				GCC_C_LANGUAGE_STANDARD = gnu17;
				GCC_DYNAMIC_NO_PIC = NO;
				GCC_NO_COMMON_BLOCKS = YES;
				GCC_OPTIMIZATION_LEVEL = 0;
				GCC_PREPROCESSOR_DEFINITIONS = (
					"DEBUG=1",
					"$(inherited)",
				);
				GCC_WARN_64_TO_32_BIT_CONVERSION = YES;
				GCC_WARN_ABOUT_RETURN_TYPE = YES_ERROR;
				GCC_WARN_UNDECLARED_SELECTOR = YES;
				GCC_WARN_UNINITIALIZED_AUTOS = YES_AGGRESSIVE;
				GCC_WARN_UNUSED_FUNCTION = YES;
				GCC_WARN_UNUSED_VARIABLE = YES;
				IPHONEOS_DEPLOYMENT_TARGET = 17.0;
				LOCALIZATION_PREFERS_STRING_CATALOGS = YES;
				MTL_ENABLE_DEBUG_INFO = INCLUDE_SOURCE;
				MTL_FAST_MATH = YES;
				ONLY_ACTIVE_ARCH = YES;
				SDKROOT = iphoneos;
				SWIFT_ACTIVE_COMPILATION_CONDITIONS = "DEBUG $(inherited)";
				SWIFT_OPTIMIZATION_LEVEL = "-Onone";
			};
			name = Debug;
		};
		5ADDBD4B2B0FA24100CFA9C3 /* Release */ = {
			isa = XCBuildConfiguration;
			buildSettings = {
				ALWAYS_SEARCH_USER_PATHS = NO;
				ASSETCATALOG_COMPILER_GENERATE_SWIFT_ASSET_SYMBOL_EXTENSIONS = YES;
				CLANG_ANALYZER_LOCALIZABILITY_NONLOCALIZED = YES;
				CLANG_ANALYZER_NONNULL = YES;
				CLANG_ANALYZER_NUMBER_OBJECT_CONVERSION = YES_AGGRESSIVE;
				CLANG_CXX_LANGUAGE_STANDARD = "gnu++20";
				CLANG_ENABLE_MODULES = YES;
				CLANG_ENABLE_OBJC_ARC = YES;
				CLANG_ENABLE_OBJC_WEAK = YES;
				CLANG_WARN_BLOCK_CAPTURE_AUTORELEASING = YES;
				CLANG_WARN_BOOL_CONVERSION = YES;
				CLANG_WARN_COMMA = YES;
				CLANG_WARN_CONSTANT_CONVERSION = YES;
				CLANG_WARN_DEPRECATED_OBJC_IMPLEMENTATIONS = YES;
				CLANG_WARN_DIRECT_OBJC_ISA_USAGE = YES_ERROR;
				CLANG_WARN_DOCUMENTATION_COMMENTS = YES;
				CLANG_WARN_EMPTY_BODY = YES;
				CLANG_WARN_ENUM_CONVERSION = YES;
				CLANG_WARN_INFINITE_RECURSION = YES;
				CLANG_WARN_INT_CONVERSION = YES;
				CLANG_WARN_NON_LITERAL_NULL_CONVERSION = YES;
				CLANG_WARN_OBJC_IMPLICIT_RETAIN_SELF = YES;
				CLANG_WARN_OBJC_LITERAL_CONVERSION = YES;
				CLANG_WARN_OBJC_ROOT_CLASS = YES_ERROR;
				CLANG_WARN_QUOTED_INCLUDE_IN_FRAMEWORK_HEADER = YES;
				CLANG_WARN_RANGE_LOOP_ANALYSIS = YES;
				CLANG_WARN_STRICT_PROTOTYPES = YES;
				CLANG_WARN_SUSPICIOUS_MOVE = YES;
				CLANG_WARN_UNGUARDED_AVAILABILITY = YES_AGGRESSIVE;
				CLANG_WARN_UNREACHABLE_CODE = YES;
				CLANG_WARN__DUPLICATE_METHOD_MATCH = YES;
				COPY_PHASE_STRIP = NO;
				DEBUG_INFORMATION_FORMAT = "dwarf-with-dsym";
				ENABLE_NS_ASSERTIONS = NO;
				ENABLE_STRICT_OBJC_MSGSEND = YES;
				ENABLE_USER_SCRIPT_SANDBOXING = YES;
				GCC_C_LANGUAGE_STANDARD = gnu17;
				GCC_NO_COMMON_BLOCKS = YES;
				GCC_WARN_64_TO_32_BIT_CONVERSION = YES;
				GCC_WARN_ABOUT_RETURN_TYPE = YES_ERROR;
				GCC_WARN_UNDECLARED_SELECTOR = YES;
				GCC_WARN_UNINITIALIZED_AUTOS = YES_AGGRESSIVE;
				GCC_WARN_UNUSED_FUNCTION = YES;
				GCC_WARN_UNUSED_VARIABLE = YES;
				IPHONEOS_DEPLOYMENT_TARGET = 17.0;
				LOCALIZATION_PREFERS_STRING_CATALOGS = YES;
				MTL_ENABLE_DEBUG_INFO = NO;
				MTL_FAST_MATH = YES;
				SDKROOT = iphoneos;
				SWIFT_COMPILATION_MODE = wholemodule;
				VALIDATE_PRODUCT = YES;
			};
			name = Release;
		};
		5ADDBD4D2B0FA24100CFA9C3 /* Debug */ = {
			isa = XCBuildConfiguration;
			buildSettings = {
				ASSETCATALOG_COMPILER_APPICON_NAME = AppIcon;
				ASSETCATALOG_COMPILER_GLOBAL_ACCENT_COLOR_NAME = AccentColor;
				CODE_SIGN_STYLE = Automatic;
				CURRENT_PROJECT_VERSION = 1;
				DEVELOPMENT_TEAM = 6BFYV367MM;
				GENERATE_INFOPLIST_FILE = YES;
				INFOPLIST_FILE = mams.paps/Info.plist;
				INFOPLIST_KEY_UIApplicationSupportsIndirectInputEvents = YES;
				INFOPLIST_KEY_UILaunchStoryboardName = LaunchScreen;
				INFOPLIST_KEY_UISupportedInterfaceOrientations_iPad = "UIInterfaceOrientationPortrait UIInterfaceOrientationPortraitUpsideDown UIInterfaceOrientationLandscapeLeft UIInterfaceOrientationLandscapeRight";
				INFOPLIST_KEY_UISupportedInterfaceOrientations_iPhone = "UIInterfaceOrientationPortrait UIInterfaceOrientationLandscapeLeft UIInterfaceOrientationLandscapeRight";
				LD_RUNPATH_SEARCH_PATHS = (
					"$(inherited)",
					"@executable_path/Frameworks",
				);
				MARKETING_VERSION = 1.0;
				PRODUCT_BUNDLE_IDENTIFIER = "mams-paps";
				PRODUCT_NAME = "$(TARGET_NAME)";
				SWIFT_EMIT_LOC_STRINGS = YES;
				SWIFT_VERSION = 5.0;
				TARGETED_DEVICE_FAMILY = "1,2";
			};
			name = Debug;
		};
		5ADDBD4E2B0FA24100CFA9C3 /* Release */ = {
			isa = XCBuildConfiguration;
			buildSettings = {
				ASSETCATALOG_COMPILER_APPICON_NAME = AppIcon;
				ASSETCATALOG_COMPILER_GLOBAL_ACCENT_COLOR_NAME = AccentColor;
				CODE_SIGN_STYLE = Automatic;
				CURRENT_PROJECT_VERSION = 1;
				DEVELOPMENT_TEAM = 6BFYV367MM;
				GENERATE_INFOPLIST_FILE = YES;
				INFOPLIST_FILE = mams.paps/Info.plist;
				INFOPLIST_KEY_UIApplicationSupportsIndirectInputEvents = YES;
				INFOPLIST_KEY_UILaunchStoryboardName = LaunchScreen;
				INFOPLIST_KEY_UISupportedInterfaceOrientations_iPad = "UIInterfaceOrientationPortrait UIInterfaceOrientationPortraitUpsideDown UIInterfaceOrientationLandscapeLeft UIInterfaceOrientationLandscapeRight";
				INFOPLIST_KEY_UISupportedInterfaceOrientations_iPhone = "UIInterfaceOrientationPortrait UIInterfaceOrientationLandscapeLeft UIInterfaceOrientationLandscapeRight";
				LD_RUNPATH_SEARCH_PATHS = (
					"$(inherited)",
					"@executable_path/Frameworks",
				);
				MARKETING_VERSION = 1.0;
				PRODUCT_BUNDLE_IDENTIFIER = "mams-paps";
				PRODUCT_NAME = "$(TARGET_NAME)";
				SWIFT_EMIT_LOC_STRINGS = YES;
				SWIFT_VERSION = 5.0;
				TARGETED_DEVICE_FAMILY = "1,2";
			};
			name = Release;
		};
/* End XCBuildConfiguration section */

/* Begin XCConfigurationList section */
		5ADDBD332B0FA23E00CFA9C3 /* Build configuration list for PBXProject "mams.paps" */ = {
			isa = XCConfigurationList;
			buildConfigurations = (
				5ADDBD4A2B0FA24100CFA9C3 /* Debug */,
				5ADDBD4B2B0FA24100CFA9C3 /* Release */,
			);
			defaultConfigurationIsVisible = 0;
			defaultConfigurationName = Release;
		};
		5ADDBD4C2B0FA24100CFA9C3 /* Build configuration list for PBXNativeTarget "mams.paps" */ = {
			isa = XCConfigurationList;
			buildConfigurations = (
				5ADDBD4D2B0FA24100CFA9C3 /* Debug */,
				5ADDBD4E2B0FA24100CFA9C3 /* Release */,
			);
			defaultConfigurationIsVisible = 0;
			defaultConfigurationName = Release;
		};
/* End XCConfigurationList section */
	};
	rootObject = 5ADDBD302B0FA23E00CFA9C3 /* Project object */;
}
