// !$*UTF8*$!
{
	archiveVersion = 1;
	classes = {
	};
	objectVersion = 56;
	objects = {

/* Begin PBXBuildFile section */
		0915402F2B5D17C000B144C1 /* MapViewModel.swift in Sources */ = {isa = PBXBuildFile; fileRef = 0915402E2B5D17C000B144C1 /* MapViewModel.swift */; };
		091540312B61892700B144C1 /* APIKeyStorage.swift in Sources */ = {isa = PBXBuildFile; fileRef = 091540302B61892700B144C1 /* APIKeyStorage.swift */; };
		091630E12B10FAF5007E193E /* Localized.swift in Sources */ = {isa = PBXBuildFile; fileRef = 091630E02B10FAF5007E193E /* Localized.swift */; };
		091630EA2B10FC2F007E193E /* Localizable.strings in Resources */ = {isa = PBXBuildFile; fileRef = 091630EC2B10FC2F007E193E /* Localizable.strings */; };
		092E66F62B1B166100FBB04E /* AuthTextField.swift in Sources */ = {isa = PBXBuildFile; fileRef = 092E66F52B1B166100FBB04E /* AuthTextField.swift */; };
		093D680B2B369D6E0044AAE7 /* MapCoordinator.swift in Sources */ = {isa = PBXBuildFile; fileRef = 093D680A2B369D6E0044AAE7 /* MapCoordinator.swift */; };
		093D680F2B369F270044AAE7 /* MapViewController.swift in Sources */ = {isa = PBXBuildFile; fileRef = 093D680C2B369F270044AAE7 /* MapViewController.swift */; };
		093D68102B369F270044AAE7 /* MapView.swift in Sources */ = {isa = PBXBuildFile; fileRef = 093D680D2B369F270044AAE7 /* MapView.swift */; };
		093D68112B369F270044AAE7 /* LocationService.swift in Sources */ = {isa = PBXBuildFile; fileRef = 093D680E2B369F270044AAE7 /* LocationService.swift */; };
		094977842B2C79700089DB13 /* MainScreenMenu.swift in Sources */ = {isa = PBXBuildFile; fileRef = 0949777F2B2C79700089DB13 /* MainScreenMenu.swift */; };
		094977852B2C79700089DB13 /* MainScreenCollectionViewCell.swift in Sources */ = {isa = PBXBuildFile; fileRef = 094977802B2C79700089DB13 /* MainScreenCollectionViewCell.swift */; };
		094977862B2C79700089DB13 /* MainScreenViewController.swift in Sources */ = {isa = PBXBuildFile; fileRef = 094977812B2C79700089DB13 /* MainScreenViewController.swift */; };
		094977872B2C79700089DB13 /* MainScreenViewModel.swift in Sources */ = {isa = PBXBuildFile; fileRef = 094977822B2C79700089DB13 /* MainScreenViewModel.swift */; };
		094977882B2C79700089DB13 /* MainScreenView.swift in Sources */ = {isa = PBXBuildFile; fileRef = 094977832B2C79700089DB13 /* MainScreenView.swift */; };
		0949778E2B2C79920089DB13 /* AuthorizationViewController.swift in Sources */ = {isa = PBXBuildFile; fileRef = 0949778A2B2C79910089DB13 /* AuthorizationViewController.swift */; };
		0949778F2B2C79920089DB13 /* User.swift in Sources */ = {isa = PBXBuildFile; fileRef = 0949778B2B2C79910089DB13 /* User.swift */; };
		094977902B2C79920089DB13 /* AuthorizationView.swift in Sources */ = {isa = PBXBuildFile; fileRef = 0949778C2B2C79910089DB13 /* AuthorizationView.swift */; };
		094977912B2C79920089DB13 /* AuthorizationViewModel.swift in Sources */ = {isa = PBXBuildFile; fileRef = 0949778D2B2C79910089DB13 /* AuthorizationViewModel.swift */; };
		094977972B2C799B0089DB13 /* Slide.swift in Sources */ = {isa = PBXBuildFile; fileRef = 094977932B2C799B0089DB13 /* Slide.swift */; };
		094977982B2C799B0089DB13 /* OnboardingViewController.swift in Sources */ = {isa = PBXBuildFile; fileRef = 094977942B2C799B0089DB13 /* OnboardingViewController.swift */; };
		094977992B2C799B0089DB13 /* OnboardingSlide.swift in Sources */ = {isa = PBXBuildFile; fileRef = 094977952B2C799B0089DB13 /* OnboardingSlide.swift */; };
		0949779A2B2C799B0089DB13 /* OnboardingViewModel.swift in Sources */ = {isa = PBXBuildFile; fileRef = 094977962B2C799B0089DB13 /* OnboardingViewModel.swift */; };
		095BE7D32B1E02CD00C6220E /* AuthorizationService.swift in Sources */ = {isa = PBXBuildFile; fileRef = 095BE7D22B1E02CD00C6220E /* AuthorizationService.swift */; };
		095BE7D52B1E058000C6220E /* Alert.swift in Sources */ = {isa = PBXBuildFile; fileRef = 095BE7D42B1E058000C6220E /* Alert.swift */; };
		095BE7E42B1F01C900C6220E /* RoundedBottomView.swift in Sources */ = {isa = PBXBuildFile; fileRef = 095BE7E32B1F01C900C6220E /* RoundedBottomView.swift */; };
		095BE7E82B1F07C200C6220E /* Reusable.swift in Sources */ = {isa = PBXBuildFile; fileRef = 095BE7E72B1F07C200C6220E /* Reusable.swift */; };
		095BE7EB2B203DCF00C6220E /* AuthorizationError.swift in Sources */ = {isa = PBXBuildFile; fileRef = 095BE7EA2B203DCF00C6220E /* AuthorizationError.swift */; };
		09638DA12B356FCF005DF42D /* UserModel.xcdatamodeld in Sources */ = {isa = PBXBuildFile; fileRef = 09638D9F2B356FCF005DF42D /* UserModel.xcdatamodeld */; };
		09638DA32B35705A005DF42D /* CoreDataService.swift in Sources */ = {isa = PBXBuildFile; fileRef = 09638DA22B35705A005DF42D /* CoreDataService.swift */; };
		09638DA52B3583C0005DF42D /* KeychainService.swift in Sources */ = {isa = PBXBuildFile; fileRef = 09638DA42B3583C0005DF42D /* KeychainService.swift */; };
		09638DA82B3584B7005DF42D /* KeychainAccess in Frameworks */ = {isa = PBXBuildFile; productRef = 09638DA72B3584B7005DF42D /* KeychainAccess */; };
		09638DAC2B35954F005DF42D /* TabBarCoordinator.swift in Sources */ = {isa = PBXBuildFile; fileRef = 09638DAB2B35954F005DF42D /* TabBarCoordinator.swift */; };
		0965DA5C2B0FB50400A457CE /* Assets.xcassets in Resources */ = {isa = PBXBuildFile; fileRef = 0965DA552B0FB50400A457CE /* Assets.xcassets */; };
		0965DA5F2B0FB5D400A457CE /* LaunchScreen.storyboard in Resources */ = {isa = PBXBuildFile; fileRef = 0965DA5E2B0FB5D400A457CE /* LaunchScreen.storyboard */; };
		097F58F02B62DD99003D6861 /* UIView ++.swift in Sources */ = {isa = PBXBuildFile; fileRef = 097F58EF2B62DD99003D6861 /* UIView ++.swift */; };
		097F58F22B62E9B0003D6861 /* TabBarController ++.swift in Sources */ = {isa = PBXBuildFile; fileRef = 097F58F12B62E9B0003D6861 /* TabBarController ++.swift */; };
		09DC064D2B2C8AFB00D71BEB /* OnboardingCoordinator.swift in Sources */ = {isa = PBXBuildFile; fileRef = 09DC06482B2C8AFB00D71BEB /* OnboardingCoordinator.swift */; };
		09DC064E2B2C8AFB00D71BEB /* AppCoordinator.swift in Sources */ = {isa = PBXBuildFile; fileRef = 09DC06492B2C8AFB00D71BEB /* AppCoordinator.swift */; };
		09DC064F2B2C8AFB00D71BEB /* ProtocolCoordinator.swift in Sources */ = {isa = PBXBuildFile; fileRef = 09DC064A2B2C8AFB00D71BEB /* ProtocolCoordinator.swift */; };
		09DC06502B2C8AFB00D71BEB /* MainScreenCoordinator.swift in Sources */ = {isa = PBXBuildFile; fileRef = 09DC064B2B2C8AFB00D71BEB /* MainScreenCoordinator.swift */; };
		09DC06512B2C8AFB00D71BEB /* AuthorizationCoordinator.swift in Sources */ = {isa = PBXBuildFile; fileRef = 09DC064C2B2C8AFB00D71BEB /* AuthorizationCoordinator.swift */; };
		09EBCDAF2B6F4A830093EFAF /* ProfileScreenViewModelProtocol.swift in Sources */ = {isa = PBXBuildFile; fileRef = 09EBCDA72B6F4A830093EFAF /* ProfileScreenViewModelProtocol.swift */; };
		09EBCDB02B6F4A830093EFAF /* ProfileViewController.swift in Sources */ = {isa = PBXBuildFile; fileRef = 09EBCDA82B6F4A830093EFAF /* ProfileViewController.swift */; };
		09EBCDB12B6F4A830093EFAF /* ProfileViewModel.swift in Sources */ = {isa = PBXBuildFile; fileRef = 09EBCDA92B6F4A830093EFAF /* ProfileViewModel.swift */; };
		09EBCDB22B6F4A830093EFAF /* ProfileHeaderView.swift in Sources */ = {isa = PBXBuildFile; fileRef = 09EBCDAB2B6F4A830093EFAF /* ProfileHeaderView.swift */; };
		09EBCDB32B6F4A830093EFAF /* ProfileCollectionViewWithBanner.swift in Sources */ = {isa = PBXBuildFile; fileRef = 09EBCDAC2B6F4A830093EFAF /* ProfileCollectionViewWithBanner.swift */; };
		09EBCDB42B6F4A830093EFAF /* ProfileCollectionViewCell.swift in Sources */ = {isa = PBXBuildFile; fileRef = 09EBCDAD2B6F4A830093EFAF /* ProfileCollectionViewCell.swift */; };
		09EBCDB52B6F4A830093EFAF /* ProfileModel.swift in Sources */ = {isa = PBXBuildFile; fileRef = 09EBCDAE2B6F4A830093EFAF /* ProfileModel.swift */; };
		09EBCDB72B6F4B3C0093EFAF /* ProfileCoordinator.swift in Sources */ = {isa = PBXBuildFile; fileRef = 09EBCDB62B6F4B3C0093EFAF /* ProfileCoordinator.swift */; };
		09EBCDBA2B6F4B8F0093EFAF /* LayoutConstans.swift in Sources */ = {isa = PBXBuildFile; fileRef = 09EBCDB82B6F4B8F0093EFAF /* LayoutConstans.swift */; };
		09EBCDBB2B6F4B8F0093EFAF /* Array.swift in Sources */ = {isa = PBXBuildFile; fileRef = 09EBCDB92B6F4B8F0093EFAF /* Array.swift */; };
		0CB5BAC79F576D0E0387A64F /* Pods_mams_paps.framework in Frameworks */ = {isa = PBXBuildFile; fileRef = 38FBB3B9131C3AEAB6A31DD7 /* Pods_mams_paps.framework */; };
		5ADDBD3C2B0FA24000CFA9C3 /* AppDelegate.swift in Sources */ = {isa = PBXBuildFile; fileRef = 5ADDBD3B2B0FA24000CFA9C3 /* AppDelegate.swift */; };
		5ADDBD3E2B0FA24000CFA9C3 /* SceneDelegate.swift in Sources */ = {isa = PBXBuildFile; fileRef = 5ADDBD3D2B0FA24000CFA9C3 /* SceneDelegate.swift */; };
/* End PBXBuildFile section */

/* Begin PBXFileReference section */
		0915402E2B5D17C000B144C1 /* MapViewModel.swift */ = {isa = PBXFileReference; lastKnownFileType = sourcecode.swift; path = MapViewModel.swift; sourceTree = "<group>"; };
		091540302B61892700B144C1 /* APIKeyStorage.swift */ = {isa = PBXFileReference; lastKnownFileType = sourcecode.swift; path = APIKeyStorage.swift; sourceTree = "<group>"; };
		091630E02B10FAF5007E193E /* Localized.swift */ = {isa = PBXFileReference; lastKnownFileType = sourcecode.swift; path = Localized.swift; sourceTree = "<group>"; };
		091630EB2B10FC2F007E193E /* en */ = {isa = PBXFileReference; lastKnownFileType = text.plist.strings; name = en; path = en.lproj/Localizable.strings; sourceTree = "<group>"; };
		092E66F52B1B166100FBB04E /* AuthTextField.swift */ = {isa = PBXFileReference; lastKnownFileType = sourcecode.swift; path = AuthTextField.swift; sourceTree = "<group>"; };
		093D680A2B369D6E0044AAE7 /* MapCoordinator.swift */ = {isa = PBXFileReference; lastKnownFileType = sourcecode.swift; path = MapCoordinator.swift; sourceTree = "<group>"; };
		093D680C2B369F270044AAE7 /* MapViewController.swift */ = {isa = PBXFileReference; fileEncoding = 4; lastKnownFileType = sourcecode.swift; path = MapViewController.swift; sourceTree = "<group>"; };
		093D680D2B369F270044AAE7 /* MapView.swift */ = {isa = PBXFileReference; fileEncoding = 4; lastKnownFileType = sourcecode.swift; path = MapView.swift; sourceTree = "<group>"; };
		093D680E2B369F270044AAE7 /* LocationService.swift */ = {isa = PBXFileReference; fileEncoding = 4; lastKnownFileType = sourcecode.swift; path = LocationService.swift; sourceTree = "<group>"; };
		0949777F2B2C79700089DB13 /* MainScreenMenu.swift */ = {isa = PBXFileReference; fileEncoding = 4; lastKnownFileType = sourcecode.swift; path = MainScreenMenu.swift; sourceTree = "<group>"; };
		094977802B2C79700089DB13 /* MainScreenCollectionViewCell.swift */ = {isa = PBXFileReference; fileEncoding = 4; lastKnownFileType = sourcecode.swift; path = MainScreenCollectionViewCell.swift; sourceTree = "<group>"; };
		094977812B2C79700089DB13 /* MainScreenViewController.swift */ = {isa = PBXFileReference; fileEncoding = 4; lastKnownFileType = sourcecode.swift; path = MainScreenViewController.swift; sourceTree = "<group>"; };
		094977822B2C79700089DB13 /* MainScreenViewModel.swift */ = {isa = PBXFileReference; fileEncoding = 4; lastKnownFileType = sourcecode.swift; path = MainScreenViewModel.swift; sourceTree = "<group>"; };
		094977832B2C79700089DB13 /* MainScreenView.swift */ = {isa = PBXFileReference; fileEncoding = 4; lastKnownFileType = sourcecode.swift; path = MainScreenView.swift; sourceTree = "<group>"; };
		0949778A2B2C79910089DB13 /* AuthorizationViewController.swift */ = {isa = PBXFileReference; fileEncoding = 4; lastKnownFileType = sourcecode.swift; path = AuthorizationViewController.swift; sourceTree = "<group>"; };
		0949778B2B2C79910089DB13 /* User.swift */ = {isa = PBXFileReference; fileEncoding = 4; lastKnownFileType = sourcecode.swift; path = User.swift; sourceTree = "<group>"; };
		0949778C2B2C79910089DB13 /* AuthorizationView.swift */ = {isa = PBXFileReference; fileEncoding = 4; lastKnownFileType = sourcecode.swift; path = AuthorizationView.swift; sourceTree = "<group>"; };
		0949778D2B2C79910089DB13 /* AuthorizationViewModel.swift */ = {isa = PBXFileReference; fileEncoding = 4; lastKnownFileType = sourcecode.swift; path = AuthorizationViewModel.swift; sourceTree = "<group>"; };
		094977932B2C799B0089DB13 /* Slide.swift */ = {isa = PBXFileReference; fileEncoding = 4; lastKnownFileType = sourcecode.swift; path = Slide.swift; sourceTree = "<group>"; };
		094977942B2C799B0089DB13 /* OnboardingViewController.swift */ = {isa = PBXFileReference; fileEncoding = 4; lastKnownFileType = sourcecode.swift; path = OnboardingViewController.swift; sourceTree = "<group>"; };
		094977952B2C799B0089DB13 /* OnboardingSlide.swift */ = {isa = PBXFileReference; fileEncoding = 4; lastKnownFileType = sourcecode.swift; path = OnboardingSlide.swift; sourceTree = "<group>"; };
		094977962B2C799B0089DB13 /* OnboardingViewModel.swift */ = {isa = PBXFileReference; fileEncoding = 4; lastKnownFileType = sourcecode.swift; path = OnboardingViewModel.swift; sourceTree = "<group>"; };
		095BE7D22B1E02CD00C6220E /* AuthorizationService.swift */ = {isa = PBXFileReference; lastKnownFileType = sourcecode.swift; path = AuthorizationService.swift; sourceTree = "<group>"; };
		095BE7D42B1E058000C6220E /* Alert.swift */ = {isa = PBXFileReference; lastKnownFileType = sourcecode.swift; path = Alert.swift; sourceTree = "<group>"; };
		095BE7E32B1F01C900C6220E /* RoundedBottomView.swift */ = {isa = PBXFileReference; fileEncoding = 4; lastKnownFileType = sourcecode.swift; path = RoundedBottomView.swift; sourceTree = "<group>"; };
		095BE7E72B1F07C200C6220E /* Reusable.swift */ = {isa = PBXFileReference; fileEncoding = 4; lastKnownFileType = sourcecode.swift; path = Reusable.swift; sourceTree = "<group>"; };
		095BE7EA2B203DCF00C6220E /* AuthorizationError.swift */ = {isa = PBXFileReference; lastKnownFileType = sourcecode.swift; path = AuthorizationError.swift; sourceTree = "<group>"; };
		09638DA02B356FCF005DF42D /* UserModel.xcdatamodel */ = {isa = PBXFileReference; lastKnownFileType = wrapper.xcdatamodel; path = UserModel.xcdatamodel; sourceTree = "<group>"; };
		09638DA22B35705A005DF42D /* CoreDataService.swift */ = {isa = PBXFileReference; lastKnownFileType = sourcecode.swift; path = CoreDataService.swift; sourceTree = "<group>"; };
		09638DA42B3583C0005DF42D /* KeychainService.swift */ = {isa = PBXFileReference; lastKnownFileType = sourcecode.swift; path = KeychainService.swift; sourceTree = "<group>"; };
		09638DAB2B35954F005DF42D /* TabBarCoordinator.swift */ = {isa = PBXFileReference; lastKnownFileType = sourcecode.swift; path = TabBarCoordinator.swift; sourceTree = "<group>"; };
		0965DA552B0FB50400A457CE /* Assets.xcassets */ = {isa = PBXFileReference; lastKnownFileType = folder.assetcatalog; path = Assets.xcassets; sourceTree = "<group>"; };
		0965DA5E2B0FB5D400A457CE /* LaunchScreen.storyboard */ = {isa = PBXFileReference; lastKnownFileType = file.storyboard; path = LaunchScreen.storyboard; sourceTree = "<group>"; };
		097F58EF2B62DD99003D6861 /* UIView ++.swift */ = {isa = PBXFileReference; lastKnownFileType = sourcecode.swift; path = "UIView ++.swift"; sourceTree = "<group>"; };
		097F58F12B62E9B0003D6861 /* TabBarController ++.swift */ = {isa = PBXFileReference; lastKnownFileType = sourcecode.swift; path = "TabBarController ++.swift"; sourceTree = "<group>"; };
		09DC06482B2C8AFB00D71BEB /* OnboardingCoordinator.swift */ = {isa = PBXFileReference; fileEncoding = 4; lastKnownFileType = sourcecode.swift; path = OnboardingCoordinator.swift; sourceTree = "<group>"; };
		09DC06492B2C8AFB00D71BEB /* AppCoordinator.swift */ = {isa = PBXFileReference; fileEncoding = 4; lastKnownFileType = sourcecode.swift; path = AppCoordinator.swift; sourceTree = "<group>"; };
		09DC064A2B2C8AFB00D71BEB /* ProtocolCoordinator.swift */ = {isa = PBXFileReference; fileEncoding = 4; lastKnownFileType = sourcecode.swift; path = ProtocolCoordinator.swift; sourceTree = "<group>"; };
		09DC064B2B2C8AFB00D71BEB /* MainScreenCoordinator.swift */ = {isa = PBXFileReference; fileEncoding = 4; lastKnownFileType = sourcecode.swift; path = MainScreenCoordinator.swift; sourceTree = "<group>"; };
		09DC064C2B2C8AFB00D71BEB /* AuthorizationCoordinator.swift */ = {isa = PBXFileReference; fileEncoding = 4; lastKnownFileType = sourcecode.swift; path = AuthorizationCoordinator.swift; sourceTree = "<group>"; };
		09EBCDA72B6F4A830093EFAF /* ProfileScreenViewModelProtocol.swift */ = {isa = PBXFileReference; fileEncoding = 4; lastKnownFileType = sourcecode.swift; path = ProfileScreenViewModelProtocol.swift; sourceTree = "<group>"; };
		09EBCDA82B6F4A830093EFAF /* ProfileViewController.swift */ = {isa = PBXFileReference; fileEncoding = 4; lastKnownFileType = sourcecode.swift; path = ProfileViewController.swift; sourceTree = "<group>"; };
		09EBCDA92B6F4A830093EFAF /* ProfileViewModel.swift */ = {isa = PBXFileReference; fileEncoding = 4; lastKnownFileType = sourcecode.swift; path = ProfileViewModel.swift; sourceTree = "<group>"; };
		09EBCDAB2B6F4A830093EFAF /* ProfileHeaderView.swift */ = {isa = PBXFileReference; fileEncoding = 4; lastKnownFileType = sourcecode.swift; path = ProfileHeaderView.swift; sourceTree = "<group>"; };
		09EBCDAC2B6F4A830093EFAF /* ProfileCollectionViewWithBanner.swift */ = {isa = PBXFileReference; fileEncoding = 4; lastKnownFileType = sourcecode.swift; path = ProfileCollectionViewWithBanner.swift; sourceTree = "<group>"; };
		09EBCDAD2B6F4A830093EFAF /* ProfileCollectionViewCell.swift */ = {isa = PBXFileReference; fileEncoding = 4; lastKnownFileType = sourcecode.swift; path = ProfileCollectionViewCell.swift; sourceTree = "<group>"; };
		09EBCDAE2B6F4A830093EFAF /* ProfileModel.swift */ = {isa = PBXFileReference; fileEncoding = 4; lastKnownFileType = sourcecode.swift; path = ProfileModel.swift; sourceTree = "<group>"; };
		09EBCDB62B6F4B3C0093EFAF /* ProfileCoordinator.swift */ = {isa = PBXFileReference; fileEncoding = 4; lastKnownFileType = sourcecode.swift; path = ProfileCoordinator.swift; sourceTree = "<group>"; };
		09EBCDB82B6F4B8F0093EFAF /* LayoutConstans.swift */ = {isa = PBXFileReference; fileEncoding = 4; lastKnownFileType = sourcecode.swift; path = LayoutConstans.swift; sourceTree = "<group>"; };
		09EBCDB92B6F4B8F0093EFAF /* Array.swift */ = {isa = PBXFileReference; fileEncoding = 4; lastKnownFileType = sourcecode.swift; path = Array.swift; sourceTree = "<group>"; };
		38FBB3B9131C3AEAB6A31DD7 /* Pods_mams_paps.framework */ = {isa = PBXFileReference; explicitFileType = wrapper.framework; includeInIndex = 0; path = Pods_mams_paps.framework; sourceTree = BUILT_PRODUCTS_DIR; };
		5AA93B9F2B14DE8100E2908A /* ru */ = {isa = PBXFileReference; lastKnownFileType = text.plist.strings; name = ru; path = ru.lproj/Localizable.strings; sourceTree = "<group>"; };
		5ADDBD382B0FA23F00CFA9C3 /* mams.paps.app */ = {isa = PBXFileReference; explicitFileType = wrapper.application; includeInIndex = 0; path = mams.paps.app; sourceTree = BUILT_PRODUCTS_DIR; };
		5ADDBD3B2B0FA24000CFA9C3 /* AppDelegate.swift */ = {isa = PBXFileReference; lastKnownFileType = sourcecode.swift; path = AppDelegate.swift; sourceTree = "<group>"; };
		5ADDBD3D2B0FA24000CFA9C3 /* SceneDelegate.swift */ = {isa = PBXFileReference; lastKnownFileType = sourcecode.swift; path = SceneDelegate.swift; sourceTree = "<group>"; };
		5ADDBD492B0FA24100CFA9C3 /* Info.plist */ = {isa = PBXFileReference; lastKnownFileType = text.plist.xml; path = Info.plist; sourceTree = "<group>"; };
		6D5DBF145ECA2A819F25A4F7 /* Pods-mams.paps.debug.xcconfig */ = {isa = PBXFileReference; includeInIndex = 1; lastKnownFileType = text.xcconfig; name = "Pods-mams.paps.debug.xcconfig"; path = "Target Support Files/Pods-mams.paps/Pods-mams.paps.debug.xcconfig"; sourceTree = "<group>"; };
		FB1647DA1C743054DEC78F29 /* Pods-mams.paps.release.xcconfig */ = {isa = PBXFileReference; includeInIndex = 1; lastKnownFileType = text.xcconfig; name = "Pods-mams.paps.release.xcconfig"; path = "Target Support Files/Pods-mams.paps/Pods-mams.paps.release.xcconfig"; sourceTree = "<group>"; };
/* End PBXFileReference section */

/* Begin PBXFrameworksBuildPhase section */
		5ADDBD352B0FA23F00CFA9C3 /* Frameworks */ = {
			isa = PBXFrameworksBuildPhase;
			buildActionMask = 2147483647;
			files = (
				09638DA82B3584B7005DF42D /* KeychainAccess in Frameworks */,
				0CB5BAC79F576D0E0387A64F /* Pods_mams_paps.framework in Frameworks */,
			);
			runOnlyForDeploymentPostprocessing = 0;
		};
/* End PBXFrameworksBuildPhase section */

/* Begin PBXGroup section */
		091630DF2B10FAD8007E193E /* Common */ = {
			isa = PBXGroup;
			children = (
				091540302B61892700B144C1 /* APIKeyStorage.swift */,
				095BE7D42B1E058000C6220E /* Alert.swift */,
				09EBCDB92B6F4B8F0093EFAF /* Array.swift */,
				092E66F52B1B166100FBB04E /* AuthTextField.swift */,
				09EBCDB82B6F4B8F0093EFAF /* LayoutConstans.swift */,
				091630E02B10FAF5007E193E /* Localized.swift */,
				095BE7E72B1F07C200C6220E /* Reusable.swift */,
				095BE7E32B1F01C900C6220E /* RoundedBottomView.swift */,
				097F58F12B62E9B0003D6861 /* TabBarController ++.swift */,
				097F58EF2B62DD99003D6861 /* UIView ++.swift */,
			);
			path = Common;
			sourceTree = "<group>";
		};
		093D68092B369ACD0044AAE7 /* MapScreen */ = {
			isa = PBXGroup;
			children = (
				093D680C2B369F270044AAE7 /* MapViewController.swift */,
				093D680D2B369F270044AAE7 /* MapView.swift */,
				0915402E2B5D17C000B144C1 /* MapViewModel.swift */,
			);
			path = MapScreen;
			sourceTree = "<group>";
		};
		0949777E2B2C79700089DB13 /* MainScreen */ = {
			isa = PBXGroup;
			children = (
				094977812B2C79700089DB13 /* MainScreenViewController.swift */,
				094977832B2C79700089DB13 /* MainScreenView.swift */,
				094977822B2C79700089DB13 /* MainScreenViewModel.swift */,
				094977802B2C79700089DB13 /* MainScreenCollectionViewCell.swift */,
				0949777F2B2C79700089DB13 /* MainScreenMenu.swift */,
			);
			path = MainScreen;
			sourceTree = "<group>";
		};
		094977892B2C79910089DB13 /* AuthorizationScreen */ = {
			isa = PBXGroup;
			children = (
				0949778A2B2C79910089DB13 /* AuthorizationViewController.swift */,
				0949778C2B2C79910089DB13 /* AuthorizationView.swift */,
				0949778D2B2C79910089DB13 /* AuthorizationViewModel.swift */,
				0949778B2B2C79910089DB13 /* User.swift */,
			);
			path = AuthorizationScreen;
			sourceTree = "<group>";
		};
		094977922B2C799B0089DB13 /* Onboarding */ = {
			isa = PBXGroup;
			children = (
				094977942B2C799B0089DB13 /* OnboardingViewController.swift */,
				094977962B2C799B0089DB13 /* OnboardingViewModel.swift */,
				094977952B2C799B0089DB13 /* OnboardingSlide.swift */,
				094977932B2C799B0089DB13 /* Slide.swift */,
			);
			path = Onboarding;
			sourceTree = "<group>";
		};
		095BE7E92B20322300C6220E /* Services */ = {
			isa = PBXGroup;
			children = (
				095BE7D22B1E02CD00C6220E /* AuthorizationService.swift */,
				095BE7EA2B203DCF00C6220E /* AuthorizationError.swift */,
				09638DA22B35705A005DF42D /* CoreDataService.swift */,
				09638DA42B3583C0005DF42D /* KeychainService.swift */,
				093D680E2B369F270044AAE7 /* LocationService.swift */,
			);
			path = Services;
			sourceTree = "<group>";
		};
		09DC06472B2C8AFB00D71BEB /* Coordinators */ = {
			isa = PBXGroup;
			children = (
				09DC064A2B2C8AFB00D71BEB /* ProtocolCoordinator.swift */,
				09DC06492B2C8AFB00D71BEB /* AppCoordinator.swift */,
				09DC06482B2C8AFB00D71BEB /* OnboardingCoordinator.swift */,
				09DC064C2B2C8AFB00D71BEB /* AuthorizationCoordinator.swift */,
				09638DAB2B35954F005DF42D /* TabBarCoordinator.swift */,
				09DC064B2B2C8AFB00D71BEB /* MainScreenCoordinator.swift */,
				093D680A2B369D6E0044AAE7 /* MapCoordinator.swift */,
				09EBCDB62B6F4B3C0093EFAF /* ProfileCoordinator.swift */,
			);
			path = Coordinators;
			sourceTree = "<group>";
		};
		09EBCDA42B6F4A1A0093EFAF /* Screens */ = {
			isa = PBXGroup;
			children = (
				094977922B2C799B0089DB13 /* Onboarding */,
				094977892B2C79910089DB13 /* AuthorizationScreen */,
				0949777E2B2C79700089DB13 /* MainScreen */,
				093D68092B369ACD0044AAE7 /* MapScreen */,
				09EBCDA52B6F4A830093EFAF /* ProfileScreen */,
			);
			path = Screens;
			sourceTree = "<group>";
		};
		09EBCDA52B6F4A830093EFAF /* ProfileScreen */ = {
			isa = PBXGroup;
			children = (
				09EBCDA62B6F4A830093EFAF /* ProfileView */,
				09EBCDAA2B6F4A830093EFAF /* ProfileModel */,
			);
			path = ProfileScreen;
			sourceTree = "<group>";
		};
		09EBCDA62B6F4A830093EFAF /* ProfileView */ = {
			isa = PBXGroup;
			children = (
				09EBCDA72B6F4A830093EFAF /* ProfileScreenViewModelProtocol.swift */,
				09EBCDA82B6F4A830093EFAF /* ProfileViewController.swift */,
				09EBCDA92B6F4A830093EFAF /* ProfileViewModel.swift */,
			);
			path = ProfileView;
			sourceTree = "<group>";
		};
		09EBCDAA2B6F4A830093EFAF /* ProfileModel */ = {
			isa = PBXGroup;
			children = (
				09EBCDAB2B6F4A830093EFAF /* ProfileHeaderView.swift */,
				09EBCDAC2B6F4A830093EFAF /* ProfileCollectionViewWithBanner.swift */,
				09EBCDAD2B6F4A830093EFAF /* ProfileCollectionViewCell.swift */,
				09EBCDAE2B6F4A830093EFAF /* ProfileModel.swift */,
			);
			path = ProfileModel;
			sourceTree = "<group>";
		};
		3A75278FF3BAD3E4C4757FDD /* Pods */ = {
			isa = PBXGroup;
			children = (
				6D5DBF145ECA2A819F25A4F7 /* Pods-mams.paps.debug.xcconfig */,
				FB1647DA1C743054DEC78F29 /* Pods-mams.paps.release.xcconfig */,
			);
			path = Pods;
			sourceTree = "<group>";
		};
		5ADDBD2F2B0FA23E00CFA9C3 = {
			isa = PBXGroup;
			children = (
				5ADDBD3A2B0FA23F00CFA9C3 /* mams.paps */,
				5ADDBD392B0FA23F00CFA9C3 /* Products */,
				3A75278FF3BAD3E4C4757FDD /* Pods */,
				9E730660B972E7574BFC95B9 /* Frameworks */,
			);
			sourceTree = "<group>";
		};
		5ADDBD392B0FA23F00CFA9C3 /* Products */ = {
			isa = PBXGroup;
			children = (
				5ADDBD382B0FA23F00CFA9C3 /* mams.paps.app */,
			);
			name = Products;
			sourceTree = "<group>";
		};
		5ADDBD3A2B0FA23F00CFA9C3 /* mams.paps */ = {
			isa = PBXGroup;
			children = (
				09EBCDA42B6F4A1A0093EFAF /* Screens */,
				095BE7E92B20322300C6220E /* Services */,
				5ADDBD4F2B0FA25400CFA9C3 /* App */,
				09DC06472B2C8AFB00D71BEB /* Coordinators */,
				0965DA552B0FB50400A457CE /* Assets.xcassets */,
				0965DA5E2B0FB5D400A457CE /* LaunchScreen.storyboard */,
				091630DF2B10FAD8007E193E /* Common */,
				5ADDBD492B0FA24100CFA9C3 /* Info.plist */,
				091630EC2B10FC2F007E193E /* Localizable.strings */,
				09638D9F2B356FCF005DF42D /* UserModel.xcdatamodeld */,
			);
			path = mams.paps;
			sourceTree = "<group>";
		};
		5ADDBD4F2B0FA25400CFA9C3 /* App */ = {
			isa = PBXGroup;
			children = (
				5ADDBD3B2B0FA24000CFA9C3 /* AppDelegate.swift */,
				5ADDBD3D2B0FA24000CFA9C3 /* SceneDelegate.swift */,
			);
			path = App;
			sourceTree = "<group>";
		};
		9E730660B972E7574BFC95B9 /* Frameworks */ = {
			isa = PBXGroup;
			children = (
				38FBB3B9131C3AEAB6A31DD7 /* Pods_mams_paps.framework */,
			);
			name = Frameworks;
			sourceTree = "<group>";
		};
/* End PBXGroup section */

/* Begin PBXNativeTarget section */
		5ADDBD372B0FA23F00CFA9C3 /* mams.paps */ = {
			isa = PBXNativeTarget;
			buildConfigurationList = 5ADDBD4C2B0FA24100CFA9C3 /* Build configuration list for PBXNativeTarget "mams.paps" */;
			buildPhases = (
				E4A27C130950B27486B98D0A /* [CP] Check Pods Manifest.lock */,
				5ADDBD342B0FA23F00CFA9C3 /* Sources */,
				5ADDBD352B0FA23F00CFA9C3 /* Frameworks */,
				5ADDBD362B0FA23F00CFA9C3 /* Resources */,
				D7F3F9EBF02E94D844563A38 /* [CP] Copy Pods Resources */,
			);
			buildRules = (
			);
			dependencies = (
			);
			name = mams.paps;
			packageProductDependencies = (
				09638DA72B3584B7005DF42D /* KeychainAccess */,
			);
			productName = mams.paps;
			productReference = 5ADDBD382B0FA23F00CFA9C3 /* mams.paps.app */;
			productType = "com.apple.product-type.application";
		};
/* End PBXNativeTarget section */

/* Begin PBXProject section */
		5ADDBD302B0FA23E00CFA9C3 /* Project object */ = {
			isa = PBXProject;
			attributes = {
				BuildIndependentTargetsInParallel = 1;
				LastSwiftUpdateCheck = 1500;
				LastUpgradeCheck = 1500;
				TargetAttributes = {
					5ADDBD372B0FA23F00CFA9C3 = {
						CreatedOnToolsVersion = 15.0;
					};
				};
			};
			buildConfigurationList = 5ADDBD332B0FA23E00CFA9C3 /* Build configuration list for PBXProject "mams.paps" */;
			compatibilityVersion = "Xcode 14.0";
			developmentRegion = ru;
			hasScannedForEncodings = 0;
			knownRegions = (
				en,
				Base,
				ru,
			);
			mainGroup = 5ADDBD2F2B0FA23E00CFA9C3;
			packageReferences = (
				09638DA62B3584B7005DF42D /* XCRemoteSwiftPackageReference "KeychainAccess" */,
			);
			productRefGroup = 5ADDBD392B0FA23F00CFA9C3 /* Products */;
			projectDirPath = "";
			projectRoot = "";
			targets = (
				5ADDBD372B0FA23F00CFA9C3 /* mams.paps */,
			);
		};
/* End PBXProject section */

/* Begin PBXResourcesBuildPhase section */
		5ADDBD362B0FA23F00CFA9C3 /* Resources */ = {
			isa = PBXResourcesBuildPhase;
			buildActionMask = 2147483647;
			files = (
				0965DA5F2B0FB5D400A457CE /* LaunchScreen.storyboard in Resources */,
				091630EA2B10FC2F007E193E /* Localizable.strings in Resources */,
				0965DA5C2B0FB50400A457CE /* Assets.xcassets in Resources */,
			);
			runOnlyForDeploymentPostprocessing = 0;
		};
/* End PBXResourcesBuildPhase section */

/* Begin PBXShellScriptBuildPhase section */
		D7F3F9EBF02E94D844563A38 /* [CP] Copy Pods Resources */ = {
			isa = PBXShellScriptBuildPhase;
			buildActionMask = 2147483647;
			files = (
			);
			inputFileListPaths = (
				"${PODS_ROOT}/Target Support Files/Pods-mams.paps/Pods-mams.paps-resources-${CONFIGURATION}-input-files.xcfilelist",
			);
			name = "[CP] Copy Pods Resources";
			outputFileListPaths = (
				"${PODS_ROOT}/Target Support Files/Pods-mams.paps/Pods-mams.paps-resources-${CONFIGURATION}-output-files.xcfilelist",
			);
			runOnlyForDeploymentPostprocessing = 0;
			shellPath = /bin/sh;
			shellScript = "\"${PODS_ROOT}/Target Support Files/Pods-mams.paps/Pods-mams.paps-resources.sh\"\n";
			showEnvVarsInLog = 0;
		};
		E4A27C130950B27486B98D0A /* [CP] Check Pods Manifest.lock */ = {
			isa = PBXShellScriptBuildPhase;
			buildActionMask = 2147483647;
			files = (
			);
			inputFileListPaths = (
			);
			inputPaths = (
				"${PODS_PODFILE_DIR_PATH}/Podfile.lock",
				"${PODS_ROOT}/Manifest.lock",
			);
			name = "[CP] Check Pods Manifest.lock";
			outputFileListPaths = (
			);
			outputPaths = (
				"$(DERIVED_FILE_DIR)/Pods-mams.paps-checkManifestLockResult.txt",
			);
			runOnlyForDeploymentPostprocessing = 0;
			shellPath = /bin/sh;
			shellScript = "diff \"${PODS_PODFILE_DIR_PATH}/Podfile.lock\" \"${PODS_ROOT}/Manifest.lock\" > /dev/null\nif [ $? != 0 ] ; then\n    # print error to STDERR\n    echo \"error: The sandbox is not in sync with the Podfile.lock. Run 'pod install' or update your CocoaPods installation.\" >&2\n    exit 1\nfi\n# This output is used by Xcode 'outputs' to avoid re-running this script phase.\necho \"SUCCESS\" > \"${SCRIPT_OUTPUT_FILE_0}\"\n";
			showEnvVarsInLog = 0;
		};
/* End PBXShellScriptBuildPhase section */

/* Begin PBXSourcesBuildPhase section */
		5ADDBD342B0FA23F00CFA9C3 /* Sources */ = {
			isa = PBXSourcesBuildPhase;
			buildActionMask = 2147483647;
			files = (
				091540312B61892700B144C1 /* APIKeyStorage.swift in Sources */,
				097F58F22B62E9B0003D6861 /* TabBarController ++.swift in Sources */,
				5ADDBD3C2B0FA24000CFA9C3 /* AppDelegate.swift in Sources */,
				095BE7D52B1E058000C6220E /* Alert.swift in Sources */,
				09638DAC2B35954F005DF42D /* TabBarCoordinator.swift in Sources */,
				095BE7E82B1F07C200C6220E /* Reusable.swift in Sources */,
				09EBCDB12B6F4A830093EFAF /* ProfileViewModel.swift in Sources */,
				094977872B2C79700089DB13 /* MainScreenViewModel.swift in Sources */,
				0949779A2B2C799B0089DB13 /* OnboardingViewModel.swift in Sources */,
				091630E12B10FAF5007E193E /* Localized.swift in Sources */,
				09EBCDB32B6F4A830093EFAF /* ProfileCollectionViewWithBanner.swift in Sources */,
				093D68102B369F270044AAE7 /* MapView.swift in Sources */,
				095BE7D32B1E02CD00C6220E /* AuthorizationService.swift in Sources */,
				09DC06512B2C8AFB00D71BEB /* AuthorizationCoordinator.swift in Sources */,
				094977912B2C79920089DB13 /* AuthorizationViewModel.swift in Sources */,
				094977992B2C799B0089DB13 /* OnboardingSlide.swift in Sources */,
				09EBCDAF2B6F4A830093EFAF /* ProfileScreenViewModelProtocol.swift in Sources */,
				095BE7E42B1F01C900C6220E /* RoundedBottomView.swift in Sources */,
				0949778E2B2C79920089DB13 /* AuthorizationViewController.swift in Sources */,
				09EBCDB52B6F4A830093EFAF /* ProfileModel.swift in Sources */,
				09EBCDB42B6F4A830093EFAF /* ProfileCollectionViewCell.swift in Sources */,
				09DC06502B2C8AFB00D71BEB /* MainScreenCoordinator.swift in Sources */,
				09DC064D2B2C8AFB00D71BEB /* OnboardingCoordinator.swift in Sources */,
				09638DA12B356FCF005DF42D /* UserModel.xcdatamodeld in Sources */,
				09DC064E2B2C8AFB00D71BEB /* AppCoordinator.swift in Sources */,
				094977902B2C79920089DB13 /* AuthorizationView.swift in Sources */,
				0915402F2B5D17C000B144C1 /* MapViewModel.swift in Sources */,
				09EBCDB72B6F4B3C0093EFAF /* ProfileCoordinator.swift in Sources */,
				094977982B2C799B0089DB13 /* OnboardingViewController.swift in Sources */,
				094977842B2C79700089DB13 /* MainScreenMenu.swift in Sources */,
				094977972B2C799B0089DB13 /* Slide.swift in Sources */,
				09638DA32B35705A005DF42D /* CoreDataService.swift in Sources */,
				094977862B2C79700089DB13 /* MainScreenViewController.swift in Sources */,
				093D680B2B369D6E0044AAE7 /* MapCoordinator.swift in Sources */,
				097F58F02B62DD99003D6861 /* UIView ++.swift in Sources */,
				09DC064F2B2C8AFB00D71BEB /* ProtocolCoordinator.swift in Sources */,
				09638DA52B3583C0005DF42D /* KeychainService.swift in Sources */,
				092E66F62B1B166100FBB04E /* AuthTextField.swift in Sources */,
				09EBCDBA2B6F4B8F0093EFAF /* LayoutConstans.swift in Sources */,
				094977882B2C79700089DB13 /* MainScreenView.swift in Sources */,
				094977852B2C79700089DB13 /* MainScreenCollectionViewCell.swift in Sources */,
				095BE7EB2B203DCF00C6220E /* AuthorizationError.swift in Sources */,
				09EBCDB02B6F4A830093EFAF /* ProfileViewController.swift in Sources */,
				5ADDBD3E2B0FA24000CFA9C3 /* SceneDelegate.swift in Sources */,
				09EBCDBB2B6F4B8F0093EFAF /* Array.swift in Sources */,
				0949778F2B2C79920089DB13 /* User.swift in Sources */,
				093D68112B369F270044AAE7 /* LocationService.swift in Sources */,
				093D680F2B369F270044AAE7 /* MapViewController.swift in Sources */,
				09EBCDB22B6F4A830093EFAF /* ProfileHeaderView.swift in Sources */,
			);
			runOnlyForDeploymentPostprocessing = 0;
		};
/* End PBXSourcesBuildPhase section */

/* Begin PBXVariantGroup section */
		091630EC2B10FC2F007E193E /* Localizable.strings */ = {
			isa = PBXVariantGroup;
			children = (
				091630EB2B10FC2F007E193E /* en */,
				5AA93B9F2B14DE8100E2908A /* ru */,
			);
			name = Localizable.strings;
			sourceTree = "<group>";
		};
/* End PBXVariantGroup section */

/* Begin XCBuildConfiguration section */
		5ADDBD4A2B0FA24100CFA9C3 /* Debug */ = {
			isa = XCBuildConfiguration;
			buildSettings = {
				ALWAYS_SEARCH_USER_PATHS = NO;
				ASSETCATALOG_COMPILER_GENERATE_SWIFT_ASSET_SYMBOL_EXTENSIONS = YES;
				CLANG_ANALYZER_LOCALIZABILITY_NONLOCALIZED = YES;
				CLANG_ANALYZER_NONNULL = YES;
				CLANG_ANALYZER_NUMBER_OBJECT_CONVERSION = YES_AGGRESSIVE;
				CLANG_CXX_LANGUAGE_STANDARD = "gnu++20";
				CLANG_ENABLE_MODULES = YES;
				CLANG_ENABLE_OBJC_ARC = YES;
				CLANG_ENABLE_OBJC_WEAK = YES;
				CLANG_WARN_BLOCK_CAPTURE_AUTORELEASING = YES;
				CLANG_WARN_BOOL_CONVERSION = YES;
				CLANG_WARN_COMMA = YES;
				CLANG_WARN_CONSTANT_CONVERSION = YES;
				CLANG_WARN_DEPRECATED_OBJC_IMPLEMENTATIONS = YES;
				CLANG_WARN_DIRECT_OBJC_ISA_USAGE = YES_ERROR;
				CLANG_WARN_DOCUMENTATION_COMMENTS = YES;
				CLANG_WARN_EMPTY_BODY = YES;
				CLANG_WARN_ENUM_CONVERSION = YES;
				CLANG_WARN_INFINITE_RECURSION = YES;
				CLANG_WARN_INT_CONVERSION = YES;
				CLANG_WARN_NON_LITERAL_NULL_CONVERSION = YES;
				CLANG_WARN_OBJC_IMPLICIT_RETAIN_SELF = YES;
				CLANG_WARN_OBJC_LITERAL_CONVERSION = YES;
				CLANG_WARN_OBJC_ROOT_CLASS = YES_ERROR;
				CLANG_WARN_QUOTED_INCLUDE_IN_FRAMEWORK_HEADER = YES;
				CLANG_WARN_RANGE_LOOP_ANALYSIS = YES;
				CLANG_WARN_STRICT_PROTOTYPES = YES;
				CLANG_WARN_SUSPICIOUS_MOVE = YES;
				CLANG_WARN_UNGUARDED_AVAILABILITY = YES_AGGRESSIVE;
				CLANG_WARN_UNREACHABLE_CODE = YES;
				CLANG_WARN__DUPLICATE_METHOD_MATCH = YES;
				COPY_PHASE_STRIP = NO;
				DEBUG_INFORMATION_FORMAT = dwarf;
				ENABLE_STRICT_OBJC_MSGSEND = YES;
				ENABLE_TESTABILITY = YES;
				ENABLE_USER_SCRIPT_SANDBOXING = NO;
				GCC_C_LANGUAGE_STANDARD = gnu17;
				GCC_DYNAMIC_NO_PIC = NO;
				GCC_NO_COMMON_BLOCKS = YES;
				GCC_OPTIMIZATION_LEVEL = 0;
				GCC_PREPROCESSOR_DEFINITIONS = (
					"DEBUG=1",
					"$(inherited)",
				);
				GCC_WARN_64_TO_32_BIT_CONVERSION = YES;
				GCC_WARN_ABOUT_RETURN_TYPE = YES_ERROR;
				GCC_WARN_UNDECLARED_SELECTOR = YES;
				GCC_WARN_UNINITIALIZED_AUTOS = YES_AGGRESSIVE;
				GCC_WARN_UNUSED_FUNCTION = YES;
				GCC_WARN_UNUSED_VARIABLE = YES;
				IPHONEOS_DEPLOYMENT_TARGET = 17.0;
				LOCALIZATION_PREFERS_STRING_CATALOGS = YES;
				MTL_ENABLE_DEBUG_INFO = INCLUDE_SOURCE;
				MTL_FAST_MATH = YES;
				ONLY_ACTIVE_ARCH = YES;
				SDKROOT = iphoneos;
				SWIFT_ACTIVE_COMPILATION_CONDITIONS = "DEBUG $(inherited)";
				SWIFT_OPTIMIZATION_LEVEL = "-Onone";
			};
			name = Debug;
		};
		5ADDBD4B2B0FA24100CFA9C3 /* Release */ = {
			isa = XCBuildConfiguration;
			buildSettings = {
				ALWAYS_SEARCH_USER_PATHS = NO;
				ASSETCATALOG_COMPILER_GENERATE_SWIFT_ASSET_SYMBOL_EXTENSIONS = YES;
				CLANG_ANALYZER_LOCALIZABILITY_NONLOCALIZED = YES;
				CLANG_ANALYZER_NONNULL = YES;
				CLANG_ANALYZER_NUMBER_OBJECT_CONVERSION = YES_AGGRESSIVE;
				CLANG_CXX_LANGUAGE_STANDARD = "gnu++20";
				CLANG_ENABLE_MODULES = YES;
				CLANG_ENABLE_OBJC_ARC = YES;
				CLANG_ENABLE_OBJC_WEAK = YES;
				CLANG_WARN_BLOCK_CAPTURE_AUTORELEASING = YES;
				CLANG_WARN_BOOL_CONVERSION = YES;
				CLANG_WARN_COMMA = YES;
				CLANG_WARN_CONSTANT_CONVERSION = YES;
				CLANG_WARN_DEPRECATED_OBJC_IMPLEMENTATIONS = YES;
				CLANG_WARN_DIRECT_OBJC_ISA_USAGE = YES_ERROR;
				CLANG_WARN_DOCUMENTATION_COMMENTS = YES;
				CLANG_WARN_EMPTY_BODY = YES;
				CLANG_WARN_ENUM_CONVERSION = YES;
				CLANG_WARN_INFINITE_RECURSION = YES;
				CLANG_WARN_INT_CONVERSION = YES;
				CLANG_WARN_NON_LITERAL_NULL_CONVERSION = YES;
				CLANG_WARN_OBJC_IMPLICIT_RETAIN_SELF = YES;
				CLANG_WARN_OBJC_LITERAL_CONVERSION = YES;
				CLANG_WARN_OBJC_ROOT_CLASS = YES_ERROR;
				CLANG_WARN_QUOTED_INCLUDE_IN_FRAMEWORK_HEADER = YES;
				CLANG_WARN_RANGE_LOOP_ANALYSIS = YES;
				CLANG_WARN_STRICT_PROTOTYPES = YES;
				CLANG_WARN_SUSPICIOUS_MOVE = YES;
				CLANG_WARN_UNGUARDED_AVAILABILITY = YES_AGGRESSIVE;
				CLANG_WARN_UNREACHABLE_CODE = YES;
				CLANG_WARN__DUPLICATE_METHOD_MATCH = YES;
				COPY_PHASE_STRIP = NO;
				DEBUG_INFORMATION_FORMAT = "dwarf-with-dsym";
				ENABLE_NS_ASSERTIONS = NO;
				ENABLE_STRICT_OBJC_MSGSEND = YES;
				ENABLE_USER_SCRIPT_SANDBOXING = NO;
				GCC_C_LANGUAGE_STANDARD = gnu17;
				GCC_NO_COMMON_BLOCKS = YES;
				GCC_WARN_64_TO_32_BIT_CONVERSION = YES;
				GCC_WARN_ABOUT_RETURN_TYPE = YES_ERROR;
				GCC_WARN_UNDECLARED_SELECTOR = YES;
				GCC_WARN_UNINITIALIZED_AUTOS = YES_AGGRESSIVE;
				GCC_WARN_UNUSED_FUNCTION = YES;
				GCC_WARN_UNUSED_VARIABLE = YES;
				IPHONEOS_DEPLOYMENT_TARGET = 17.0;
				LOCALIZATION_PREFERS_STRING_CATALOGS = YES;
				MTL_ENABLE_DEBUG_INFO = NO;
				MTL_FAST_MATH = YES;
				SDKROOT = iphoneos;
				SWIFT_COMPILATION_MODE = wholemodule;
				VALIDATE_PRODUCT = YES;
			};
			name = Release;
		};
		5ADDBD4D2B0FA24100CFA9C3 /* Debug */ = {
			isa = XCBuildConfiguration;
			baseConfigurationReference = 6D5DBF145ECA2A819F25A4F7 /* Pods-mams.paps.debug.xcconfig */;
			buildSettings = {
				ASSETCATALOG_COMPILER_APPICON_NAME = AppIcon;
				ASSETCATALOG_COMPILER_GLOBAL_ACCENT_COLOR_NAME = AccentColor;
				CODE_SIGN_STYLE = Automatic;
				CURRENT_PROJECT_VERSION = 1;
				DEVELOPMENT_TEAM = F72FD6J9GL;
				GENERATE_INFOPLIST_FILE = YES;
				INFOPLIST_FILE = mams.paps/Info.plist;
				INFOPLIST_KEY_NSLocationWhenInUseUsageDescription = "Please allow using location";
				INFOPLIST_KEY_UIApplicationSupportsIndirectInputEvents = YES;
				INFOPLIST_KEY_UILaunchStoryboardName = LaunchScreen;
				INFOPLIST_KEY_UISupportedInterfaceOrientations_iPad = "UIInterfaceOrientationPortrait UIInterfaceOrientationPortraitUpsideDown UIInterfaceOrientationLandscapeLeft UIInterfaceOrientationLandscapeRight";
				INFOPLIST_KEY_UISupportedInterfaceOrientations_iPhone = "UIInterfaceOrientationPortrait UIInterfaceOrientationLandscapeLeft UIInterfaceOrientationLandscapeRight";
				LD_RUNPATH_SEARCH_PATHS = (
					"$(inherited)",
					"@executable_path/Frameworks",
				);
				MARKETING_VERSION = 1.0;
				PRODUCT_BUNDLE_IDENTIFIER = "ruspersonal.mams-paps";
				PRODUCT_NAME = "$(TARGET_NAME)";
				SWIFT_EMIT_LOC_STRINGS = YES;
				SWIFT_VERSION = 5.0;
				TARGETED_DEVICE_FAMILY = "1,2";
			};
			name = Debug;
		};
		5ADDBD4E2B0FA24100CFA9C3 /* Release */ = {
			isa = XCBuildConfiguration;
			baseConfigurationReference = FB1647DA1C743054DEC78F29 /* Pods-mams.paps.release.xcconfig */;
			buildSettings = {
				ASSETCATALOG_COMPILER_APPICON_NAME = AppIcon;
				ASSETCATALOG_COMPILER_GLOBAL_ACCENT_COLOR_NAME = AccentColor;
				CODE_SIGN_STYLE = Automatic;
				CURRENT_PROJECT_VERSION = 1;
				DEVELOPMENT_TEAM = F72FD6J9GL;
				GENERATE_INFOPLIST_FILE = YES;
				INFOPLIST_FILE = mams.paps/Info.plist;
				INFOPLIST_KEY_NSLocationWhenInUseUsageDescription = "Please allow using location";
				INFOPLIST_KEY_UIApplicationSupportsIndirectInputEvents = YES;
				INFOPLIST_KEY_UILaunchStoryboardName = LaunchScreen;
				INFOPLIST_KEY_UISupportedInterfaceOrientations_iPad = "UIInterfaceOrientationPortrait UIInterfaceOrientationPortraitUpsideDown UIInterfaceOrientationLandscapeLeft UIInterfaceOrientationLandscapeRight";
				INFOPLIST_KEY_UISupportedInterfaceOrientations_iPhone = "UIInterfaceOrientationPortrait UIInterfaceOrientationLandscapeLeft UIInterfaceOrientationLandscapeRight";
				LD_RUNPATH_SEARCH_PATHS = (
					"$(inherited)",
					"@executable_path/Frameworks",
				);
				MARKETING_VERSION = 1.0;
				PRODUCT_BUNDLE_IDENTIFIER = "ruspersonal.mams-paps";
				PRODUCT_NAME = "$(TARGET_NAME)";
				SWIFT_EMIT_LOC_STRINGS = YES;
				SWIFT_VERSION = 5.0;
				TARGETED_DEVICE_FAMILY = "1,2";
			};
			name = Release;
		};
/* End XCBuildConfiguration section */

/* Begin XCConfigurationList section */
		5ADDBD332B0FA23E00CFA9C3 /* Build configuration list for PBXProject "mams.paps" */ = {
			isa = XCConfigurationList;
			buildConfigurations = (
				5ADDBD4A2B0FA24100CFA9C3 /* Debug */,
				5ADDBD4B2B0FA24100CFA9C3 /* Release */,
			);
			defaultConfigurationIsVisible = 0;
			defaultConfigurationName = Release;
		};
		5ADDBD4C2B0FA24100CFA9C3 /* Build configuration list for PBXNativeTarget "mams.paps" */ = {
			isa = XCConfigurationList;
			buildConfigurations = (
				5ADDBD4D2B0FA24100CFA9C3 /* Debug */,
				5ADDBD4E2B0FA24100CFA9C3 /* Release */,
			);
			defaultConfigurationIsVisible = 0;
			defaultConfigurationName = Release;
		};
/* End XCConfigurationList section */

/* Begin XCRemoteSwiftPackageReference section */
		09638DA62B3584B7005DF42D /* XCRemoteSwiftPackageReference "KeychainAccess" */ = {
			isa = XCRemoteSwiftPackageReference;
			repositoryURL = "https://github.com/kishikawakatsumi/KeychainAccess";
			requirement = {
				branch = master;
				kind = branch;
			};
		};
/* End XCRemoteSwiftPackageReference section */

/* Begin XCSwiftPackageProductDependency section */
		09638DA72B3584B7005DF42D /* KeychainAccess */ = {
			isa = XCSwiftPackageProductDependency;
			package = 09638DA62B3584B7005DF42D /* XCRemoteSwiftPackageReference "KeychainAccess" */;
			productName = KeychainAccess;
		};
/* End XCSwiftPackageProductDependency section */

/* Begin XCVersionGroup section */
		09638D9F2B356FCF005DF42D /* UserModel.xcdatamodeld */ = {
			isa = XCVersionGroup;
			children = (
				09638DA02B356FCF005DF42D /* UserModel.xcdatamodel */,
			);
			currentVersion = 09638DA02B356FCF005DF42D /* UserModel.xcdatamodel */;
			path = UserModel.xcdatamodeld;
			sourceTree = "<group>";
			versionGroupType = wrapper.xcdatamodel;
		};
/* End XCVersionGroup section */
	};
	rootObject = 5ADDBD302B0FA23E00CFA9C3 /* Project object */;
}
